
Microsoft Visual Studio Solution File, Format Version 12.00
# Visual Studio 15
VisualStudioVersion = 15.0.28307.136
MinimumVisualStudioVersion = 10.0.40219.1
Project("{FAE04EC0-301F-11D3-BF4B-00C04F79EFBC}") = "DateTimePickerSample.Android", "DateTimePickerSample\DateTimePickerSample.Android\DateTimePickerSample.Android.csproj", "{49C3D52E-8F71-48D9-8963-A28ABB0DCF74}"
EndProject
Project("{FAE04EC0-301F-11D3-BF4B-00C04F79EFBC}") = "DateTimePickerSample.iOS", "DateTimePickerSample\DateTimePickerSample.iOS\DateTimePickerSample.iOS.csproj", "{E4C3C631-657D-4276-875A-3742691731FD}"
EndProject
Project("{FAE04EC0-301F-11D3-BF4B-00C04F79EFBC}") = "DateTimePickerSample.UWP", "DateTimePickerSample\DateTimePickerSample.UWP\DateTimePickerSample.UWP.csproj", "{A8BD67FF-812C-4D4F-9BCC-72E50DF4784E}"
EndProject
Project("{FAE04EC0-301F-11D3-BF4B-00C04F79EFBC}") = "DateTimePickerSample", "DateTimePickerSample\DateTimePickerSample\DateTimePickerSample.csproj", "{846C85FE-BFA7-4B28-89EB-48B0D79DE7B3}"
EndProject
Global
	GlobalSection(SolutionConfigurationPlatforms) = preSolution
		Ad-Hoc|Any CPU = Ad-Hoc|Any CPU
		Ad-Hoc|ARM = Ad-Hoc|ARM
		Ad-Hoc|iPhone = Ad-Hoc|iPhone
		Ad-Hoc|iPhoneSimulator = Ad-Hoc|iPhoneSimulator
		Ad-Hoc|x64 = Ad-Hoc|x64
		Ad-Hoc|x86 = Ad-Hoc|x86
		AppStore|Any CPU = AppStore|Any CPU
		AppStore|ARM = AppStore|ARM
		AppStore|iPhone = AppStore|iPhone
		AppStore|iPhoneSimulator = AppStore|iPhoneSimulator
		AppStore|x64 = AppStore|x64
		AppStore|x86 = AppStore|x86
		Debug|Any CPU = Debug|Any CPU
		Debug|ARM = Debug|ARM
		Debug|iPhone = Debug|iPhone
		Debug|iPhoneSimulator = Debug|iPhoneSimulator
		Debug|x64 = Debug|x64
		Debug|x86 = Debug|x86
		Release|Any CPU = Release|Any CPU
		Release|ARM = Release|ARM
		Release|iPhone = Release|iPhone
		Release|iPhoneSimulator = Release|iPhoneSimulator
		Release|x64 = Release|x64
		Release|x86 = Release|x86
	EndGlobalSection
	GlobalSection(ProjectConfigurationPlatforms) = postSolution
		{49C3D52E-8F71-48D9-8963-A28ABB0DCF74}.Ad-Hoc|Any CPU.ActiveCfg = Release|Any CPU
		{49C3D52E-8F71-48D9-8963-A28ABB0DCF74}.Ad-Hoc|Any CPU.Build.0 = Release|Any CPU
		{49C3D52E-8F71-48D9-8963-A28ABB0DCF74}.Ad-Hoc|Any CPU.Deploy.0 = Release|Any CPU
		{49C3D52E-8F71-48D9-8963-A28ABB0DCF74}.Ad-Hoc|ARM.ActiveCfg = Release|Any CPU
		{49C3D52E-8F71-48D9-8963-A28ABB0DCF74}.Ad-Hoc|ARM.Build.0 = Release|Any CPU
		{49C3D52E-8F71-48D9-8963-A28ABB0DCF74}.Ad-Hoc|ARM.Deploy.0 = Release|Any CPU
		{49C3D52E-8F71-48D9-8963-A28ABB0DCF74}.Ad-Hoc|iPhone.ActiveCfg = Release|Any CPU
		{49C3D52E-8F71-48D9-8963-A28ABB0DCF74}.Ad-Hoc|iPhone.Build.0 = Release|Any CPU
		{49C3D52E-8F71-48D9-8963-A28ABB0DCF74}.Ad-Hoc|iPhone.Deploy.0 = Release|Any CPU
		{49C3D52E-8F71-48D9-8963-A28ABB0DCF74}.Ad-Hoc|iPhoneSimulator.ActiveCfg = Release|Any CPU
		{49C3D52E-8F71-48D9-8963-A28ABB0DCF74}.Ad-Hoc|iPhoneSimulator.Build.0 = Release|Any CPU
		{49C3D52E-8F71-48D9-8963-A28ABB0DCF74}.Ad-Hoc|iPhoneSimulator.Deploy.0 = Release|Any CPU
		{49C3D52E-8F71-48D9-8963-A28ABB0DCF74}.Ad-Hoc|x64.ActiveCfg = Release|Any CPU
		{49C3D52E-8F71-48D9-8963-A28ABB0DCF74}.Ad-Hoc|x64.Build.0 = Release|Any CPU
		{49C3D52E-8F71-48D9-8963-A28ABB0DCF74}.Ad-Hoc|x64.Deploy.0 = Release|Any CPU
		{49C3D52E-8F71-48D9-8963-A28ABB0DCF74}.Ad-Hoc|x86.ActiveCfg = Release|Any CPU
		{49C3D52E-8F71-48D9-8963-A28ABB0DCF74}.Ad-Hoc|x86.Build.0 = Release|Any CPU
		{49C3D52E-8F71-48D9-8963-A28ABB0DCF74}.Ad-Hoc|x86.Deploy.0 = Release|Any CPU
		{49C3D52E-8F71-48D9-8963-A28ABB0DCF74}.AppStore|Any CPU.ActiveCfg = Release|Any CPU
		{49C3D52E-8F71-48D9-8963-A28ABB0DCF74}.AppStore|Any CPU.Build.0 = Release|Any CPU
		{49C3D52E-8F71-48D9-8963-A28ABB0DCF74}.AppStore|Any CPU.Deploy.0 = Release|Any CPU
		{49C3D52E-8F71-48D9-8963-A28ABB0DCF74}.AppStore|ARM.ActiveCfg = Release|Any CPU
		{49C3D52E-8F71-48D9-8963-A28ABB0DCF74}.AppStore|ARM.Build.0 = Release|Any CPU
		{49C3D52E-8F71-48D9-8963-A28ABB0DCF74}.AppStore|ARM.Deploy.0 = Release|Any CPU
		{49C3D52E-8F71-48D9-8963-A28ABB0DCF74}.AppStore|iPhone.ActiveCfg = Release|Any CPU
		{49C3D52E-8F71-48D9-8963-A28ABB0DCF74}.AppStore|iPhone.Build.0 = Release|Any CPU
		{49C3D52E-8F71-48D9-8963-A28ABB0DCF74}.AppStore|iPhone.Deploy.0 = Release|Any CPU
		{49C3D52E-8F71-48D9-8963-A28ABB0DCF74}.AppStore|iPhoneSimulator.ActiveCfg = Release|Any CPU
		{49C3D52E-8F71-48D9-8963-A28ABB0DCF74}.AppStore|iPhoneSimulator.Build.0 = Release|Any CPU
		{49C3D52E-8F71-48D9-8963-A28ABB0DCF74}.AppStore|iPhoneSimulator.Deploy.0 = Release|Any CPU
		{49C3D52E-8F71-48D9-8963-A28ABB0DCF74}.AppStore|x64.ActiveCfg = Release|Any CPU
		{49C3D52E-8F71-48D9-8963-A28ABB0DCF74}.AppStore|x64.Build.0 = Release|Any CPU
		{49C3D52E-8F71-48D9-8963-A28ABB0DCF74}.AppStore|x64.Deploy.0 = Release|Any CPU
		{49C3D52E-8F71-48D9-8963-A28ABB0DCF74}.AppStore|x86.ActiveCfg = Release|Any CPU
		{49C3D52E-8F71-48D9-8963-A28ABB0DCF74}.AppStore|x86.Build.0 = Release|Any CPU
		{49C3D52E-8F71-48D9-8963-A28ABB0DCF74}.AppStore|x86.Deploy.0 = Release|Any CPU
		{49C3D52E-8F71-48D9-8963-A28ABB0DCF74}.Debug|Any CPU.ActiveCfg = Debug|Any CPU
		{49C3D52E-8F71-48D9-8963-A28ABB0DCF74}.Debug|Any CPU.Build.0 = Debug|Any CPU
		{49C3D52E-8F71-48D9-8963-A28ABB0DCF74}.Debug|Any CPU.Deploy.0 = Debug|Any CPU
		{49C3D52E-8F71-48D9-8963-A28ABB0DCF74}.Debug|ARM.ActiveCfg = Debug|Any CPU
		{49C3D52E-8F71-48D9-8963-A28ABB0DCF74}.Debug|ARM.Build.0 = Debug|Any CPU
		{49C3D52E-8F71-48D9-8963-A28ABB0DCF74}.Debug|ARM.Deploy.0 = Debug|Any CPU
		{49C3D52E-8F71-48D9-8963-A28ABB0DCF74}.Debug|iPhone.ActiveCfg = Debug|Any CPU
		{49C3D52E-8F71-48D9-8963-A28ABB0DCF74}.Debug|iPhone.Build.0 = Debug|Any CPU
		{49C3D52E-8F71-48D9-8963-A28ABB0DCF74}.Debug|iPhone.Deploy.0 = Debug|Any CPU
		{49C3D52E-8F71-48D9-8963-A28ABB0DCF74}.Debug|iPhoneSimulator.ActiveCfg = Debug|Any CPU
		{49C3D52E-8F71-48D9-8963-A28ABB0DCF74}.Debug|iPhoneSimulator.Build.0 = Debug|Any CPU
		{49C3D52E-8F71-48D9-8963-A28ABB0DCF74}.Debug|iPhoneSimulator.Deploy.0 = Debug|Any CPU
		{49C3D52E-8F71-48D9-8963-A28ABB0DCF74}.Debug|x64.ActiveCfg = Debug|Any CPU
		{49C3D52E-8F71-48D9-8963-A28ABB0DCF74}.Debug|x64.Build.0 = Debug|Any CPU
		{49C3D52E-8F71-48D9-8963-A28ABB0DCF74}.Debug|x64.Deploy.0 = Debug|Any CPU
		{49C3D52E-8F71-48D9-8963-A28ABB0DCF74}.Debug|x86.ActiveCfg = Debug|Any CPU
		{49C3D52E-8F71-48D9-8963-A28ABB0DCF74}.Debug|x86.Build.0 = Debug|Any CPU
		{49C3D52E-8F71-48D9-8963-A28ABB0DCF74}.Debug|x86.Deploy.0 = Debug|Any CPU
		{49C3D52E-8F71-48D9-8963-A28ABB0DCF74}.Release|Any CPU.ActiveCfg = Release|Any CPU
		{49C3D52E-8F71-48D9-8963-A28ABB0DCF74}.Release|Any CPU.Build.0 = Release|Any CPU
		{49C3D52E-8F71-48D9-8963-A28ABB0DCF74}.Release|Any CPU.Deploy.0 = Release|Any CPU
		{49C3D52E-8F71-48D9-8963-A28ABB0DCF74}.Release|ARM.ActiveCfg = Release|Any CPU
		{49C3D52E-8F71-48D9-8963-A28ABB0DCF74}.Release|ARM.Build.0 = Release|Any CPU
		{49C3D52E-8F71-48D9-8963-A28ABB0DCF74}.Release|ARM.Deploy.0 = Release|Any CPU
		{49C3D52E-8F71-48D9-8963-A28ABB0DCF74}.Release|iPhone.ActiveCfg = Release|Any CPU
		{49C3D52E-8F71-48D9-8963-A28ABB0DCF74}.Release|iPhone.Build.0 = Release|Any CPU
		{49C3D52E-8F71-48D9-8963-A28ABB0DCF74}.Release|iPhone.Deploy.0 = Release|Any CPU
		{49C3D52E-8F71-48D9-8963-A28ABB0DCF74}.Release|iPhoneSimulator.ActiveCfg = Release|Any CPU
		{49C3D52E-8F71-48D9-8963-A28ABB0DCF74}.Release|iPhoneSimulator.Build.0 = Release|Any CPU
		{49C3D52E-8F71-48D9-8963-A28ABB0DCF74}.Release|iPhoneSimulator.Deploy.0 = Release|Any CPU
		{49C3D52E-8F71-48D9-8963-A28ABB0DCF74}.Release|x64.ActiveCfg = Release|Any CPU
		{49C3D52E-8F71-48D9-8963-A28ABB0DCF74}.Release|x64.Build.0 = Release|Any CPU
		{49C3D52E-8F71-48D9-8963-A28ABB0DCF74}.Release|x64.Deploy.0 = Release|Any CPU
		{49C3D52E-8F71-48D9-8963-A28ABB0DCF74}.Release|x86.ActiveCfg = Release|Any CPU
		{49C3D52E-8F71-48D9-8963-A28ABB0DCF74}.Release|x86.Build.0 = Release|Any CPU
		{49C3D52E-8F71-48D9-8963-A28ABB0DCF74}.Release|x86.Deploy.0 = Release|Any CPU
		{E4C3C631-657D-4276-875A-3742691731FD}.Ad-Hoc|Any CPU.ActiveCfg = Ad-Hoc|iPhone
		{E4C3C631-657D-4276-875A-3742691731FD}.Ad-Hoc|Any CPU.Build.0 = Ad-Hoc|iPhone
		{E4C3C631-657D-4276-875A-3742691731FD}.Ad-Hoc|Any CPU.Deploy.0 = Ad-Hoc|iPhone
		{E4C3C631-657D-4276-875A-3742691731FD}.Ad-Hoc|ARM.ActiveCfg = Ad-Hoc|iPhone
		{E4C3C631-657D-4276-875A-3742691731FD}.Ad-Hoc|ARM.Build.0 = Ad-Hoc|iPhone
		{E4C3C631-657D-4276-875A-3742691731FD}.Ad-Hoc|ARM.Deploy.0 = Ad-Hoc|iPhone
		{E4C3C631-657D-4276-875A-3742691731FD}.Ad-Hoc|iPhone.ActiveCfg = Ad-Hoc|iPhone
		{E4C3C631-657D-4276-875A-3742691731FD}.Ad-Hoc|iPhone.Build.0 = Ad-Hoc|iPhone
		{E4C3C631-657D-4276-875A-3742691731FD}.Ad-Hoc|iPhone.Deploy.0 = Ad-Hoc|iPhone
		{E4C3C631-657D-4276-875A-3742691731FD}.Ad-Hoc|iPhoneSimulator.ActiveCfg = Ad-Hoc|iPhoneSimulator
		{E4C3C631-657D-4276-875A-3742691731FD}.Ad-Hoc|iPhoneSimulator.Build.0 = Ad-Hoc|iPhoneSimulator
		{E4C3C631-657D-4276-875A-3742691731FD}.Ad-Hoc|iPhoneSimulator.Deploy.0 = Ad-Hoc|iPhoneSimulator
		{E4C3C631-657D-4276-875A-3742691731FD}.Ad-Hoc|x64.ActiveCfg = Ad-Hoc|iPhone
		{E4C3C631-657D-4276-875A-3742691731FD}.Ad-Hoc|x64.Build.0 = Ad-Hoc|iPhone
		{E4C3C631-657D-4276-875A-3742691731FD}.Ad-Hoc|x64.Deploy.0 = Ad-Hoc|iPhone
		{E4C3C631-657D-4276-875A-3742691731FD}.Ad-Hoc|x86.ActiveCfg = Ad-Hoc|iPhone
		{E4C3C631-657D-4276-875A-3742691731FD}.Ad-Hoc|x86.Build.0 = Ad-Hoc|iPhone
		{E4C3C631-657D-4276-875A-3742691731FD}.Ad-Hoc|x86.Deploy.0 = Ad-Hoc|iPhone
		{E4C3C631-657D-4276-875A-3742691731FD}.AppStore|Any CPU.ActiveCfg = AppStore|iPhone
		{E4C3C631-657D-4276-875A-3742691731FD}.AppStore|Any CPU.Build.0 = AppStore|iPhone
		{E4C3C631-657D-4276-875A-3742691731FD}.AppStore|Any CPU.Deploy.0 = AppStore|iPhone
		{E4C3C631-657D-4276-875A-3742691731FD}.AppStore|ARM.ActiveCfg = AppStore|iPhone
		{E4C3C631-657D-4276-875A-3742691731FD}.AppStore|ARM.Build.0 = AppStore|iPhone
		{E4C3C631-657D-4276-875A-3742691731FD}.AppStore|ARM.Deploy.0 = AppStore|iPhone
		{E4C3C631-657D-4276-875A-3742691731FD}.AppStore|iPhone.ActiveCfg = AppStore|iPhone
		{E4C3C631-657D-4276-875A-3742691731FD}.AppStore|iPhone.Build.0 = AppStore|iPhone
		{E4C3C631-657D-4276-875A-3742691731FD}.AppStore|iPhone.Deploy.0 = AppStore|iPhone
		{E4C3C631-657D-4276-875A-3742691731FD}.AppStore|iPhoneSimulator.ActiveCfg = AppStore|iPhoneSimulator
		{E4C3C631-657D-4276-875A-3742691731FD}.AppStore|iPhoneSimulator.Build.0 = AppStore|iPhoneSimulator
		{E4C3C631-657D-4276-875A-3742691731FD}.AppStore|iPhoneSimulator.Deploy.0 = AppStore|iPhoneSimulator
		{E4C3C631-657D-4276-875A-3742691731FD}.AppStore|x64.ActiveCfg = AppStore|iPhone
		{E4C3C631-657D-4276-875A-3742691731FD}.AppStore|x64.Build.0 = AppStore|iPhone
		{E4C3C631-657D-4276-875A-3742691731FD}.AppStore|x64.Deploy.0 = AppStore|iPhone
		{E4C3C631-657D-4276-875A-3742691731FD}.AppStore|x86.ActiveCfg = AppStore|iPhone
		{E4C3C631-657D-4276-875A-3742691731FD}.AppStore|x86.Build.0 = AppStore|iPhone
		{E4C3C631-657D-4276-875A-3742691731FD}.AppStore|x86.Deploy.0 = AppStore|iPhone
		{E4C3C631-657D-4276-875A-3742691731FD}.Debug|Any CPU.ActiveCfg = Debug|iPhoneSimulator
		{E4C3C631-657D-4276-875A-3742691731FD}.Debug|Any CPU.Build.0 = Debug|iPhoneSimulator
		{E4C3C631-657D-4276-875A-3742691731FD}.Debug|Any CPU.Deploy.0 = Debug|iPhoneSimulator
		{E4C3C631-657D-4276-875A-3742691731FD}.Debug|ARM.ActiveCfg = Debug|iPhone
		{E4C3C631-657D-4276-875A-3742691731FD}.Debug|ARM.Build.0 = Debug|iPhone
		{E4C3C631-657D-4276-875A-3742691731FD}.Debug|ARM.Deploy.0 = Debug|iPhone
		{E4C3C631-657D-4276-875A-3742691731FD}.Debug|iPhone.ActiveCfg = Debug|iPhone
		{E4C3C631-657D-4276-875A-3742691731FD}.Debug|iPhone.Build.0 = Debug|iPhone
		{E4C3C631-657D-4276-875A-3742691731FD}.Debug|iPhone.Deploy.0 = Debug|iPhone
		{E4C3C631-657D-4276-875A-3742691731FD}.Debug|iPhoneSimulator.ActiveCfg = Debug|iPhoneSimulator
		{E4C3C631-657D-4276-875A-3742691731FD}.Debug|iPhoneSimulator.Build.0 = Debug|iPhoneSimulator
		{E4C3C631-657D-4276-875A-3742691731FD}.Debug|iPhoneSimulator.Deploy.0 = Debug|iPhoneSimulator
		{E4C3C631-657D-4276-875A-3742691731FD}.Debug|x64.ActiveCfg = Debug|iPhone
		{E4C3C631-657D-4276-875A-3742691731FD}.Debug|x64.Build.0 = Debug|iPhone
		{E4C3C631-657D-4276-875A-3742691731FD}.Debug|x64.Deploy.0 = Debug|iPhone
		{E4C3C631-657D-4276-875A-3742691731FD}.Debug|x86.ActiveCfg = Debug|iPhone
		{E4C3C631-657D-4276-875A-3742691731FD}.Debug|x86.Build.0 = Debug|iPhone
		{E4C3C631-657D-4276-875A-3742691731FD}.Debug|x86.Deploy.0 = Debug|iPhone
		{E4C3C631-657D-4276-875A-3742691731FD}.Release|Any CPU.ActiveCfg = Release|iPhone
		{E4C3C631-657D-4276-875A-3742691731FD}.Release|Any CPU.Build.0 = Release|iPhone
		{E4C3C631-657D-4276-875A-3742691731FD}.Release|Any CPU.Deploy.0 = Release|iPhone
		{E4C3C631-657D-4276-875A-3742691731FD}.Release|ARM.ActiveCfg = Release|iPhone
		{E4C3C631-657D-4276-875A-3742691731FD}.Release|ARM.Build.0 = Release|iPhone
		{E4C3C631-657D-4276-875A-3742691731FD}.Release|ARM.Deploy.0 = Release|iPhone
		{E4C3C631-657D-4276-875A-3742691731FD}.Release|iPhone.ActiveCfg = Release|iPhone
		{E4C3C631-657D-4276-875A-3742691731FD}.Release|iPhone.Build.0 = Release|iPhone
		{E4C3C631-657D-4276-875A-3742691731FD}.Release|iPhone.Deploy.0 = Release|iPhone
		{E4C3C631-657D-4276-875A-3742691731FD}.Release|iPhoneSimulator.ActiveCfg = Release|iPhoneSimulator
		{E4C3C631-657D-4276-875A-3742691731FD}.Release|iPhoneSimulator.Build.0 = Release|iPhoneSimulator
		{E4C3C631-657D-4276-875A-3742691731FD}.Release|iPhoneSimulator.Deploy.0 = Release|iPhoneSimulator
		{E4C3C631-657D-4276-875A-3742691731FD}.Release|x64.ActiveCfg = Release|iPhone
		{E4C3C631-657D-4276-875A-3742691731FD}.Release|x64.Build.0 = Release|iPhone
		{E4C3C631-657D-4276-875A-3742691731FD}.Release|x64.Deploy.0 = Release|iPhone
		{E4C3C631-657D-4276-875A-3742691731FD}.Release|x86.ActiveCfg = Release|iPhone
		{E4C3C631-657D-4276-875A-3742691731FD}.Release|x86.Build.0 = Release|iPhone
		{E4C3C631-657D-4276-875A-3742691731FD}.Release|x86.Deploy.0 = Release|iPhone
		{A8BD67FF-812C-4D4F-9BCC-72E50DF4784E}.Ad-Hoc|Any CPU.ActiveCfg = Release|x86
		{A8BD67FF-812C-4D4F-9BCC-72E50DF4784E}.Ad-Hoc|Any CPU.Build.0 = Release|x86
		{A8BD67FF-812C-4D4F-9BCC-72E50DF4784E}.Ad-Hoc|Any CPU.Deploy.0 = Release|x86
		{A8BD67FF-812C-4D4F-9BCC-72E50DF4784E}.Ad-Hoc|ARM.ActiveCfg = Release|ARM
		{A8BD67FF-812C-4D4F-9BCC-72E50DF4784E}.Ad-Hoc|ARM.Build.0 = Release|ARM
		{A8BD67FF-812C-4D4F-9BCC-72E50DF4784E}.Ad-Hoc|ARM.Deploy.0 = Release|ARM
		{A8BD67FF-812C-4D4F-9BCC-72E50DF4784E}.Ad-Hoc|iPhone.ActiveCfg = Release|x86
		{A8BD67FF-812C-4D4F-9BCC-72E50DF4784E}.Ad-Hoc|iPhone.Build.0 = Release|x86
		{A8BD67FF-812C-4D4F-9BCC-72E50DF4784E}.Ad-Hoc|iPhone.Deploy.0 = Release|x86
		{A8BD67FF-812C-4D4F-9BCC-72E50DF4784E}.Ad-Hoc|iPhoneSimulator.ActiveCfg = Release|x86
		{A8BD67FF-812C-4D4F-9BCC-72E50DF4784E}.Ad-Hoc|iPhoneSimulator.Build.0 = Release|x86
		{A8BD67FF-812C-4D4F-9BCC-72E50DF4784E}.Ad-Hoc|iPhoneSimulator.Deploy.0 = Release|x86
		{A8BD67FF-812C-4D4F-9BCC-72E50DF4784E}.Ad-Hoc|x64.ActiveCfg = Release|x64
		{A8BD67FF-812C-4D4F-9BCC-72E50DF4784E}.Ad-Hoc|x64.Build.0 = Release|x64
		{A8BD67FF-812C-4D4F-9BCC-72E50DF4784E}.Ad-Hoc|x64.Deploy.0 = Release|x64
		{A8BD67FF-812C-4D4F-9BCC-72E50DF4784E}.Ad-Hoc|x86.ActiveCfg = Release|x86
		{A8BD67FF-812C-4D4F-9BCC-72E50DF4784E}.Ad-Hoc|x86.Build.0 = Release|x86
		{A8BD67FF-812C-4D4F-9BCC-72E50DF4784E}.Ad-Hoc|x86.Deploy.0 = Release|x86
		{A8BD67FF-812C-4D4F-9BCC-72E50DF4784E}.AppStore|Any CPU.ActiveCfg = Release|x86
		{A8BD67FF-812C-4D4F-9BCC-72E50DF4784E}.AppStore|Any CPU.Build.0 = Release|x86
		{A8BD67FF-812C-4D4F-9BCC-72E50DF4784E}.AppStore|Any CPU.Deploy.0 = Release|x86
		{A8BD67FF-812C-4D4F-9BCC-72E50DF4784E}.AppStore|ARM.ActiveCfg = Release|ARM
		{A8BD67FF-812C-4D4F-9BCC-72E50DF4784E}.AppStore|ARM.Build.0 = Release|ARM
		{A8BD67FF-812C-4D4F-9BCC-72E50DF4784E}.AppStore|ARM.Deploy.0 = Release|ARM
		{A8BD67FF-812C-4D4F-9BCC-72E50DF4784E}.AppStore|iPhone.ActiveCfg = Release|x86
		{A8BD67FF-812C-4D4F-9BCC-72E50DF4784E}.AppStore|iPhone.Build.0 = Release|x86
		{A8BD67FF-812C-4D4F-9BCC-72E50DF4784E}.AppStore|iPhone.Deploy.0 = Release|x86
		{A8BD67FF-812C-4D4F-9BCC-72E50DF4784E}.AppStore|iPhoneSimulator.ActiveCfg = Release|x86
		{A8BD67FF-812C-4D4F-9BCC-72E50DF4784E}.AppStore|iPhoneSimulator.Build.0 = Release|x86
		{A8BD67FF-812C-4D4F-9BCC-72E50DF4784E}.AppStore|iPhoneSimulator.Deploy.0 = Release|x86
		{A8BD67FF-812C-4D4F-9BCC-72E50DF4784E}.AppStore|x64.ActiveCfg = Release|x64
		{A8BD67FF-812C-4D4F-9BCC-72E50DF4784E}.AppStore|x64.Build.0 = Release|x64
		{A8BD67FF-812C-4D4F-9BCC-72E50DF4784E}.AppStore|x64.Deploy.0 = Release|x64
		{A8BD67FF-812C-4D4F-9BCC-72E50DF4784E}.AppStore|x86.ActiveCfg = Release|x86
		{A8BD67FF-812C-4D4F-9BCC-72E50DF4784E}.AppStore|x86.Build.0 = Release|x86
		{A8BD67FF-812C-4D4F-9BCC-72E50DF4784E}.AppStore|x86.Deploy.0 = Release|x86
		{A8BD67FF-812C-4D4F-9BCC-72E50DF4784E}.Debug|Any CPU.ActiveCfg = Debug|x86
		{A8BD67FF-812C-4D4F-9BCC-72E50DF4784E}.Debug|Any CPU.Build.0 = Debug|x86
		{A8BD67FF-812C-4D4F-9BCC-72E50DF4784E}.Debug|Any CPU.Deploy.0 = Debug|x86
		{A8BD67FF-812C-4D4F-9BCC-72E50DF4784E}.Debug|ARM.ActiveCfg = Debug|ARM
		{A8BD67FF-812C-4D4F-9BCC-72E50DF4784E}.Debug|ARM.Build.0 = Debug|ARM
		{A8BD67FF-812C-4D4F-9BCC-72E50DF4784E}.Debug|ARM.Deploy.0 = Debug|ARM
		{A8BD67FF-812C-4D4F-9BCC-72E50DF4784E}.Debug|iPhone.ActiveCfg = Debug|x86
		{A8BD67FF-812C-4D4F-9BCC-72E50DF4784E}.Debug|iPhone.Build.0 = Debug|x86
		{A8BD67FF-812C-4D4F-9BCC-72E50DF4784E}.Debug|iPhone.Deploy.0 = Debug|x86
		{A8BD67FF-812C-4D4F-9BCC-72E50DF4784E}.Debug|iPhoneSimulator.ActiveCfg = Debug|x86
		{A8BD67FF-812C-4D4F-9BCC-72E50DF4784E}.Debug|iPhoneSimulator.Build.0 = Debug|x86
		{A8BD67FF-812C-4D4F-9BCC-72E50DF4784E}.Debug|iPhoneSimulator.Deploy.0 = Debug|x86
		{A8BD67FF-812C-4D4F-9BCC-72E50DF4784E}.Debug|x64.ActiveCfg = Debug|x64
		{A8BD67FF-812C-4D4F-9BCC-72E50DF4784E}.Debug|x64.Build.0 = Debug|x64
		{A8BD67FF-812C-4D4F-9BCC-72E50DF4784E}.Debug|x64.Deploy.0 = Debug|x64
		{A8BD67FF-812C-4D4F-9BCC-72E50DF4784E}.Debug|x86.ActiveCfg = Debug|x86
		{A8BD67FF-812C-4D4F-9BCC-72E50DF4784E}.Debug|x86.Build.0 = Debug|x86
		{A8BD67FF-812C-4D4F-9BCC-72E50DF4784E}.Debug|x86.Deploy.0 = Debug|x86
		{A8BD67FF-812C-4D4F-9BCC-72E50DF4784E}.Release|Any CPU.ActiveCfg = Release|x86
		{A8BD67FF-812C-4D4F-9BCC-72E50DF4784E}.Release|Any CPU.Build.0 = Release|x86
		{A8BD67FF-812C-4D4F-9BCC-72E50DF4784E}.Release|Any CPU.Deploy.0 = Release|x86
		{A8BD67FF-812C-4D4F-9BCC-72E50DF4784E}.Release|ARM.ActiveCfg = Release|ARM
		{A8BD67FF-812C-4D4F-9BCC-72E50DF4784E}.Release|ARM.Build.0 = Release|ARM
		{A8BD67FF-812C-4D4F-9BCC-72E50DF4784E}.Release|ARM.Deploy.0 = Release|ARM
		{A8BD67FF-812C-4D4F-9BCC-72E50DF4784E}.Release|iPhone.ActiveCfg = Release|x86
		{A8BD67FF-812C-4D4F-9BCC-72E50DF4784E}.Release|iPhone.Build.0 = Release|x86
		{A8BD67FF-812C-4D4F-9BCC-72E50DF4784E}.Release|iPhone.Deploy.0 = Release|x86
		{A8BD67FF-812C-4D4F-9BCC-72E50DF4784E}.Release|iPhoneSimulator.ActiveCfg = Release|x86
		{A8BD67FF-812C-4D4F-9BCC-72E50DF4784E}.Release|iPhoneSimulator.Build.0 = Release|x86
		{A8BD67FF-812C-4D4F-9BCC-72E50DF4784E}.Release|iPhoneSimulator.Deploy.0 = Release|x86
		{A8BD67FF-812C-4D4F-9BCC-72E50DF4784E}.Release|x64.ActiveCfg = Release|x64
		{A8BD67FF-812C-4D4F-9BCC-72E50DF4784E}.Release|x64.Build.0 = Release|x64
		{A8BD67FF-812C-4D4F-9BCC-72E50DF4784E}.Release|x64.Deploy.0 = Release|x64
		{A8BD67FF-812C-4D4F-9BCC-72E50DF4784E}.Release|x86.ActiveCfg = Release|x86
		{A8BD67FF-812C-4D4F-9BCC-72E50DF4784E}.Release|x86.Build.0 = Release|x86
		{A8BD67FF-812C-4D4F-9BCC-72E50DF4784E}.Release|x86.Deploy.0 = Release|x86
		{846C85FE-BFA7-4B28-89EB-48B0D79DE7B3}.Ad-Hoc|Any CPU.ActiveCfg = Debug|Any CPU
		{846C85FE-BFA7-4B28-89EB-48B0D79DE7B3}.Ad-Hoc|Any CPU.Build.0 = Debug|Any CPU
		{846C85FE-BFA7-4B28-89EB-48B0D79DE7B3}.Ad-Hoc|Any CPU.Deploy.0 = Debug|Any CPU
		{846C85FE-BFA7-4B28-89EB-48B0D79DE7B3}.Ad-Hoc|ARM.ActiveCfg = Debug|Any CPU
		{846C85FE-BFA7-4B28-89EB-48B0D79DE7B3}.Ad-Hoc|ARM.Build.0 = Debug|Any CPU
		{846C85FE-BFA7-4B28-89EB-48B0D79DE7B3}.Ad-Hoc|ARM.Deploy.0 = Debug|Any CPU
		{846C85FE-BFA7-4B28-89EB-48B0D79DE7B3}.Ad-Hoc|iPhone.ActiveCfg = Debug|Any CPU
		{846C85FE-BFA7-4B28-89EB-48B0D79DE7B3}.Ad-Hoc|iPhone.Build.0 = Debug|Any CPU
		{846C85FE-BFA7-4B28-89EB-48B0D79DE7B3}.Ad-Hoc|iPhone.Deploy.0 = Debug|Any CPU
		{846C85FE-BFA7-4B28-89EB-48B0D79DE7B3}.Ad-Hoc|iPhoneSimulator.ActiveCfg = Debug|Any CPU
		{846C85FE-BFA7-4B28-89EB-48B0D79DE7B3}.Ad-Hoc|iPhoneSimulator.Build.0 = Debug|Any CPU
		{846C85FE-BFA7-4B28-89EB-48B0D79DE7B3}.Ad-Hoc|iPhoneSimulator.Deploy.0 = Debug|Any CPU
		{846C85FE-BFA7-4B28-89EB-48B0D79DE7B3}.Ad-Hoc|x64.ActiveCfg = Debug|Any CPU
		{846C85FE-BFA7-4B28-89EB-48B0D79DE7B3}.Ad-Hoc|x64.Build.0 = Debug|Any CPU
		{846C85FE-BFA7-4B28-89EB-48B0D79DE7B3}.Ad-Hoc|x64.Deploy.0 = Debug|Any CPU
		{846C85FE-BFA7-4B28-89EB-48B0D79DE7B3}.Ad-Hoc|x86.ActiveCfg = Debug|Any CPU
		{846C85FE-BFA7-4B28-89EB-48B0D79DE7B3}.Ad-Hoc|x86.Build.0 = Debug|Any CPU
		{846C85FE-BFA7-4B28-89EB-48B0D79DE7B3}.Ad-Hoc|x86.Deploy.0 = Debug|Any CPU
		{846C85FE-BFA7-4B28-89EB-48B0D79DE7B3}.AppStore|Any CPU.ActiveCfg = Debug|Any CPU
		{846C85FE-BFA7-4B28-89EB-48B0D79DE7B3}.AppStore|Any CPU.Build.0 = Debug|Any CPU
		{846C85FE-BFA7-4B28-89EB-48B0D79DE7B3}.AppStore|Any CPU.Deploy.0 = Debug|Any CPU
		{846C85FE-BFA7-4B28-89EB-48B0D79DE7B3}.AppStore|ARM.ActiveCfg = Debug|Any CPU
		{846C85FE-BFA7-4B28-89EB-48B0D79DE7B3}.AppStore|ARM.Build.0 = Debug|Any CPU
		{846C85FE-BFA7-4B28-89EB-48B0D79DE7B3}.AppStore|ARM.Deploy.0 = Debug|Any CPU
		{846C85FE-BFA7-4B28-89EB-48B0D79DE7B3}.AppStore|iPhone.ActiveCfg = Debug|Any CPU
		{846C85FE-BFA7-4B28-89EB-48B0D79DE7B3}.AppStore|iPhone.Build.0 = Debug|Any CPU
		{846C85FE-BFA7-4B28-89EB-48B0D79DE7B3}.AppStore|iPhone.Deploy.0 = Debug|Any CPU
		{846C85FE-BFA7-4B28-89EB-48B0D79DE7B3}.AppStore|iPhoneSimulator.ActiveCfg = Debug|Any CPU
		{846C85FE-BFA7-4B28-89EB-48B0D79DE7B3}.AppStore|iPhoneSimulator.Build.0 = Debug|Any CPU
		{846C85FE-BFA7-4B28-89EB-48B0D79DE7B3}.AppStore|iPhoneSimulator.Deploy.0 = Debug|Any CPU
		{846C85FE-BFA7-4B28-89EB-48B0D79DE7B3}.AppStore|x64.ActiveCfg = Debug|Any CPU
		{846C85FE-BFA7-4B28-89EB-48B0D79DE7B3}.AppStore|x64.Build.0 = Debug|Any CPU
		{846C85FE-BFA7-4B28-89EB-48B0D79DE7B3}.AppStore|x64.Deploy.0 = Debug|Any CPU
		{846C85FE-BFA7-4B28-89EB-48B0D79DE7B3}.AppStore|x86.ActiveCfg = Debug|Any CPU
		{846C85FE-BFA7-4B28-89EB-48B0D79DE7B3}.AppStore|x86.Build.0 = Debug|Any CPU
		{846C85FE-BFA7-4B28-89EB-48B0D79DE7B3}.AppStore|x86.Deploy.0 = Debug|Any CPU
		{846C85FE-BFA7-4B28-89EB-48B0D79DE7B3}.Debug|Any CPU.ActiveCfg = Debug|Any CPU
		{846C85FE-BFA7-4B28-89EB-48B0D79DE7B3}.Debug|Any CPU.Build.0 = Debug|Any CPU
		{846C85FE-BFA7-4B28-89EB-48B0D79DE7B3}.Debug|Any CPU.Deploy.0 = Debug|Any CPU
		{846C85FE-BFA7-4B28-89EB-48B0D79DE7B3}.Debug|ARM.ActiveCfg = Debug|Any CPU
		{846C85FE-BFA7-4B28-89EB-48B0D79DE7B3}.Debug|ARM.Build.0 = Debug|Any CPU
		{846C85FE-BFA7-4B28-89EB-48B0D79DE7B3}.Debug|ARM.Deploy.0 = Debug|Any CPU
		{846C85FE-BFA7-4B28-89EB-48B0D79DE7B3}.Debug|iPhone.ActiveCfg = Debug|Any CPU
		{846C85FE-BFA7-4B28-89EB-48B0D79DE7B3}.Debug|iPhone.Build.0 = Debug|Any CPU
		{846C85FE-BFA7-4B28-89EB-48B0D79DE7B3}.Debug|iPhone.Deploy.0 = Debug|Any CPU
		{846C85FE-BFA7-4B28-89EB-48B0D79DE7B3}.Debug|iPhoneSimulator.ActiveCfg = Debug|Any CPU
		{846C85FE-BFA7-4B28-89EB-48B0D79DE7B3}.Debug|iPhoneSimulator.Build.0 = Debug|Any CPU
		{846C85FE-BFA7-4B28-89EB-48B0D79DE7B3}.Debug|iPhoneSimulator.Deploy.0 = Debug|Any CPU
		{846C85FE-BFA7-4B28-89EB-48B0D79DE7B3}.Debug|x64.ActiveCfg = Debug|Any CPU
		{846C85FE-BFA7-4B28-89EB-48B0D79DE7B3}.Debug|x64.Build.0 = Debug|Any CPU
		{846C85FE-BFA7-4B28-89EB-48B0D79DE7B3}.Debug|x64.Deploy.0 = Debug|Any CPU
		{846C85FE-BFA7-4B28-89EB-48B0D79DE7B3}.Debug|x86.ActiveCfg = Debug|Any CPU
		{846C85FE-BFA7-4B28-89EB-48B0D79DE7B3}.Debug|x86.Build.0 = Debug|Any CPU
		{846C85FE-BFA7-4B28-89EB-48B0D79DE7B3}.Debug|x86.Deploy.0 = Debug|Any CPU
		{846C85FE-BFA7-4B28-89EB-48B0D79DE7B3}.Release|Any CPU.ActiveCfg = Release|Any CPU
		{846C85FE-BFA7-4B28-89EB-48B0D79DE7B3}.Release|Any CPU.Build.0 = Release|Any CPU
		{846C85FE-BFA7-4B28-89EB-48B0D79DE7B3}.Release|Any CPU.Deploy.0 = Release|Any CPU
		{846C85FE-BFA7-4B28-89EB-48B0D79DE7B3}.Release|ARM.ActiveCfg = Release|Any CPU
		{846C85FE-BFA7-4B28-89EB-48B0D79DE7B3}.Release|ARM.Build.0 = Release|Any CPU
		{846C85FE-BFA7-4B28-89EB-48B0D79DE7B3}.Release|ARM.Deploy.0 = Release|Any CPU
		{846C85FE-BFA7-4B28-89EB-48B0D79DE7B3}.Release|iPhone.ActiveCfg = Release|Any CPU
		{846C85FE-BFA7-4B28-89EB-48B0D79DE7B3}.Release|iPhone.Build.0 = Release|Any CPU
		{846C85FE-BFA7-4B28-89EB-48B0D79DE7B3}.Release|iPhone.Deploy.0 = Release|Any CPU
		{846C85FE-BFA7-4B28-89EB-48B0D79DE7B3}.Release|iPhoneSimulator.ActiveCfg = Release|Any CPU
		{846C85FE-BFA7-4B28-89EB-48B0D79DE7B3}.Release|iPhoneSimulator.Build.0 = Release|Any CPU
		{846C85FE-BFA7-4B28-89EB-48B0D79DE7B3}.Release|iPhoneSimulator.Deploy.0 = Release|Any CPU
		{846C85FE-BFA7-4B28-89EB-48B0D79DE7B3}.Release|x64.ActiveCfg = Release|Any CPU
		{846C85FE-BFA7-4B28-89EB-48B0D79DE7B3}.Release|x64.Build.0 = Release|Any CPU
		{846C85FE-BFA7-4B28-89EB-48B0D79DE7B3}.Release|x64.Deploy.0 = Release|Any CPU
		{846C85FE-BFA7-4B28-89EB-48B0D79DE7B3}.Release|x86.ActiveCfg = Release|Any CPU
		{846C85FE-BFA7-4B28-89EB-48B0D79DE7B3}.Release|x86.Build.0 = Release|Any CPU
		{846C85FE-BFA7-4B28-89EB-48B0D79DE7B3}.Release|x86.Deploy.0 = Release|Any CPU
	EndGlobalSection
	GlobalSection(SolutionProperties) = preSolution
		HideSolutionNode = FALSE
	EndGlobalSection
	GlobalSection(ExtensibilityGlobals) = postSolution
		SolutionGuid = {F3DE41FC-BEC2-4B2B-A1C8-31018DC7F90B}
	EndGlobalSection
EndGlobal
