
Microsoft Visual Studio Solution File, Format Version 12.00
# Visual Studio 15
VisualStudioVersion = 15.0.28307.136
MinimumVisualStudioVersion = 10.0.40219.1
Project("{FAE04EC0-301F-11D3-BF4B-00C04F79EFBC}") = "TimePicker.Android", "TimePicker\TimePicker.Android\TimePicker.Android.csproj", "{480E0E6A-405C-434F-BCB7-099E0BD15483}"
EndProject
Project("{FAE04EC0-301F-11D3-BF4B-00C04F79EFBC}") = "TimePicker.iOS", "TimePicker\TimePicker.iOS\TimePicker.iOS.csproj", "{CB4DD9C2-F2D3-446E-8F20-7AB6C02FE08E}"
EndProject
Project("{FAE04EC0-301F-11D3-BF4B-00C04F79EFBC}") = "TimePicker.UWP", "TimePicker\TimePicker.UWP\TimePicker.UWP.csproj", "{E55A324C-306E-4349-838F-13B8937E56B9}"
EndProject
Project("{FAE04EC0-301F-11D3-BF4B-00C04F79EFBC}") = "TimePicker", "TimePicker\TimePicker\TimePicker.csproj", "{08082807-4572-49A3-81D2-4C189D850EC6}"
EndProject
Global
	GlobalSection(SolutionConfigurationPlatforms) = preSolution
		Ad-Hoc|Any CPU = Ad-Hoc|Any CPU
		Ad-Hoc|ARM = Ad-Hoc|ARM
		Ad-Hoc|iPhone = Ad-Hoc|iPhone
		Ad-Hoc|iPhoneSimulator = Ad-Hoc|iPhoneSimulator
		Ad-Hoc|x64 = Ad-Hoc|x64
		Ad-Hoc|x86 = Ad-Hoc|x86
		AppStore|Any CPU = AppStore|Any CPU
		AppStore|ARM = AppStore|ARM
		AppStore|iPhone = AppStore|iPhone
		AppStore|iPhoneSimulator = AppStore|iPhoneSimulator
		AppStore|x64 = AppStore|x64
		AppStore|x86 = AppStore|x86
		Debug|Any CPU = Debug|Any CPU
		Debug|ARM = Debug|ARM
		Debug|iPhone = Debug|iPhone
		Debug|iPhoneSimulator = Debug|iPhoneSimulator
		Debug|x64 = Debug|x64
		Debug|x86 = Debug|x86
		Release|Any CPU = Release|Any CPU
		Release|ARM = Release|ARM
		Release|iPhone = Release|iPhone
		Release|iPhoneSimulator = Release|iPhoneSimulator
		Release|x64 = Release|x64
		Release|x86 = Release|x86
	EndGlobalSection
	GlobalSection(ProjectConfigurationPlatforms) = postSolution
		{480E0E6A-405C-434F-BCB7-099E0BD15483}.Ad-Hoc|Any CPU.ActiveCfg = Release|Any CPU
		{480E0E6A-405C-434F-BCB7-099E0BD15483}.Ad-Hoc|Any CPU.Build.0 = Release|Any CPU
		{480E0E6A-405C-434F-BCB7-099E0BD15483}.Ad-Hoc|Any CPU.Deploy.0 = Release|Any CPU
		{480E0E6A-405C-434F-BCB7-099E0BD15483}.Ad-Hoc|ARM.ActiveCfg = Release|Any CPU
		{480E0E6A-405C-434F-BCB7-099E0BD15483}.Ad-Hoc|ARM.Build.0 = Release|Any CPU
		{480E0E6A-405C-434F-BCB7-099E0BD15483}.Ad-Hoc|ARM.Deploy.0 = Release|Any CPU
		{480E0E6A-405C-434F-BCB7-099E0BD15483}.Ad-Hoc|iPhone.ActiveCfg = Release|Any CPU
		{480E0E6A-405C-434F-BCB7-099E0BD15483}.Ad-Hoc|iPhone.Build.0 = Release|Any CPU
		{480E0E6A-405C-434F-BCB7-099E0BD15483}.Ad-Hoc|iPhone.Deploy.0 = Release|Any CPU
		{480E0E6A-405C-434F-BCB7-099E0BD15483}.Ad-Hoc|iPhoneSimulator.ActiveCfg = Release|Any CPU
		{480E0E6A-405C-434F-BCB7-099E0BD15483}.Ad-Hoc|iPhoneSimulator.Build.0 = Release|Any CPU
		{480E0E6A-405C-434F-BCB7-099E0BD15483}.Ad-Hoc|iPhoneSimulator.Deploy.0 = Release|Any CPU
		{480E0E6A-405C-434F-BCB7-099E0BD15483}.Ad-Hoc|x64.ActiveCfg = Release|Any CPU
		{480E0E6A-405C-434F-BCB7-099E0BD15483}.Ad-Hoc|x64.Build.0 = Release|Any CPU
		{480E0E6A-405C-434F-BCB7-099E0BD15483}.Ad-Hoc|x64.Deploy.0 = Release|Any CPU
		{480E0E6A-405C-434F-BCB7-099E0BD15483}.Ad-Hoc|x86.ActiveCfg = Release|Any CPU
		{480E0E6A-405C-434F-BCB7-099E0BD15483}.Ad-Hoc|x86.Build.0 = Release|Any CPU
		{480E0E6A-405C-434F-BCB7-099E0BD15483}.Ad-Hoc|x86.Deploy.0 = Release|Any CPU
		{480E0E6A-405C-434F-BCB7-099E0BD15483}.AppStore|Any CPU.ActiveCfg = Release|Any CPU
		{480E0E6A-405C-434F-BCB7-099E0BD15483}.AppStore|Any CPU.Build.0 = Release|Any CPU
		{480E0E6A-405C-434F-BCB7-099E0BD15483}.AppStore|Any CPU.Deploy.0 = Release|Any CPU
		{480E0E6A-405C-434F-BCB7-099E0BD15483}.AppStore|ARM.ActiveCfg = Release|Any CPU
		{480E0E6A-405C-434F-BCB7-099E0BD15483}.AppStore|ARM.Build.0 = Release|Any CPU
		{480E0E6A-405C-434F-BCB7-099E0BD15483}.AppStore|ARM.Deploy.0 = Release|Any CPU
		{480E0E6A-405C-434F-BCB7-099E0BD15483}.AppStore|iPhone.ActiveCfg = Release|Any CPU
		{480E0E6A-405C-434F-BCB7-099E0BD15483}.AppStore|iPhone.Build.0 = Release|Any CPU
		{480E0E6A-405C-434F-BCB7-099E0BD15483}.AppStore|iPhone.Deploy.0 = Release|Any CPU
		{480E0E6A-405C-434F-BCB7-099E0BD15483}.AppStore|iPhoneSimulator.ActiveCfg = Release|Any CPU
		{480E0E6A-405C-434F-BCB7-099E0BD15483}.AppStore|iPhoneSimulator.Build.0 = Release|Any CPU
		{480E0E6A-405C-434F-BCB7-099E0BD15483}.AppStore|iPhoneSimulator.Deploy.0 = Release|Any CPU
		{480E0E6A-405C-434F-BCB7-099E0BD15483}.AppStore|x64.ActiveCfg = Release|Any CPU
		{480E0E6A-405C-434F-BCB7-099E0BD15483}.AppStore|x64.Build.0 = Release|Any CPU
		{480E0E6A-405C-434F-BCB7-099E0BD15483}.AppStore|x64.Deploy.0 = Release|Any CPU
		{480E0E6A-405C-434F-BCB7-099E0BD15483}.AppStore|x86.ActiveCfg = Release|Any CPU
		{480E0E6A-405C-434F-BCB7-099E0BD15483}.AppStore|x86.Build.0 = Release|Any CPU
		{480E0E6A-405C-434F-BCB7-099E0BD15483}.AppStore|x86.Deploy.0 = Release|Any CPU
		{480E0E6A-405C-434F-BCB7-099E0BD15483}.Debug|Any CPU.ActiveCfg = Debug|Any CPU
		{480E0E6A-405C-434F-BCB7-099E0BD15483}.Debug|Any CPU.Build.0 = Debug|Any CPU
		{480E0E6A-405C-434F-BCB7-099E0BD15483}.Debug|Any CPU.Deploy.0 = Debug|Any CPU
		{480E0E6A-405C-434F-BCB7-099E0BD15483}.Debug|ARM.ActiveCfg = Debug|Any CPU
		{480E0E6A-405C-434F-BCB7-099E0BD15483}.Debug|ARM.Build.0 = Debug|Any CPU
		{480E0E6A-405C-434F-BCB7-099E0BD15483}.Debug|ARM.Deploy.0 = Debug|Any CPU
		{480E0E6A-405C-434F-BCB7-099E0BD15483}.Debug|iPhone.ActiveCfg = Debug|Any CPU
		{480E0E6A-405C-434F-BCB7-099E0BD15483}.Debug|iPhone.Build.0 = Debug|Any CPU
		{480E0E6A-405C-434F-BCB7-099E0BD15483}.Debug|iPhone.Deploy.0 = Debug|Any CPU
		{480E0E6A-405C-434F-BCB7-099E0BD15483}.Debug|iPhoneSimulator.ActiveCfg = Debug|Any CPU
		{480E0E6A-405C-434F-BCB7-099E0BD15483}.Debug|iPhoneSimulator.Build.0 = Debug|Any CPU
		{480E0E6A-405C-434F-BCB7-099E0BD15483}.Debug|iPhoneSimulator.Deploy.0 = Debug|Any CPU
		{480E0E6A-405C-434F-BCB7-099E0BD15483}.Debug|x64.ActiveCfg = Debug|Any CPU
		{480E0E6A-405C-434F-BCB7-099E0BD15483}.Debug|x64.Build.0 = Debug|Any CPU
		{480E0E6A-405C-434F-BCB7-099E0BD15483}.Debug|x64.Deploy.0 = Debug|Any CPU
		{480E0E6A-405C-434F-BCB7-099E0BD15483}.Debug|x86.ActiveCfg = Debug|Any CPU
		{480E0E6A-405C-434F-BCB7-099E0BD15483}.Debug|x86.Build.0 = Debug|Any CPU
		{480E0E6A-405C-434F-BCB7-099E0BD15483}.Debug|x86.Deploy.0 = Debug|Any CPU
		{480E0E6A-405C-434F-BCB7-099E0BD15483}.Release|Any CPU.ActiveCfg = Release|Any CPU
		{480E0E6A-405C-434F-BCB7-099E0BD15483}.Release|Any CPU.Build.0 = Release|Any CPU
		{480E0E6A-405C-434F-BCB7-099E0BD15483}.Release|Any CPU.Deploy.0 = Release|Any CPU
		{480E0E6A-405C-434F-BCB7-099E0BD15483}.Release|ARM.ActiveCfg = Release|Any CPU
		{480E0E6A-405C-434F-BCB7-099E0BD15483}.Release|ARM.Build.0 = Release|Any CPU
		{480E0E6A-405C-434F-BCB7-099E0BD15483}.Release|ARM.Deploy.0 = Release|Any CPU
		{480E0E6A-405C-434F-BCB7-099E0BD15483}.Release|iPhone.ActiveCfg = Release|Any CPU
		{480E0E6A-405C-434F-BCB7-099E0BD15483}.Release|iPhone.Build.0 = Release|Any CPU
		{480E0E6A-405C-434F-BCB7-099E0BD15483}.Release|iPhone.Deploy.0 = Release|Any CPU
		{480E0E6A-405C-434F-BCB7-099E0BD15483}.Release|iPhoneSimulator.ActiveCfg = Release|Any CPU
		{480E0E6A-405C-434F-BCB7-099E0BD15483}.Release|iPhoneSimulator.Build.0 = Release|Any CPU
		{480E0E6A-405C-434F-BCB7-099E0BD15483}.Release|iPhoneSimulator.Deploy.0 = Release|Any CPU
		{480E0E6A-405C-434F-BCB7-099E0BD15483}.Release|x64.ActiveCfg = Release|Any CPU
		{480E0E6A-405C-434F-BCB7-099E0BD15483}.Release|x64.Build.0 = Release|Any CPU
		{480E0E6A-405C-434F-BCB7-099E0BD15483}.Release|x64.Deploy.0 = Release|Any CPU
		{480E0E6A-405C-434F-BCB7-099E0BD15483}.Release|x86.ActiveCfg = Release|Any CPU
		{480E0E6A-405C-434F-BCB7-099E0BD15483}.Release|x86.Build.0 = Release|Any CPU
		{480E0E6A-405C-434F-BCB7-099E0BD15483}.Release|x86.Deploy.0 = Release|Any CPU
		{CB4DD9C2-F2D3-446E-8F20-7AB6C02FE08E}.Ad-Hoc|Any CPU.ActiveCfg = Ad-Hoc|iPhone
		{CB4DD9C2-F2D3-446E-8F20-7AB6C02FE08E}.Ad-Hoc|Any CPU.Build.0 = Ad-Hoc|iPhone
		{CB4DD9C2-F2D3-446E-8F20-7AB6C02FE08E}.Ad-Hoc|Any CPU.Deploy.0 = Ad-Hoc|iPhone
		{CB4DD9C2-F2D3-446E-8F20-7AB6C02FE08E}.Ad-Hoc|ARM.ActiveCfg = Ad-Hoc|iPhone
		{CB4DD9C2-F2D3-446E-8F20-7AB6C02FE08E}.Ad-Hoc|ARM.Build.0 = Ad-Hoc|iPhone
		{CB4DD9C2-F2D3-446E-8F20-7AB6C02FE08E}.Ad-Hoc|ARM.Deploy.0 = Ad-Hoc|iPhone
		{CB4DD9C2-F2D3-446E-8F20-7AB6C02FE08E}.Ad-Hoc|iPhone.ActiveCfg = Ad-Hoc|iPhone
		{CB4DD9C2-F2D3-446E-8F20-7AB6C02FE08E}.Ad-Hoc|iPhone.Build.0 = Ad-Hoc|iPhone
		{CB4DD9C2-F2D3-446E-8F20-7AB6C02FE08E}.Ad-Hoc|iPhone.Deploy.0 = Ad-Hoc|iPhone
		{CB4DD9C2-F2D3-446E-8F20-7AB6C02FE08E}.Ad-Hoc|iPhoneSimulator.ActiveCfg = Ad-Hoc|iPhoneSimulator
		{CB4DD9C2-F2D3-446E-8F20-7AB6C02FE08E}.Ad-Hoc|iPhoneSimulator.Build.0 = Ad-Hoc|iPhoneSimulator
		{CB4DD9C2-F2D3-446E-8F20-7AB6C02FE08E}.Ad-Hoc|iPhoneSimulator.Deploy.0 = Ad-Hoc|iPhoneSimulator
		{CB4DD9C2-F2D3-446E-8F20-7AB6C02FE08E}.Ad-Hoc|x64.ActiveCfg = Ad-Hoc|iPhone
		{CB4DD9C2-F2D3-446E-8F20-7AB6C02FE08E}.Ad-Hoc|x64.Build.0 = Ad-Hoc|iPhone
		{CB4DD9C2-F2D3-446E-8F20-7AB6C02FE08E}.Ad-Hoc|x64.Deploy.0 = Ad-Hoc|iPhone
		{CB4DD9C2-F2D3-446E-8F20-7AB6C02FE08E}.Ad-Hoc|x86.ActiveCfg = Ad-Hoc|iPhone
		{CB4DD9C2-F2D3-446E-8F20-7AB6C02FE08E}.Ad-Hoc|x86.Build.0 = Ad-Hoc|iPhone
		{CB4DD9C2-F2D3-446E-8F20-7AB6C02FE08E}.Ad-Hoc|x86.Deploy.0 = Ad-Hoc|iPhone
		{CB4DD9C2-F2D3-446E-8F20-7AB6C02FE08E}.AppStore|Any CPU.ActiveCfg = AppStore|iPhone
		{CB4DD9C2-F2D3-446E-8F20-7AB6C02FE08E}.AppStore|Any CPU.Build.0 = AppStore|iPhone
		{CB4DD9C2-F2D3-446E-8F20-7AB6C02FE08E}.AppStore|Any CPU.Deploy.0 = AppStore|iPhone
		{CB4DD9C2-F2D3-446E-8F20-7AB6C02FE08E}.AppStore|ARM.ActiveCfg = AppStore|iPhone
		{CB4DD9C2-F2D3-446E-8F20-7AB6C02FE08E}.AppStore|ARM.Build.0 = AppStore|iPhone
		{CB4DD9C2-F2D3-446E-8F20-7AB6C02FE08E}.AppStore|ARM.Deploy.0 = AppStore|iPhone
		{CB4DD9C2-F2D3-446E-8F20-7AB6C02FE08E}.AppStore|iPhone.ActiveCfg = AppStore|iPhone
		{CB4DD9C2-F2D3-446E-8F20-7AB6C02FE08E}.AppStore|iPhone.Build.0 = AppStore|iPhone
		{CB4DD9C2-F2D3-446E-8F20-7AB6C02FE08E}.AppStore|iPhone.Deploy.0 = AppStore|iPhone
		{CB4DD9C2-F2D3-446E-8F20-7AB6C02FE08E}.AppStore|iPhoneSimulator.ActiveCfg = AppStore|iPhoneSimulator
		{CB4DD9C2-F2D3-446E-8F20-7AB6C02FE08E}.AppStore|iPhoneSimulator.Build.0 = AppStore|iPhoneSimulator
		{CB4DD9C2-F2D3-446E-8F20-7AB6C02FE08E}.AppStore|iPhoneSimulator.Deploy.0 = AppStore|iPhoneSimulator
		{CB4DD9C2-F2D3-446E-8F20-7AB6C02FE08E}.AppStore|x64.ActiveCfg = AppStore|iPhone
		{CB4DD9C2-F2D3-446E-8F20-7AB6C02FE08E}.AppStore|x64.Build.0 = AppStore|iPhone
		{CB4DD9C2-F2D3-446E-8F20-7AB6C02FE08E}.AppStore|x64.Deploy.0 = AppStore|iPhone
		{CB4DD9C2-F2D3-446E-8F20-7AB6C02FE08E}.AppStore|x86.ActiveCfg = AppStore|iPhone
		{CB4DD9C2-F2D3-446E-8F20-7AB6C02FE08E}.AppStore|x86.Build.0 = AppStore|iPhone
		{CB4DD9C2-F2D3-446E-8F20-7AB6C02FE08E}.AppStore|x86.Deploy.0 = AppStore|iPhone
		{CB4DD9C2-F2D3-446E-8F20-7AB6C02FE08E}.Debug|Any CPU.ActiveCfg = Debug|iPhoneSimulator
		{CB4DD9C2-F2D3-446E-8F20-7AB6C02FE08E}.Debug|Any CPU.Build.0 = Debug|iPhoneSimulator
		{CB4DD9C2-F2D3-446E-8F20-7AB6C02FE08E}.Debug|Any CPU.Deploy.0 = Debug|iPhoneSimulator
		{CB4DD9C2-F2D3-446E-8F20-7AB6C02FE08E}.Debug|ARM.ActiveCfg = Debug|iPhone
		{CB4DD9C2-F2D3-446E-8F20-7AB6C02FE08E}.Debug|ARM.Build.0 = Debug|iPhone
		{CB4DD9C2-F2D3-446E-8F20-7AB6C02FE08E}.Debug|ARM.Deploy.0 = Debug|iPhone
		{CB4DD9C2-F2D3-446E-8F20-7AB6C02FE08E}.Debug|iPhone.ActiveCfg = Debug|iPhone
		{CB4DD9C2-F2D3-446E-8F20-7AB6C02FE08E}.Debug|iPhone.Build.0 = Debug|iPhone
		{CB4DD9C2-F2D3-446E-8F20-7AB6C02FE08E}.Debug|iPhone.Deploy.0 = Debug|iPhone
		{CB4DD9C2-F2D3-446E-8F20-7AB6C02FE08E}.Debug|iPhoneSimulator.ActiveCfg = Debug|iPhoneSimulator
		{CB4DD9C2-F2D3-446E-8F20-7AB6C02FE08E}.Debug|iPhoneSimulator.Build.0 = Debug|iPhoneSimulator
		{CB4DD9C2-F2D3-446E-8F20-7AB6C02FE08E}.Debug|iPhoneSimulator.Deploy.0 = Debug|iPhoneSimulator
		{CB4DD9C2-F2D3-446E-8F20-7AB6C02FE08E}.Debug|x64.ActiveCfg = Debug|iPhone
		{CB4DD9C2-F2D3-446E-8F20-7AB6C02FE08E}.Debug|x64.Build.0 = Debug|iPhone
		{CB4DD9C2-F2D3-446E-8F20-7AB6C02FE08E}.Debug|x64.Deploy.0 = Debug|iPhone
		{CB4DD9C2-F2D3-446E-8F20-7AB6C02FE08E}.Debug|x86.ActiveCfg = Debug|iPhone
		{CB4DD9C2-F2D3-446E-8F20-7AB6C02FE08E}.Debug|x86.Build.0 = Debug|iPhone
		{CB4DD9C2-F2D3-446E-8F20-7AB6C02FE08E}.Debug|x86.Deploy.0 = Debug|iPhone
		{CB4DD9C2-F2D3-446E-8F20-7AB6C02FE08E}.Release|Any CPU.ActiveCfg = Release|iPhone
		{CB4DD9C2-F2D3-446E-8F20-7AB6C02FE08E}.Release|Any CPU.Build.0 = Release|iPhone
		{CB4DD9C2-F2D3-446E-8F20-7AB6C02FE08E}.Release|Any CPU.Deploy.0 = Release|iPhone
		{CB4DD9C2-F2D3-446E-8F20-7AB6C02FE08E}.Release|ARM.ActiveCfg = Release|iPhone
		{CB4DD9C2-F2D3-446E-8F20-7AB6C02FE08E}.Release|ARM.Build.0 = Release|iPhone
		{CB4DD9C2-F2D3-446E-8F20-7AB6C02FE08E}.Release|ARM.Deploy.0 = Release|iPhone
		{CB4DD9C2-F2D3-446E-8F20-7AB6C02FE08E}.Release|iPhone.ActiveCfg = Release|iPhone
		{CB4DD9C2-F2D3-446E-8F20-7AB6C02FE08E}.Release|iPhone.Build.0 = Release|iPhone
		{CB4DD9C2-F2D3-446E-8F20-7AB6C02FE08E}.Release|iPhone.Deploy.0 = Release|iPhone
		{CB4DD9C2-F2D3-446E-8F20-7AB6C02FE08E}.Release|iPhoneSimulator.ActiveCfg = Release|iPhoneSimulator
		{CB4DD9C2-F2D3-446E-8F20-7AB6C02FE08E}.Release|iPhoneSimulator.Build.0 = Release|iPhoneSimulator
		{CB4DD9C2-F2D3-446E-8F20-7AB6C02FE08E}.Release|iPhoneSimulator.Deploy.0 = Release|iPhoneSimulator
		{CB4DD9C2-F2D3-446E-8F20-7AB6C02FE08E}.Release|x64.ActiveCfg = Release|iPhone
		{CB4DD9C2-F2D3-446E-8F20-7AB6C02FE08E}.Release|x64.Build.0 = Release|iPhone
		{CB4DD9C2-F2D3-446E-8F20-7AB6C02FE08E}.Release|x64.Deploy.0 = Release|iPhone
		{CB4DD9C2-F2D3-446E-8F20-7AB6C02FE08E}.Release|x86.ActiveCfg = Release|iPhone
		{CB4DD9C2-F2D3-446E-8F20-7AB6C02FE08E}.Release|x86.Build.0 = Release|iPhone
		{CB4DD9C2-F2D3-446E-8F20-7AB6C02FE08E}.Release|x86.Deploy.0 = Release|iPhone
		{E55A324C-306E-4349-838F-13B8937E56B9}.Ad-Hoc|Any CPU.ActiveCfg = Release|x86
		{E55A324C-306E-4349-838F-13B8937E56B9}.Ad-Hoc|Any CPU.Build.0 = Release|x86
		{E55A324C-306E-4349-838F-13B8937E56B9}.Ad-Hoc|Any CPU.Deploy.0 = Release|x86
		{E55A324C-306E-4349-838F-13B8937E56B9}.Ad-Hoc|ARM.ActiveCfg = Release|ARM
		{E55A324C-306E-4349-838F-13B8937E56B9}.Ad-Hoc|ARM.Build.0 = Release|ARM
		{E55A324C-306E-4349-838F-13B8937E56B9}.Ad-Hoc|ARM.Deploy.0 = Release|ARM
		{E55A324C-306E-4349-838F-13B8937E56B9}.Ad-Hoc|iPhone.ActiveCfg = Release|x86
		{E55A324C-306E-4349-838F-13B8937E56B9}.Ad-Hoc|iPhone.Build.0 = Release|x86
		{E55A324C-306E-4349-838F-13B8937E56B9}.Ad-Hoc|iPhone.Deploy.0 = Release|x86
		{E55A324C-306E-4349-838F-13B8937E56B9}.Ad-Hoc|iPhoneSimulator.ActiveCfg = Release|x86
		{E55A324C-306E-4349-838F-13B8937E56B9}.Ad-Hoc|iPhoneSimulator.Build.0 = Release|x86
		{E55A324C-306E-4349-838F-13B8937E56B9}.Ad-Hoc|iPhoneSimulator.Deploy.0 = Release|x86
		{E55A324C-306E-4349-838F-13B8937E56B9}.Ad-Hoc|x64.ActiveCfg = Release|x64
		{E55A324C-306E-4349-838F-13B8937E56B9}.Ad-Hoc|x64.Build.0 = Release|x64
		{E55A324C-306E-4349-838F-13B8937E56B9}.Ad-Hoc|x64.Deploy.0 = Release|x64
		{E55A324C-306E-4349-838F-13B8937E56B9}.Ad-Hoc|x86.ActiveCfg = Release|x86
		{E55A324C-306E-4349-838F-13B8937E56B9}.Ad-Hoc|x86.Build.0 = Release|x86
		{E55A324C-306E-4349-838F-13B8937E56B9}.Ad-Hoc|x86.Deploy.0 = Release|x86
		{E55A324C-306E-4349-838F-13B8937E56B9}.AppStore|Any CPU.ActiveCfg = Release|x86
		{E55A324C-306E-4349-838F-13B8937E56B9}.AppStore|Any CPU.Build.0 = Release|x86
		{E55A324C-306E-4349-838F-13B8937E56B9}.AppStore|Any CPU.Deploy.0 = Release|x86
		{E55A324C-306E-4349-838F-13B8937E56B9}.AppStore|ARM.ActiveCfg = Release|ARM
		{E55A324C-306E-4349-838F-13B8937E56B9}.AppStore|ARM.Build.0 = Release|ARM
		{E55A324C-306E-4349-838F-13B8937E56B9}.AppStore|ARM.Deploy.0 = Release|ARM
		{E55A324C-306E-4349-838F-13B8937E56B9}.AppStore|iPhone.ActiveCfg = Release|x86
		{E55A324C-306E-4349-838F-13B8937E56B9}.AppStore|iPhone.Build.0 = Release|x86
		{E55A324C-306E-4349-838F-13B8937E56B9}.AppStore|iPhone.Deploy.0 = Release|x86
		{E55A324C-306E-4349-838F-13B8937E56B9}.AppStore|iPhoneSimulator.ActiveCfg = Release|x86
		{E55A324C-306E-4349-838F-13B8937E56B9}.AppStore|iPhoneSimulator.Build.0 = Release|x86
		{E55A324C-306E-4349-838F-13B8937E56B9}.AppStore|iPhoneSimulator.Deploy.0 = Release|x86
		{E55A324C-306E-4349-838F-13B8937E56B9}.AppStore|x64.ActiveCfg = Release|x64
		{E55A324C-306E-4349-838F-13B8937E56B9}.AppStore|x64.Build.0 = Release|x64
		{E55A324C-306E-4349-838F-13B8937E56B9}.AppStore|x64.Deploy.0 = Release|x64
		{E55A324C-306E-4349-838F-13B8937E56B9}.AppStore|x86.ActiveCfg = Release|x86
		{E55A324C-306E-4349-838F-13B8937E56B9}.AppStore|x86.Build.0 = Release|x86
		{E55A324C-306E-4349-838F-13B8937E56B9}.AppStore|x86.Deploy.0 = Release|x86
		{E55A324C-306E-4349-838F-13B8937E56B9}.Debug|Any CPU.ActiveCfg = Debug|x86
		{E55A324C-306E-4349-838F-13B8937E56B9}.Debug|Any CPU.Build.0 = Debug|x86
		{E55A324C-306E-4349-838F-13B8937E56B9}.Debug|Any CPU.Deploy.0 = Debug|x86
		{E55A324C-306E-4349-838F-13B8937E56B9}.Debug|ARM.ActiveCfg = Debug|ARM
		{E55A324C-306E-4349-838F-13B8937E56B9}.Debug|ARM.Build.0 = Debug|ARM
		{E55A324C-306E-4349-838F-13B8937E56B9}.Debug|ARM.Deploy.0 = Debug|ARM
		{E55A324C-306E-4349-838F-13B8937E56B9}.Debug|iPhone.ActiveCfg = Debug|x86
		{E55A324C-306E-4349-838F-13B8937E56B9}.Debug|iPhone.Build.0 = Debug|x86
		{E55A324C-306E-4349-838F-13B8937E56B9}.Debug|iPhone.Deploy.0 = Debug|x86
		{E55A324C-306E-4349-838F-13B8937E56B9}.Debug|iPhoneSimulator.ActiveCfg = Debug|x86
		{E55A324C-306E-4349-838F-13B8937E56B9}.Debug|iPhoneSimulator.Build.0 = Debug|x86
		{E55A324C-306E-4349-838F-13B8937E56B9}.Debug|iPhoneSimulator.Deploy.0 = Debug|x86
		{E55A324C-306E-4349-838F-13B8937E56B9}.Debug|x64.ActiveCfg = Debug|x64
		{E55A324C-306E-4349-838F-13B8937E56B9}.Debug|x64.Build.0 = Debug|x64
		{E55A324C-306E-4349-838F-13B8937E56B9}.Debug|x64.Deploy.0 = Debug|x64
		{E55A324C-306E-4349-838F-13B8937E56B9}.Debug|x86.ActiveCfg = Debug|x86
		{E55A324C-306E-4349-838F-13B8937E56B9}.Debug|x86.Build.0 = Debug|x86
		{E55A324C-306E-4349-838F-13B8937E56B9}.Debug|x86.Deploy.0 = Debug|x86
		{E55A324C-306E-4349-838F-13B8937E56B9}.Release|Any CPU.ActiveCfg = Release|x86
		{E55A324C-306E-4349-838F-13B8937E56B9}.Release|Any CPU.Build.0 = Release|x86
		{E55A324C-306E-4349-838F-13B8937E56B9}.Release|Any CPU.Deploy.0 = Release|x86
		{E55A324C-306E-4349-838F-13B8937E56B9}.Release|ARM.ActiveCfg = Release|ARM
		{E55A324C-306E-4349-838F-13B8937E56B9}.Release|ARM.Build.0 = Release|ARM
		{E55A324C-306E-4349-838F-13B8937E56B9}.Release|ARM.Deploy.0 = Release|ARM
		{E55A324C-306E-4349-838F-13B8937E56B9}.Release|iPhone.ActiveCfg = Release|x86
		{E55A324C-306E-4349-838F-13B8937E56B9}.Release|iPhone.Build.0 = Release|x86
		{E55A324C-306E-4349-838F-13B8937E56B9}.Release|iPhone.Deploy.0 = Release|x86
		{E55A324C-306E-4349-838F-13B8937E56B9}.Release|iPhoneSimulator.ActiveCfg = Release|x86
		{E55A324C-306E-4349-838F-13B8937E56B9}.Release|iPhoneSimulator.Build.0 = Release|x86
		{E55A324C-306E-4349-838F-13B8937E56B9}.Release|iPhoneSimulator.Deploy.0 = Release|x86
		{E55A324C-306E-4349-838F-13B8937E56B9}.Release|x64.ActiveCfg = Release|x64
		{E55A324C-306E-4349-838F-13B8937E56B9}.Release|x64.Build.0 = Release|x64
		{E55A324C-306E-4349-838F-13B8937E56B9}.Release|x64.Deploy.0 = Release|x64
		{E55A324C-306E-4349-838F-13B8937E56B9}.Release|x86.ActiveCfg = Release|x86
		{E55A324C-306E-4349-838F-13B8937E56B9}.Release|x86.Build.0 = Release|x86
		{E55A324C-306E-4349-838F-13B8937E56B9}.Release|x86.Deploy.0 = Release|x86
		{08082807-4572-49A3-81D2-4C189D850EC6}.Ad-Hoc|Any CPU.ActiveCfg = Debug|Any CPU
		{08082807-4572-49A3-81D2-4C189D850EC6}.Ad-Hoc|Any CPU.Build.0 = Debug|Any CPU
		{08082807-4572-49A3-81D2-4C189D850EC6}.Ad-Hoc|Any CPU.Deploy.0 = Debug|Any CPU
		{08082807-4572-49A3-81D2-4C189D850EC6}.Ad-Hoc|ARM.ActiveCfg = Debug|Any CPU
		{08082807-4572-49A3-81D2-4C189D850EC6}.Ad-Hoc|ARM.Build.0 = Debug|Any CPU
		{08082807-4572-49A3-81D2-4C189D850EC6}.Ad-Hoc|ARM.Deploy.0 = Debug|Any CPU
		{08082807-4572-49A3-81D2-4C189D850EC6}.Ad-Hoc|iPhone.ActiveCfg = Debug|Any CPU
		{08082807-4572-49A3-81D2-4C189D850EC6}.Ad-Hoc|iPhone.Build.0 = Debug|Any CPU
		{08082807-4572-49A3-81D2-4C189D850EC6}.Ad-Hoc|iPhone.Deploy.0 = Debug|Any CPU
		{08082807-4572-49A3-81D2-4C189D850EC6}.Ad-Hoc|iPhoneSimulator.ActiveCfg = Debug|Any CPU
		{08082807-4572-49A3-81D2-4C189D850EC6}.Ad-Hoc|iPhoneSimulator.Build.0 = Debug|Any CPU
		{08082807-4572-49A3-81D2-4C189D850EC6}.Ad-Hoc|iPhoneSimulator.Deploy.0 = Debug|Any CPU
		{08082807-4572-49A3-81D2-4C189D850EC6}.Ad-Hoc|x64.ActiveCfg = Debug|Any CPU
		{08082807-4572-49A3-81D2-4C189D850EC6}.Ad-Hoc|x64.Build.0 = Debug|Any CPU
		{08082807-4572-49A3-81D2-4C189D850EC6}.Ad-Hoc|x64.Deploy.0 = Debug|Any CPU
		{08082807-4572-49A3-81D2-4C189D850EC6}.Ad-Hoc|x86.ActiveCfg = Debug|Any CPU
		{08082807-4572-49A3-81D2-4C189D850EC6}.Ad-Hoc|x86.Build.0 = Debug|Any CPU
		{08082807-4572-49A3-81D2-4C189D850EC6}.Ad-Hoc|x86.Deploy.0 = Debug|Any CPU
		{08082807-4572-49A3-81D2-4C189D850EC6}.AppStore|Any CPU.ActiveCfg = Debug|Any CPU
		{08082807-4572-49A3-81D2-4C189D850EC6}.AppStore|Any CPU.Build.0 = Debug|Any CPU
		{08082807-4572-49A3-81D2-4C189D850EC6}.AppStore|Any CPU.Deploy.0 = Debug|Any CPU
		{08082807-4572-49A3-81D2-4C189D850EC6}.AppStore|ARM.ActiveCfg = Debug|Any CPU
		{08082807-4572-49A3-81D2-4C189D850EC6}.AppStore|ARM.Build.0 = Debug|Any CPU
		{08082807-4572-49A3-81D2-4C189D850EC6}.AppStore|ARM.Deploy.0 = Debug|Any CPU
		{08082807-4572-49A3-81D2-4C189D850EC6}.AppStore|iPhone.ActiveCfg = Debug|Any CPU
		{08082807-4572-49A3-81D2-4C189D850EC6}.AppStore|iPhone.Build.0 = Debug|Any CPU
		{08082807-4572-49A3-81D2-4C189D850EC6}.AppStore|iPhone.Deploy.0 = Debug|Any CPU
		{08082807-4572-49A3-81D2-4C189D850EC6}.AppStore|iPhoneSimulator.ActiveCfg = Debug|Any CPU
		{08082807-4572-49A3-81D2-4C189D850EC6}.AppStore|iPhoneSimulator.Build.0 = Debug|Any CPU
		{08082807-4572-49A3-81D2-4C189D850EC6}.AppStore|iPhoneSimulator.Deploy.0 = Debug|Any CPU
		{08082807-4572-49A3-81D2-4C189D850EC6}.AppStore|x64.ActiveCfg = Debug|Any CPU
		{08082807-4572-49A3-81D2-4C189D850EC6}.AppStore|x64.Build.0 = Debug|Any CPU
		{08082807-4572-49A3-81D2-4C189D850EC6}.AppStore|x64.Deploy.0 = Debug|Any CPU
		{08082807-4572-49A3-81D2-4C189D850EC6}.AppStore|x86.ActiveCfg = Debug|Any CPU
		{08082807-4572-49A3-81D2-4C189D850EC6}.AppStore|x86.Build.0 = Debug|Any CPU
		{08082807-4572-49A3-81D2-4C189D850EC6}.AppStore|x86.Deploy.0 = Debug|Any CPU
		{08082807-4572-49A3-81D2-4C189D850EC6}.Debug|Any CPU.ActiveCfg = Debug|Any CPU
		{08082807-4572-49A3-81D2-4C189D850EC6}.Debug|Any CPU.Build.0 = Debug|Any CPU
		{08082807-4572-49A3-81D2-4C189D850EC6}.Debug|Any CPU.Deploy.0 = Debug|Any CPU
		{08082807-4572-49A3-81D2-4C189D850EC6}.Debug|ARM.ActiveCfg = Debug|Any CPU
		{08082807-4572-49A3-81D2-4C189D850EC6}.Debug|ARM.Build.0 = Debug|Any CPU
		{08082807-4572-49A3-81D2-4C189D850EC6}.Debug|ARM.Deploy.0 = Debug|Any CPU
		{08082807-4572-49A3-81D2-4C189D850EC6}.Debug|iPhone.ActiveCfg = Debug|Any CPU
		{08082807-4572-49A3-81D2-4C189D850EC6}.Debug|iPhone.Build.0 = Debug|Any CPU
		{08082807-4572-49A3-81D2-4C189D850EC6}.Debug|iPhone.Deploy.0 = Debug|Any CPU
		{08082807-4572-49A3-81D2-4C189D850EC6}.Debug|iPhoneSimulator.ActiveCfg = Debug|Any CPU
		{08082807-4572-49A3-81D2-4C189D850EC6}.Debug|iPhoneSimulator.Build.0 = Debug|Any CPU
		{08082807-4572-49A3-81D2-4C189D850EC6}.Debug|iPhoneSimulator.Deploy.0 = Debug|Any CPU
		{08082807-4572-49A3-81D2-4C189D850EC6}.Debug|x64.ActiveCfg = Debug|Any CPU
		{08082807-4572-49A3-81D2-4C189D850EC6}.Debug|x64.Build.0 = Debug|Any CPU
		{08082807-4572-49A3-81D2-4C189D850EC6}.Debug|x64.Deploy.0 = Debug|Any CPU
		{08082807-4572-49A3-81D2-4C189D850EC6}.Debug|x86.ActiveCfg = Debug|Any CPU
		{08082807-4572-49A3-81D2-4C189D850EC6}.Debug|x86.Build.0 = Debug|Any CPU
		{08082807-4572-49A3-81D2-4C189D850EC6}.Debug|x86.Deploy.0 = Debug|Any CPU
		{08082807-4572-49A3-81D2-4C189D850EC6}.Release|Any CPU.ActiveCfg = Release|Any CPU
		{08082807-4572-49A3-81D2-4C189D850EC6}.Release|Any CPU.Build.0 = Release|Any CPU
		{08082807-4572-49A3-81D2-4C189D850EC6}.Release|Any CPU.Deploy.0 = Release|Any CPU
		{08082807-4572-49A3-81D2-4C189D850EC6}.Release|ARM.ActiveCfg = Release|Any CPU
		{08082807-4572-49A3-81D2-4C189D850EC6}.Release|ARM.Build.0 = Release|Any CPU
		{08082807-4572-49A3-81D2-4C189D850EC6}.Release|ARM.Deploy.0 = Release|Any CPU
		{08082807-4572-49A3-81D2-4C189D850EC6}.Release|iPhone.ActiveCfg = Release|Any CPU
		{08082807-4572-49A3-81D2-4C189D850EC6}.Release|iPhone.Build.0 = Release|Any CPU
		{08082807-4572-49A3-81D2-4C189D850EC6}.Release|iPhone.Deploy.0 = Release|Any CPU
		{08082807-4572-49A3-81D2-4C189D850EC6}.Release|iPhoneSimulator.ActiveCfg = Release|Any CPU
		{08082807-4572-49A3-81D2-4C189D850EC6}.Release|iPhoneSimulator.Build.0 = Release|Any CPU
		{08082807-4572-49A3-81D2-4C189D850EC6}.Release|iPhoneSimulator.Deploy.0 = Release|Any CPU
		{08082807-4572-49A3-81D2-4C189D850EC6}.Release|x64.ActiveCfg = Release|Any CPU
		{08082807-4572-49A3-81D2-4C189D850EC6}.Release|x64.Build.0 = Release|Any CPU
		{08082807-4572-49A3-81D2-4C189D850EC6}.Release|x64.Deploy.0 = Release|Any CPU
		{08082807-4572-49A3-81D2-4C189D850EC6}.Release|x86.ActiveCfg = Release|Any CPU
		{08082807-4572-49A3-81D2-4C189D850EC6}.Release|x86.Build.0 = Release|Any CPU
		{08082807-4572-49A3-81D2-4C189D850EC6}.Release|x86.Deploy.0 = Release|Any CPU
	EndGlobalSection
	GlobalSection(SolutionProperties) = preSolution
		HideSolutionNode = FALSE
	EndGlobalSection
	GlobalSection(ExtensibilityGlobals) = postSolution
		SolutionGuid = {C0883D8D-A0FB-44F2-A983-25ABA934ADAE}
	EndGlobalSection
EndGlobal
