
Microsoft Visual Studio Solution File, Format Version 12.00
# Visual Studio 15
VisualStudioVersion = 15.0.28307.136
MinimumVisualStudioVersion = 10.0.40219.1
Project("{FAE04EC0-301F-11D3-BF4B-00C04F79EFBC}") = "Cascading.Android", "Cascading\Cascading.Android\Cascading.Android.csproj", "{C820E195-C415-415D-A0BF-C4769DB649B7}"
EndProject
Project("{FAE04EC0-301F-11D3-BF4B-00C04F79EFBC}") = "Cascading.iOS", "Cascading\Cascading.iOS\Cascading.iOS.csproj", "{B501155B-9E87-44CE-8148-5E452C625449}"
EndProject
Project("{FAE04EC0-301F-11D3-BF4B-00C04F79EFBC}") = "Cascading.UWP", "Cascading\Cascading.UWP\Cascading.UWP.csproj", "{DDA3D51C-458B-43F1-BDCB-AF0766E54DC0}"
EndProject
Project("{FAE04EC0-301F-11D3-BF4B-00C04F79EFBC}") = "Cascading", "Cascading\Cascading\Cascading.csproj", "{9E9053B5-FE92-4FF7-8DC6-180B60D80C99}"
EndProject
Global
	GlobalSection(SolutionConfigurationPlatforms) = preSolution
		Ad-Hoc|Any CPU = Ad-Hoc|Any CPU
		Ad-Hoc|ARM = Ad-Hoc|ARM
		Ad-Hoc|iPhone = Ad-Hoc|iPhone
		Ad-Hoc|iPhoneSimulator = Ad-Hoc|iPhoneSimulator
		Ad-Hoc|x64 = Ad-Hoc|x64
		Ad-Hoc|x86 = Ad-Hoc|x86
		AppStore|Any CPU = AppStore|Any CPU
		AppStore|ARM = AppStore|ARM
		AppStore|iPhone = AppStore|iPhone
		AppStore|iPhoneSimulator = AppStore|iPhoneSimulator
		AppStore|x64 = AppStore|x64
		AppStore|x86 = AppStore|x86
		Debug|Any CPU = Debug|Any CPU
		Debug|ARM = Debug|ARM
		Debug|iPhone = Debug|iPhone
		Debug|iPhoneSimulator = Debug|iPhoneSimulator
		Debug|x64 = Debug|x64
		Debug|x86 = Debug|x86
		Release|Any CPU = Release|Any CPU
		Release|ARM = Release|ARM
		Release|iPhone = Release|iPhone
		Release|iPhoneSimulator = Release|iPhoneSimulator
		Release|x64 = Release|x64
		Release|x86 = Release|x86
	EndGlobalSection
	GlobalSection(ProjectConfigurationPlatforms) = postSolution
		{C820E195-C415-415D-A0BF-C4769DB649B7}.Ad-Hoc|Any CPU.ActiveCfg = Release|Any CPU
		{C820E195-C415-415D-A0BF-C4769DB649B7}.Ad-Hoc|Any CPU.Build.0 = Release|Any CPU
		{C820E195-C415-415D-A0BF-C4769DB649B7}.Ad-Hoc|Any CPU.Deploy.0 = Release|Any CPU
		{C820E195-C415-415D-A0BF-C4769DB649B7}.Ad-Hoc|ARM.ActiveCfg = Release|Any CPU
		{C820E195-C415-415D-A0BF-C4769DB649B7}.Ad-Hoc|ARM.Build.0 = Release|Any CPU
		{C820E195-C415-415D-A0BF-C4769DB649B7}.Ad-Hoc|ARM.Deploy.0 = Release|Any CPU
		{C820E195-C415-415D-A0BF-C4769DB649B7}.Ad-Hoc|iPhone.ActiveCfg = Release|Any CPU
		{C820E195-C415-415D-A0BF-C4769DB649B7}.Ad-Hoc|iPhone.Build.0 = Release|Any CPU
		{C820E195-C415-415D-A0BF-C4769DB649B7}.Ad-Hoc|iPhone.Deploy.0 = Release|Any CPU
		{C820E195-C415-415D-A0BF-C4769DB649B7}.Ad-Hoc|iPhoneSimulator.ActiveCfg = Release|Any CPU
		{C820E195-C415-415D-A0BF-C4769DB649B7}.Ad-Hoc|iPhoneSimulator.Build.0 = Release|Any CPU
		{C820E195-C415-415D-A0BF-C4769DB649B7}.Ad-Hoc|iPhoneSimulator.Deploy.0 = Release|Any CPU
		{C820E195-C415-415D-A0BF-C4769DB649B7}.Ad-Hoc|x64.ActiveCfg = Release|Any CPU
		{C820E195-C415-415D-A0BF-C4769DB649B7}.Ad-Hoc|x64.Build.0 = Release|Any CPU
		{C820E195-C415-415D-A0BF-C4769DB649B7}.Ad-Hoc|x64.Deploy.0 = Release|Any CPU
		{C820E195-C415-415D-A0BF-C4769DB649B7}.Ad-Hoc|x86.ActiveCfg = Release|Any CPU
		{C820E195-C415-415D-A0BF-C4769DB649B7}.Ad-Hoc|x86.Build.0 = Release|Any CPU
		{C820E195-C415-415D-A0BF-C4769DB649B7}.Ad-Hoc|x86.Deploy.0 = Release|Any CPU
		{C820E195-C415-415D-A0BF-C4769DB649B7}.AppStore|Any CPU.ActiveCfg = Release|Any CPU
		{C820E195-C415-415D-A0BF-C4769DB649B7}.AppStore|Any CPU.Build.0 = Release|Any CPU
		{C820E195-C415-415D-A0BF-C4769DB649B7}.AppStore|Any CPU.Deploy.0 = Release|Any CPU
		{C820E195-C415-415D-A0BF-C4769DB649B7}.AppStore|ARM.ActiveCfg = Release|Any CPU
		{C820E195-C415-415D-A0BF-C4769DB649B7}.AppStore|ARM.Build.0 = Release|Any CPU
		{C820E195-C415-415D-A0BF-C4769DB649B7}.AppStore|ARM.Deploy.0 = Release|Any CPU
		{C820E195-C415-415D-A0BF-C4769DB649B7}.AppStore|iPhone.ActiveCfg = Release|Any CPU
		{C820E195-C415-415D-A0BF-C4769DB649B7}.AppStore|iPhone.Build.0 = Release|Any CPU
		{C820E195-C415-415D-A0BF-C4769DB649B7}.AppStore|iPhone.Deploy.0 = Release|Any CPU
		{C820E195-C415-415D-A0BF-C4769DB649B7}.AppStore|iPhoneSimulator.ActiveCfg = Release|Any CPU
		{C820E195-C415-415D-A0BF-C4769DB649B7}.AppStore|iPhoneSimulator.Build.0 = Release|Any CPU
		{C820E195-C415-415D-A0BF-C4769DB649B7}.AppStore|iPhoneSimulator.Deploy.0 = Release|Any CPU
		{C820E195-C415-415D-A0BF-C4769DB649B7}.AppStore|x64.ActiveCfg = Release|Any CPU
		{C820E195-C415-415D-A0BF-C4769DB649B7}.AppStore|x64.Build.0 = Release|Any CPU
		{C820E195-C415-415D-A0BF-C4769DB649B7}.AppStore|x64.Deploy.0 = Release|Any CPU
		{C820E195-C415-415D-A0BF-C4769DB649B7}.AppStore|x86.ActiveCfg = Release|Any CPU
		{C820E195-C415-415D-A0BF-C4769DB649B7}.AppStore|x86.Build.0 = Release|Any CPU
		{C820E195-C415-415D-A0BF-C4769DB649B7}.AppStore|x86.Deploy.0 = Release|Any CPU
		{C820E195-C415-415D-A0BF-C4769DB649B7}.Debug|Any CPU.ActiveCfg = Debug|Any CPU
		{C820E195-C415-415D-A0BF-C4769DB649B7}.Debug|Any CPU.Build.0 = Debug|Any CPU
		{C820E195-C415-415D-A0BF-C4769DB649B7}.Debug|Any CPU.Deploy.0 = Debug|Any CPU
		{C820E195-C415-415D-A0BF-C4769DB649B7}.Debug|ARM.ActiveCfg = Debug|Any CPU
		{C820E195-C415-415D-A0BF-C4769DB649B7}.Debug|ARM.Build.0 = Debug|Any CPU
		{C820E195-C415-415D-A0BF-C4769DB649B7}.Debug|ARM.Deploy.0 = Debug|Any CPU
		{C820E195-C415-415D-A0BF-C4769DB649B7}.Debug|iPhone.ActiveCfg = Debug|Any CPU
		{C820E195-C415-415D-A0BF-C4769DB649B7}.Debug|iPhone.Build.0 = Debug|Any CPU
		{C820E195-C415-415D-A0BF-C4769DB649B7}.Debug|iPhone.Deploy.0 = Debug|Any CPU
		{C820E195-C415-415D-A0BF-C4769DB649B7}.Debug|iPhoneSimulator.ActiveCfg = Debug|Any CPU
		{C820E195-C415-415D-A0BF-C4769DB649B7}.Debug|iPhoneSimulator.Build.0 = Debug|Any CPU
		{C820E195-C415-415D-A0BF-C4769DB649B7}.Debug|iPhoneSimulator.Deploy.0 = Debug|Any CPU
		{C820E195-C415-415D-A0BF-C4769DB649B7}.Debug|x64.ActiveCfg = Debug|Any CPU
		{C820E195-C415-415D-A0BF-C4769DB649B7}.Debug|x64.Build.0 = Debug|Any CPU
		{C820E195-C415-415D-A0BF-C4769DB649B7}.Debug|x64.Deploy.0 = Debug|Any CPU
		{C820E195-C415-415D-A0BF-C4769DB649B7}.Debug|x86.ActiveCfg = Debug|Any CPU
		{C820E195-C415-415D-A0BF-C4769DB649B7}.Debug|x86.Build.0 = Debug|Any CPU
		{C820E195-C415-415D-A0BF-C4769DB649B7}.Debug|x86.Deploy.0 = Debug|Any CPU
		{C820E195-C415-415D-A0BF-C4769DB649B7}.Release|Any CPU.ActiveCfg = Release|Any CPU
		{C820E195-C415-415D-A0BF-C4769DB649B7}.Release|Any CPU.Build.0 = Release|Any CPU
		{C820E195-C415-415D-A0BF-C4769DB649B7}.Release|Any CPU.Deploy.0 = Release|Any CPU
		{C820E195-C415-415D-A0BF-C4769DB649B7}.Release|ARM.ActiveCfg = Release|Any CPU
		{C820E195-C415-415D-A0BF-C4769DB649B7}.Release|ARM.Build.0 = Release|Any CPU
		{C820E195-C415-415D-A0BF-C4769DB649B7}.Release|ARM.Deploy.0 = Release|Any CPU
		{C820E195-C415-415D-A0BF-C4769DB649B7}.Release|iPhone.ActiveCfg = Release|Any CPU
		{C820E195-C415-415D-A0BF-C4769DB649B7}.Release|iPhone.Build.0 = Release|Any CPU
		{C820E195-C415-415D-A0BF-C4769DB649B7}.Release|iPhone.Deploy.0 = Release|Any CPU
		{C820E195-C415-415D-A0BF-C4769DB649B7}.Release|iPhoneSimulator.ActiveCfg = Release|Any CPU
		{C820E195-C415-415D-A0BF-C4769DB649B7}.Release|iPhoneSimulator.Build.0 = Release|Any CPU
		{C820E195-C415-415D-A0BF-C4769DB649B7}.Release|iPhoneSimulator.Deploy.0 = Release|Any CPU
		{C820E195-C415-415D-A0BF-C4769DB649B7}.Release|x64.ActiveCfg = Release|Any CPU
		{C820E195-C415-415D-A0BF-C4769DB649B7}.Release|x64.Build.0 = Release|Any CPU
		{C820E195-C415-415D-A0BF-C4769DB649B7}.Release|x64.Deploy.0 = Release|Any CPU
		{C820E195-C415-415D-A0BF-C4769DB649B7}.Release|x86.ActiveCfg = Release|Any CPU
		{C820E195-C415-415D-A0BF-C4769DB649B7}.Release|x86.Build.0 = Release|Any CPU
		{C820E195-C415-415D-A0BF-C4769DB649B7}.Release|x86.Deploy.0 = Release|Any CPU
		{B501155B-9E87-44CE-8148-5E452C625449}.Ad-Hoc|Any CPU.ActiveCfg = Ad-Hoc|iPhone
		{B501155B-9E87-44CE-8148-5E452C625449}.Ad-Hoc|Any CPU.Build.0 = Ad-Hoc|iPhone
		{B501155B-9E87-44CE-8148-5E452C625449}.Ad-Hoc|Any CPU.Deploy.0 = Ad-Hoc|iPhone
		{B501155B-9E87-44CE-8148-5E452C625449}.Ad-Hoc|ARM.ActiveCfg = Ad-Hoc|iPhone
		{B501155B-9E87-44CE-8148-5E452C625449}.Ad-Hoc|ARM.Build.0 = Ad-Hoc|iPhone
		{B501155B-9E87-44CE-8148-5E452C625449}.Ad-Hoc|ARM.Deploy.0 = Ad-Hoc|iPhone
		{B501155B-9E87-44CE-8148-5E452C625449}.Ad-Hoc|iPhone.ActiveCfg = Ad-Hoc|iPhone
		{B501155B-9E87-44CE-8148-5E452C625449}.Ad-Hoc|iPhone.Build.0 = Ad-Hoc|iPhone
		{B501155B-9E87-44CE-8148-5E452C625449}.Ad-Hoc|iPhone.Deploy.0 = Ad-Hoc|iPhone
		{B501155B-9E87-44CE-8148-5E452C625449}.Ad-Hoc|iPhoneSimulator.ActiveCfg = Ad-Hoc|iPhoneSimulator
		{B501155B-9E87-44CE-8148-5E452C625449}.Ad-Hoc|iPhoneSimulator.Build.0 = Ad-Hoc|iPhoneSimulator
		{B501155B-9E87-44CE-8148-5E452C625449}.Ad-Hoc|iPhoneSimulator.Deploy.0 = Ad-Hoc|iPhoneSimulator
		{B501155B-9E87-44CE-8148-5E452C625449}.Ad-Hoc|x64.ActiveCfg = Ad-Hoc|iPhone
		{B501155B-9E87-44CE-8148-5E452C625449}.Ad-Hoc|x64.Build.0 = Ad-Hoc|iPhone
		{B501155B-9E87-44CE-8148-5E452C625449}.Ad-Hoc|x64.Deploy.0 = Ad-Hoc|iPhone
		{B501155B-9E87-44CE-8148-5E452C625449}.Ad-Hoc|x86.ActiveCfg = Ad-Hoc|iPhone
		{B501155B-9E87-44CE-8148-5E452C625449}.Ad-Hoc|x86.Build.0 = Ad-Hoc|iPhone
		{B501155B-9E87-44CE-8148-5E452C625449}.Ad-Hoc|x86.Deploy.0 = Ad-Hoc|iPhone
		{B501155B-9E87-44CE-8148-5E452C625449}.AppStore|Any CPU.ActiveCfg = AppStore|iPhone
		{B501155B-9E87-44CE-8148-5E452C625449}.AppStore|Any CPU.Build.0 = AppStore|iPhone
		{B501155B-9E87-44CE-8148-5E452C625449}.AppStore|Any CPU.Deploy.0 = AppStore|iPhone
		{B501155B-9E87-44CE-8148-5E452C625449}.AppStore|ARM.ActiveCfg = AppStore|iPhone
		{B501155B-9E87-44CE-8148-5E452C625449}.AppStore|ARM.Build.0 = AppStore|iPhone
		{B501155B-9E87-44CE-8148-5E452C625449}.AppStore|ARM.Deploy.0 = AppStore|iPhone
		{B501155B-9E87-44CE-8148-5E452C625449}.AppStore|iPhone.ActiveCfg = AppStore|iPhone
		{B501155B-9E87-44CE-8148-5E452C625449}.AppStore|iPhone.Build.0 = AppStore|iPhone
		{B501155B-9E87-44CE-8148-5E452C625449}.AppStore|iPhone.Deploy.0 = AppStore|iPhone
		{B501155B-9E87-44CE-8148-5E452C625449}.AppStore|iPhoneSimulator.ActiveCfg = AppStore|iPhoneSimulator
		{B501155B-9E87-44CE-8148-5E452C625449}.AppStore|iPhoneSimulator.Build.0 = AppStore|iPhoneSimulator
		{B501155B-9E87-44CE-8148-5E452C625449}.AppStore|iPhoneSimulator.Deploy.0 = AppStore|iPhoneSimulator
		{B501155B-9E87-44CE-8148-5E452C625449}.AppStore|x64.ActiveCfg = AppStore|iPhone
		{B501155B-9E87-44CE-8148-5E452C625449}.AppStore|x64.Build.0 = AppStore|iPhone
		{B501155B-9E87-44CE-8148-5E452C625449}.AppStore|x64.Deploy.0 = AppStore|iPhone
		{B501155B-9E87-44CE-8148-5E452C625449}.AppStore|x86.ActiveCfg = AppStore|iPhone
		{B501155B-9E87-44CE-8148-5E452C625449}.AppStore|x86.Build.0 = AppStore|iPhone
		{B501155B-9E87-44CE-8148-5E452C625449}.AppStore|x86.Deploy.0 = AppStore|iPhone
		{B501155B-9E87-44CE-8148-5E452C625449}.Debug|Any CPU.ActiveCfg = Debug|iPhoneSimulator
		{B501155B-9E87-44CE-8148-5E452C625449}.Debug|Any CPU.Build.0 = Debug|iPhoneSimulator
		{B501155B-9E87-44CE-8148-5E452C625449}.Debug|Any CPU.Deploy.0 = Debug|iPhoneSimulator
		{B501155B-9E87-44CE-8148-5E452C625449}.Debug|ARM.ActiveCfg = Debug|iPhone
		{B501155B-9E87-44CE-8148-5E452C625449}.Debug|ARM.Build.0 = Debug|iPhone
		{B501155B-9E87-44CE-8148-5E452C625449}.Debug|ARM.Deploy.0 = Debug|iPhone
		{B501155B-9E87-44CE-8148-5E452C625449}.Debug|iPhone.ActiveCfg = Debug|iPhone
		{B501155B-9E87-44CE-8148-5E452C625449}.Debug|iPhone.Build.0 = Debug|iPhone
		{B501155B-9E87-44CE-8148-5E452C625449}.Debug|iPhone.Deploy.0 = Debug|iPhone
		{B501155B-9E87-44CE-8148-5E452C625449}.Debug|iPhoneSimulator.ActiveCfg = Debug|iPhoneSimulator
		{B501155B-9E87-44CE-8148-5E452C625449}.Debug|iPhoneSimulator.Build.0 = Debug|iPhoneSimulator
		{B501155B-9E87-44CE-8148-5E452C625449}.Debug|iPhoneSimulator.Deploy.0 = Debug|iPhoneSimulator
		{B501155B-9E87-44CE-8148-5E452C625449}.Debug|x64.ActiveCfg = Debug|iPhone
		{B501155B-9E87-44CE-8148-5E452C625449}.Debug|x64.Build.0 = Debug|iPhone
		{B501155B-9E87-44CE-8148-5E452C625449}.Debug|x64.Deploy.0 = Debug|iPhone
		{B501155B-9E87-44CE-8148-5E452C625449}.Debug|x86.ActiveCfg = Debug|iPhone
		{B501155B-9E87-44CE-8148-5E452C625449}.Debug|x86.Build.0 = Debug|iPhone
		{B501155B-9E87-44CE-8148-5E452C625449}.Debug|x86.Deploy.0 = Debug|iPhone
		{B501155B-9E87-44CE-8148-5E452C625449}.Release|Any CPU.ActiveCfg = Release|iPhone
		{B501155B-9E87-44CE-8148-5E452C625449}.Release|Any CPU.Build.0 = Release|iPhone
		{B501155B-9E87-44CE-8148-5E452C625449}.Release|Any CPU.Deploy.0 = Release|iPhone
		{B501155B-9E87-44CE-8148-5E452C625449}.Release|ARM.ActiveCfg = Release|iPhone
		{B501155B-9E87-44CE-8148-5E452C625449}.Release|ARM.Build.0 = Release|iPhone
		{B501155B-9E87-44CE-8148-5E452C625449}.Release|ARM.Deploy.0 = Release|iPhone
		{B501155B-9E87-44CE-8148-5E452C625449}.Release|iPhone.ActiveCfg = Release|iPhone
		{B501155B-9E87-44CE-8148-5E452C625449}.Release|iPhone.Build.0 = Release|iPhone
		{B501155B-9E87-44CE-8148-5E452C625449}.Release|iPhone.Deploy.0 = Release|iPhone
		{B501155B-9E87-44CE-8148-5E452C625449}.Release|iPhoneSimulator.ActiveCfg = Release|iPhoneSimulator
		{B501155B-9E87-44CE-8148-5E452C625449}.Release|iPhoneSimulator.Build.0 = Release|iPhoneSimulator
		{B501155B-9E87-44CE-8148-5E452C625449}.Release|iPhoneSimulator.Deploy.0 = Release|iPhoneSimulator
		{B501155B-9E87-44CE-8148-5E452C625449}.Release|x64.ActiveCfg = Release|iPhone
		{B501155B-9E87-44CE-8148-5E452C625449}.Release|x64.Build.0 = Release|iPhone
		{B501155B-9E87-44CE-8148-5E452C625449}.Release|x64.Deploy.0 = Release|iPhone
		{B501155B-9E87-44CE-8148-5E452C625449}.Release|x86.ActiveCfg = Release|iPhone
		{B501155B-9E87-44CE-8148-5E452C625449}.Release|x86.Build.0 = Release|iPhone
		{B501155B-9E87-44CE-8148-5E452C625449}.Release|x86.Deploy.0 = Release|iPhone
		{DDA3D51C-458B-43F1-BDCB-AF0766E54DC0}.Ad-Hoc|Any CPU.ActiveCfg = Release|x86
		{DDA3D51C-458B-43F1-BDCB-AF0766E54DC0}.Ad-Hoc|Any CPU.Build.0 = Release|x86
		{DDA3D51C-458B-43F1-BDCB-AF0766E54DC0}.Ad-Hoc|Any CPU.Deploy.0 = Release|x86
		{DDA3D51C-458B-43F1-BDCB-AF0766E54DC0}.Ad-Hoc|ARM.ActiveCfg = Release|ARM
		{DDA3D51C-458B-43F1-BDCB-AF0766E54DC0}.Ad-Hoc|ARM.Build.0 = Release|ARM
		{DDA3D51C-458B-43F1-BDCB-AF0766E54DC0}.Ad-Hoc|ARM.Deploy.0 = Release|ARM
		{DDA3D51C-458B-43F1-BDCB-AF0766E54DC0}.Ad-Hoc|iPhone.ActiveCfg = Release|x86
		{DDA3D51C-458B-43F1-BDCB-AF0766E54DC0}.Ad-Hoc|iPhone.Build.0 = Release|x86
		{DDA3D51C-458B-43F1-BDCB-AF0766E54DC0}.Ad-Hoc|iPhone.Deploy.0 = Release|x86
		{DDA3D51C-458B-43F1-BDCB-AF0766E54DC0}.Ad-Hoc|iPhoneSimulator.ActiveCfg = Release|x86
		{DDA3D51C-458B-43F1-BDCB-AF0766E54DC0}.Ad-Hoc|iPhoneSimulator.Build.0 = Release|x86
		{DDA3D51C-458B-43F1-BDCB-AF0766E54DC0}.Ad-Hoc|iPhoneSimulator.Deploy.0 = Release|x86
		{DDA3D51C-458B-43F1-BDCB-AF0766E54DC0}.Ad-Hoc|x64.ActiveCfg = Release|x64
		{DDA3D51C-458B-43F1-BDCB-AF0766E54DC0}.Ad-Hoc|x64.Build.0 = Release|x64
		{DDA3D51C-458B-43F1-BDCB-AF0766E54DC0}.Ad-Hoc|x64.Deploy.0 = Release|x64
		{DDA3D51C-458B-43F1-BDCB-AF0766E54DC0}.Ad-Hoc|x86.ActiveCfg = Release|x86
		{DDA3D51C-458B-43F1-BDCB-AF0766E54DC0}.Ad-Hoc|x86.Build.0 = Release|x86
		{DDA3D51C-458B-43F1-BDCB-AF0766E54DC0}.Ad-Hoc|x86.Deploy.0 = Release|x86
		{DDA3D51C-458B-43F1-BDCB-AF0766E54DC0}.AppStore|Any CPU.ActiveCfg = Release|x86
		{DDA3D51C-458B-43F1-BDCB-AF0766E54DC0}.AppStore|Any CPU.Build.0 = Release|x86
		{DDA3D51C-458B-43F1-BDCB-AF0766E54DC0}.AppStore|Any CPU.Deploy.0 = Release|x86
		{DDA3D51C-458B-43F1-BDCB-AF0766E54DC0}.AppStore|ARM.ActiveCfg = Release|ARM
		{DDA3D51C-458B-43F1-BDCB-AF0766E54DC0}.AppStore|ARM.Build.0 = Release|ARM
		{DDA3D51C-458B-43F1-BDCB-AF0766E54DC0}.AppStore|ARM.Deploy.0 = Release|ARM
		{DDA3D51C-458B-43F1-BDCB-AF0766E54DC0}.AppStore|iPhone.ActiveCfg = Release|x86
		{DDA3D51C-458B-43F1-BDCB-AF0766E54DC0}.AppStore|iPhone.Build.0 = Release|x86
		{DDA3D51C-458B-43F1-BDCB-AF0766E54DC0}.AppStore|iPhone.Deploy.0 = Release|x86
		{DDA3D51C-458B-43F1-BDCB-AF0766E54DC0}.AppStore|iPhoneSimulator.ActiveCfg = Release|x86
		{DDA3D51C-458B-43F1-BDCB-AF0766E54DC0}.AppStore|iPhoneSimulator.Build.0 = Release|x86
		{DDA3D51C-458B-43F1-BDCB-AF0766E54DC0}.AppStore|iPhoneSimulator.Deploy.0 = Release|x86
		{DDA3D51C-458B-43F1-BDCB-AF0766E54DC0}.AppStore|x64.ActiveCfg = Release|x64
		{DDA3D51C-458B-43F1-BDCB-AF0766E54DC0}.AppStore|x64.Build.0 = Release|x64
		{DDA3D51C-458B-43F1-BDCB-AF0766E54DC0}.AppStore|x64.Deploy.0 = Release|x64
		{DDA3D51C-458B-43F1-BDCB-AF0766E54DC0}.AppStore|x86.ActiveCfg = Release|x86
		{DDA3D51C-458B-43F1-BDCB-AF0766E54DC0}.AppStore|x86.Build.0 = Release|x86
		{DDA3D51C-458B-43F1-BDCB-AF0766E54DC0}.AppStore|x86.Deploy.0 = Release|x86
		{DDA3D51C-458B-43F1-BDCB-AF0766E54DC0}.Debug|Any CPU.ActiveCfg = Debug|x86
		{DDA3D51C-458B-43F1-BDCB-AF0766E54DC0}.Debug|Any CPU.Build.0 = Debug|x86
		{DDA3D51C-458B-43F1-BDCB-AF0766E54DC0}.Debug|Any CPU.Deploy.0 = Debug|x86
		{DDA3D51C-458B-43F1-BDCB-AF0766E54DC0}.Debug|ARM.ActiveCfg = Debug|ARM
		{DDA3D51C-458B-43F1-BDCB-AF0766E54DC0}.Debug|ARM.Build.0 = Debug|ARM
		{DDA3D51C-458B-43F1-BDCB-AF0766E54DC0}.Debug|ARM.Deploy.0 = Debug|ARM
		{DDA3D51C-458B-43F1-BDCB-AF0766E54DC0}.Debug|iPhone.ActiveCfg = Debug|x86
		{DDA3D51C-458B-43F1-BDCB-AF0766E54DC0}.Debug|iPhone.Build.0 = Debug|x86
		{DDA3D51C-458B-43F1-BDCB-AF0766E54DC0}.Debug|iPhone.Deploy.0 = Debug|x86
		{DDA3D51C-458B-43F1-BDCB-AF0766E54DC0}.Debug|iPhoneSimulator.ActiveCfg = Debug|x86
		{DDA3D51C-458B-43F1-BDCB-AF0766E54DC0}.Debug|iPhoneSimulator.Build.0 = Debug|x86
		{DDA3D51C-458B-43F1-BDCB-AF0766E54DC0}.Debug|iPhoneSimulator.Deploy.0 = Debug|x86
		{DDA3D51C-458B-43F1-BDCB-AF0766E54DC0}.Debug|x64.ActiveCfg = Debug|x64
		{DDA3D51C-458B-43F1-BDCB-AF0766E54DC0}.Debug|x64.Build.0 = Debug|x64
		{DDA3D51C-458B-43F1-BDCB-AF0766E54DC0}.Debug|x64.Deploy.0 = Debug|x64
		{DDA3D51C-458B-43F1-BDCB-AF0766E54DC0}.Debug|x86.ActiveCfg = Debug|x86
		{DDA3D51C-458B-43F1-BDCB-AF0766E54DC0}.Debug|x86.Build.0 = Debug|x86
		{DDA3D51C-458B-43F1-BDCB-AF0766E54DC0}.Debug|x86.Deploy.0 = Debug|x86
		{DDA3D51C-458B-43F1-BDCB-AF0766E54DC0}.Release|Any CPU.ActiveCfg = Release|x86
		{DDA3D51C-458B-43F1-BDCB-AF0766E54DC0}.Release|Any CPU.Build.0 = Release|x86
		{DDA3D51C-458B-43F1-BDCB-AF0766E54DC0}.Release|Any CPU.Deploy.0 = Release|x86
		{DDA3D51C-458B-43F1-BDCB-AF0766E54DC0}.Release|ARM.ActiveCfg = Release|ARM
		{DDA3D51C-458B-43F1-BDCB-AF0766E54DC0}.Release|ARM.Build.0 = Release|ARM
		{DDA3D51C-458B-43F1-BDCB-AF0766E54DC0}.Release|ARM.Deploy.0 = Release|ARM
		{DDA3D51C-458B-43F1-BDCB-AF0766E54DC0}.Release|iPhone.ActiveCfg = Release|x86
		{DDA3D51C-458B-43F1-BDCB-AF0766E54DC0}.Release|iPhone.Build.0 = Release|x86
		{DDA3D51C-458B-43F1-BDCB-AF0766E54DC0}.Release|iPhone.Deploy.0 = Release|x86
		{DDA3D51C-458B-43F1-BDCB-AF0766E54DC0}.Release|iPhoneSimulator.ActiveCfg = Release|x86
		{DDA3D51C-458B-43F1-BDCB-AF0766E54DC0}.Release|iPhoneSimulator.Build.0 = Release|x86
		{DDA3D51C-458B-43F1-BDCB-AF0766E54DC0}.Release|iPhoneSimulator.Deploy.0 = Release|x86
		{DDA3D51C-458B-43F1-BDCB-AF0766E54DC0}.Release|x64.ActiveCfg = Release|x64
		{DDA3D51C-458B-43F1-BDCB-AF0766E54DC0}.Release|x64.Build.0 = Release|x64
		{DDA3D51C-458B-43F1-BDCB-AF0766E54DC0}.Release|x64.Deploy.0 = Release|x64
		{DDA3D51C-458B-43F1-BDCB-AF0766E54DC0}.Release|x86.ActiveCfg = Release|x86
		{DDA3D51C-458B-43F1-BDCB-AF0766E54DC0}.Release|x86.Build.0 = Release|x86
		{DDA3D51C-458B-43F1-BDCB-AF0766E54DC0}.Release|x86.Deploy.0 = Release|x86
		{9E9053B5-FE92-4FF7-8DC6-180B60D80C99}.Ad-Hoc|Any CPU.ActiveCfg = Debug|Any CPU
		{9E9053B5-FE92-4FF7-8DC6-180B60D80C99}.Ad-Hoc|Any CPU.Build.0 = Debug|Any CPU
		{9E9053B5-FE92-4FF7-8DC6-180B60D80C99}.Ad-Hoc|Any CPU.Deploy.0 = Debug|Any CPU
		{9E9053B5-FE92-4FF7-8DC6-180B60D80C99}.Ad-Hoc|ARM.ActiveCfg = Debug|Any CPU
		{9E9053B5-FE92-4FF7-8DC6-180B60D80C99}.Ad-Hoc|ARM.Build.0 = Debug|Any CPU
		{9E9053B5-FE92-4FF7-8DC6-180B60D80C99}.Ad-Hoc|ARM.Deploy.0 = Debug|Any CPU
		{9E9053B5-FE92-4FF7-8DC6-180B60D80C99}.Ad-Hoc|iPhone.ActiveCfg = Debug|Any CPU
		{9E9053B5-FE92-4FF7-8DC6-180B60D80C99}.Ad-Hoc|iPhone.Build.0 = Debug|Any CPU
		{9E9053B5-FE92-4FF7-8DC6-180B60D80C99}.Ad-Hoc|iPhone.Deploy.0 = Debug|Any CPU
		{9E9053B5-FE92-4FF7-8DC6-180B60D80C99}.Ad-Hoc|iPhoneSimulator.ActiveCfg = Debug|Any CPU
		{9E9053B5-FE92-4FF7-8DC6-180B60D80C99}.Ad-Hoc|iPhoneSimulator.Build.0 = Debug|Any CPU
		{9E9053B5-FE92-4FF7-8DC6-180B60D80C99}.Ad-Hoc|iPhoneSimulator.Deploy.0 = Debug|Any CPU
		{9E9053B5-FE92-4FF7-8DC6-180B60D80C99}.Ad-Hoc|x64.ActiveCfg = Debug|Any CPU
		{9E9053B5-FE92-4FF7-8DC6-180B60D80C99}.Ad-Hoc|x64.Build.0 = Debug|Any CPU
		{9E9053B5-FE92-4FF7-8DC6-180B60D80C99}.Ad-Hoc|x64.Deploy.0 = Debug|Any CPU
		{9E9053B5-FE92-4FF7-8DC6-180B60D80C99}.Ad-Hoc|x86.ActiveCfg = Debug|Any CPU
		{9E9053B5-FE92-4FF7-8DC6-180B60D80C99}.Ad-Hoc|x86.Build.0 = Debug|Any CPU
		{9E9053B5-FE92-4FF7-8DC6-180B60D80C99}.Ad-Hoc|x86.Deploy.0 = Debug|Any CPU
		{9E9053B5-FE92-4FF7-8DC6-180B60D80C99}.AppStore|Any CPU.ActiveCfg = Debug|Any CPU
		{9E9053B5-FE92-4FF7-8DC6-180B60D80C99}.AppStore|Any CPU.Build.0 = Debug|Any CPU
		{9E9053B5-FE92-4FF7-8DC6-180B60D80C99}.AppStore|Any CPU.Deploy.0 = Debug|Any CPU
		{9E9053B5-FE92-4FF7-8DC6-180B60D80C99}.AppStore|ARM.ActiveCfg = Debug|Any CPU
		{9E9053B5-FE92-4FF7-8DC6-180B60D80C99}.AppStore|ARM.Build.0 = Debug|Any CPU
		{9E9053B5-FE92-4FF7-8DC6-180B60D80C99}.AppStore|ARM.Deploy.0 = Debug|Any CPU
		{9E9053B5-FE92-4FF7-8DC6-180B60D80C99}.AppStore|iPhone.ActiveCfg = Debug|Any CPU
		{9E9053B5-FE92-4FF7-8DC6-180B60D80C99}.AppStore|iPhone.Build.0 = Debug|Any CPU
		{9E9053B5-FE92-4FF7-8DC6-180B60D80C99}.AppStore|iPhone.Deploy.0 = Debug|Any CPU
		{9E9053B5-FE92-4FF7-8DC6-180B60D80C99}.AppStore|iPhoneSimulator.ActiveCfg = Debug|Any CPU
		{9E9053B5-FE92-4FF7-8DC6-180B60D80C99}.AppStore|iPhoneSimulator.Build.0 = Debug|Any CPU
		{9E9053B5-FE92-4FF7-8DC6-180B60D80C99}.AppStore|iPhoneSimulator.Deploy.0 = Debug|Any CPU
		{9E9053B5-FE92-4FF7-8DC6-180B60D80C99}.AppStore|x64.ActiveCfg = Debug|Any CPU
		{9E9053B5-FE92-4FF7-8DC6-180B60D80C99}.AppStore|x64.Build.0 = Debug|Any CPU
		{9E9053B5-FE92-4FF7-8DC6-180B60D80C99}.AppStore|x64.Deploy.0 = Debug|Any CPU
		{9E9053B5-FE92-4FF7-8DC6-180B60D80C99}.AppStore|x86.ActiveCfg = Debug|Any CPU
		{9E9053B5-FE92-4FF7-8DC6-180B60D80C99}.AppStore|x86.Build.0 = Debug|Any CPU
		{9E9053B5-FE92-4FF7-8DC6-180B60D80C99}.AppStore|x86.Deploy.0 = Debug|Any CPU
		{9E9053B5-FE92-4FF7-8DC6-180B60D80C99}.Debug|Any CPU.ActiveCfg = Debug|Any CPU
		{9E9053B5-FE92-4FF7-8DC6-180B60D80C99}.Debug|Any CPU.Build.0 = Debug|Any CPU
		{9E9053B5-FE92-4FF7-8DC6-180B60D80C99}.Debug|Any CPU.Deploy.0 = Debug|Any CPU
		{9E9053B5-FE92-4FF7-8DC6-180B60D80C99}.Debug|ARM.ActiveCfg = Debug|Any CPU
		{9E9053B5-FE92-4FF7-8DC6-180B60D80C99}.Debug|ARM.Build.0 = Debug|Any CPU
		{9E9053B5-FE92-4FF7-8DC6-180B60D80C99}.Debug|ARM.Deploy.0 = Debug|Any CPU
		{9E9053B5-FE92-4FF7-8DC6-180B60D80C99}.Debug|iPhone.ActiveCfg = Debug|Any CPU
		{9E9053B5-FE92-4FF7-8DC6-180B60D80C99}.Debug|iPhone.Build.0 = Debug|Any CPU
		{9E9053B5-FE92-4FF7-8DC6-180B60D80C99}.Debug|iPhone.Deploy.0 = Debug|Any CPU
		{9E9053B5-FE92-4FF7-8DC6-180B60D80C99}.Debug|iPhoneSimulator.ActiveCfg = Debug|Any CPU
		{9E9053B5-FE92-4FF7-8DC6-180B60D80C99}.Debug|iPhoneSimulator.Build.0 = Debug|Any CPU
		{9E9053B5-FE92-4FF7-8DC6-180B60D80C99}.Debug|iPhoneSimulator.Deploy.0 = Debug|Any CPU
		{9E9053B5-FE92-4FF7-8DC6-180B60D80C99}.Debug|x64.ActiveCfg = Debug|Any CPU
		{9E9053B5-FE92-4FF7-8DC6-180B60D80C99}.Debug|x64.Build.0 = Debug|Any CPU
		{9E9053B5-FE92-4FF7-8DC6-180B60D80C99}.Debug|x64.Deploy.0 = Debug|Any CPU
		{9E9053B5-FE92-4FF7-8DC6-180B60D80C99}.Debug|x86.ActiveCfg = Debug|Any CPU
		{9E9053B5-FE92-4FF7-8DC6-180B60D80C99}.Debug|x86.Build.0 = Debug|Any CPU
		{9E9053B5-FE92-4FF7-8DC6-180B60D80C99}.Debug|x86.Deploy.0 = Debug|Any CPU
		{9E9053B5-FE92-4FF7-8DC6-180B60D80C99}.Release|Any CPU.ActiveCfg = Release|Any CPU
		{9E9053B5-FE92-4FF7-8DC6-180B60D80C99}.Release|Any CPU.Build.0 = Release|Any CPU
		{9E9053B5-FE92-4FF7-8DC6-180B60D80C99}.Release|Any CPU.Deploy.0 = Release|Any CPU
		{9E9053B5-FE92-4FF7-8DC6-180B60D80C99}.Release|ARM.ActiveCfg = Release|Any CPU
		{9E9053B5-FE92-4FF7-8DC6-180B60D80C99}.Release|ARM.Build.0 = Release|Any CPU
		{9E9053B5-FE92-4FF7-8DC6-180B60D80C99}.Release|ARM.Deploy.0 = Release|Any CPU
		{9E9053B5-FE92-4FF7-8DC6-180B60D80C99}.Release|iPhone.ActiveCfg = Release|Any CPU
		{9E9053B5-FE92-4FF7-8DC6-180B60D80C99}.Release|iPhone.Build.0 = Release|Any CPU
		{9E9053B5-FE92-4FF7-8DC6-180B60D80C99}.Release|iPhone.Deploy.0 = Release|Any CPU
		{9E9053B5-FE92-4FF7-8DC6-180B60D80C99}.Release|iPhoneSimulator.ActiveCfg = Release|Any CPU
		{9E9053B5-FE92-4FF7-8DC6-180B60D80C99}.Release|iPhoneSimulator.Build.0 = Release|Any CPU
		{9E9053B5-FE92-4FF7-8DC6-180B60D80C99}.Release|iPhoneSimulator.Deploy.0 = Release|Any CPU
		{9E9053B5-FE92-4FF7-8DC6-180B60D80C99}.Release|x64.ActiveCfg = Release|Any CPU
		{9E9053B5-FE92-4FF7-8DC6-180B60D80C99}.Release|x64.Build.0 = Release|Any CPU
		{9E9053B5-FE92-4FF7-8DC6-180B60D80C99}.Release|x64.Deploy.0 = Release|Any CPU
		{9E9053B5-FE92-4FF7-8DC6-180B60D80C99}.Release|x86.ActiveCfg = Release|Any CPU
		{9E9053B5-FE92-4FF7-8DC6-180B60D80C99}.Release|x86.Build.0 = Release|Any CPU
		{9E9053B5-FE92-4FF7-8DC6-180B60D80C99}.Release|x86.Deploy.0 = Release|Any CPU
	EndGlobalSection
	GlobalSection(SolutionProperties) = preSolution
		HideSolutionNode = FALSE
	EndGlobalSection
	GlobalSection(ExtensibilityGlobals) = postSolution
		SolutionGuid = {99149231-5B6A-48A8-8A0E-45AA391E5ED9}
	EndGlobalSection
EndGlobal
