
Microsoft Visual Studio Solution File, Format Version 12.00
# Visual Studio Version 16
VisualStudioVersion = 16.0.31410.357
MinimumVisualStudioVersion = 10.0.40219.1
Project("{FAE04EC0-301F-11D3-BF4B-00C04F79EFBC}") = "CascadingPickerSample.UWP", "CascadingPickerSample\CascadingPickerSample.UWP\CascadingPickerSample.UWP.csproj", "{2297519A-4AF9-4FCB-98F3-7651467718CA}"
EndProject
Project("{FAE04EC0-301F-11D3-BF4B-00C04F79EFBC}") = "CascadingPickerSample.Android", "CascadingPickerSample\CascadingPickerSample.Android\CascadingPickerSample.Android.csproj", "{E61B8DBA-48E5-4D27-91FC-0A634B5B355D}"
EndProject
Project("{FAE04EC0-301F-11D3-BF4B-00C04F79EFBC}") = "CascadingPickerSample.iOS", "CascadingPickerSample\CascadingPickerSample.iOS\CascadingPickerSample.iOS.csproj", "{72B56963-5BA1-49B8-B461-A28A688F7381}"
EndProject
Project("{9A19103F-16F7-4668-BE54-9A1E7A4F7556}") = "CascadingPickerSample", "CascadingPickerSample\CascadingPickerSample\CascadingPickerSample.csproj", "{3F7B9373-7856-4C20-91F6-D96C88FE5336}"
EndProject
Global
	GlobalSection(SolutionConfigurationPlatforms) = preSolution
		Debug|Any CPU = Debug|Any CPU
		Debug|ARM = Debug|ARM
		Debug|iPhone = Debug|iPhone
		Debug|iPhoneSimulator = Debug|iPhoneSimulator
		Debug|x64 = Debug|x64
		Debug|x86 = Debug|x86
		Release|Any CPU = Release|Any CPU
		Release|ARM = Release|ARM
		Release|iPhone = Release|iPhone
		Release|iPhoneSimulator = Release|iPhoneSimulator
		Release|x64 = Release|x64
		Release|x86 = Release|x86
	EndGlobalSection
	GlobalSection(ProjectConfigurationPlatforms) = postSolution
		{2297519A-4AF9-4FCB-98F3-7651467718CA}.Debug|Any CPU.ActiveCfg = Debug|x86
		{2297519A-4AF9-4FCB-98F3-7651467718CA}.Debug|Any CPU.Build.0 = Debug|x86
		{2297519A-4AF9-4FCB-98F3-7651467718CA}.Debug|Any CPU.Deploy.0 = Debug|x86
		{2297519A-4AF9-4FCB-98F3-7651467718CA}.Debug|ARM.ActiveCfg = Debug|ARM
		{2297519A-4AF9-4FCB-98F3-7651467718CA}.Debug|ARM.Build.0 = Debug|ARM
		{2297519A-4AF9-4FCB-98F3-7651467718CA}.Debug|ARM.Deploy.0 = Debug|ARM
		{2297519A-4AF9-4FCB-98F3-7651467718CA}.Debug|iPhone.ActiveCfg = Debug|x86
		{2297519A-4AF9-4FCB-98F3-7651467718CA}.Debug|iPhone.Build.0 = Debug|x86
		{2297519A-4AF9-4FCB-98F3-7651467718CA}.Debug|iPhone.Deploy.0 = Debug|x86
		{2297519A-4AF9-4FCB-98F3-7651467718CA}.Debug|iPhoneSimulator.ActiveCfg = Debug|x86
		{2297519A-4AF9-4FCB-98F3-7651467718CA}.Debug|iPhoneSimulator.Build.0 = Debug|x86
		{2297519A-4AF9-4FCB-98F3-7651467718CA}.Debug|iPhoneSimulator.Deploy.0 = Debug|x86
		{2297519A-4AF9-4FCB-98F3-7651467718CA}.Debug|x64.ActiveCfg = Debug|x64
		{2297519A-4AF9-4FCB-98F3-7651467718CA}.Debug|x64.Build.0 = Debug|x64
		{2297519A-4AF9-4FCB-98F3-7651467718CA}.Debug|x64.Deploy.0 = Debug|x64
		{2297519A-4AF9-4FCB-98F3-7651467718CA}.Debug|x86.ActiveCfg = Debug|x86
		{2297519A-4AF9-4FCB-98F3-7651467718CA}.Debug|x86.Build.0 = Debug|x86
		{2297519A-4AF9-4FCB-98F3-7651467718CA}.Debug|x86.Deploy.0 = Debug|x86
		{2297519A-4AF9-4FCB-98F3-7651467718CA}.Release|Any CPU.ActiveCfg = Release|x86
		{2297519A-4AF9-4FCB-98F3-7651467718CA}.Release|Any CPU.Build.0 = Release|x86
		{2297519A-4AF9-4FCB-98F3-7651467718CA}.Release|Any CPU.Deploy.0 = Release|x86
		{2297519A-4AF9-4FCB-98F3-7651467718CA}.Release|ARM.ActiveCfg = Release|ARM
		{2297519A-4AF9-4FCB-98F3-7651467718CA}.Release|ARM.Build.0 = Release|ARM
		{2297519A-4AF9-4FCB-98F3-7651467718CA}.Release|ARM.Deploy.0 = Release|ARM
		{2297519A-4AF9-4FCB-98F3-7651467718CA}.Release|iPhone.ActiveCfg = Release|x86
		{2297519A-4AF9-4FCB-98F3-7651467718CA}.Release|iPhone.Build.0 = Release|x86
		{2297519A-4AF9-4FCB-98F3-7651467718CA}.Release|iPhone.Deploy.0 = Release|x86
		{2297519A-4AF9-4FCB-98F3-7651467718CA}.Release|iPhoneSimulator.ActiveCfg = Release|x86
		{2297519A-4AF9-4FCB-98F3-7651467718CA}.Release|iPhoneSimulator.Build.0 = Release|x86
		{2297519A-4AF9-4FCB-98F3-7651467718CA}.Release|iPhoneSimulator.Deploy.0 = Release|x86
		{2297519A-4AF9-4FCB-98F3-7651467718CA}.Release|x64.ActiveCfg = Release|x64
		{2297519A-4AF9-4FCB-98F3-7651467718CA}.Release|x64.Build.0 = Release|x64
		{2297519A-4AF9-4FCB-98F3-7651467718CA}.Release|x64.Deploy.0 = Release|x64
		{2297519A-4AF9-4FCB-98F3-7651467718CA}.Release|x86.ActiveCfg = Release|x86
		{2297519A-4AF9-4FCB-98F3-7651467718CA}.Release|x86.Build.0 = Release|x86
		{2297519A-4AF9-4FCB-98F3-7651467718CA}.Release|x86.Deploy.0 = Release|x86
		{E61B8DBA-48E5-4D27-91FC-0A634B5B355D}.Debug|Any CPU.ActiveCfg = Debug|Any CPU
		{E61B8DBA-48E5-4D27-91FC-0A634B5B355D}.Debug|Any CPU.Build.0 = Debug|Any CPU
		{E61B8DBA-48E5-4D27-91FC-0A634B5B355D}.Debug|Any CPU.Deploy.0 = Debug|Any CPU
		{E61B8DBA-48E5-4D27-91FC-0A634B5B355D}.Debug|ARM.ActiveCfg = Debug|Any CPU
		{E61B8DBA-48E5-4D27-91FC-0A634B5B355D}.Debug|ARM.Build.0 = Debug|Any CPU
		{E61B8DBA-48E5-4D27-91FC-0A634B5B355D}.Debug|ARM.Deploy.0 = Debug|Any CPU
		{E61B8DBA-48E5-4D27-91FC-0A634B5B355D}.Debug|iPhone.ActiveCfg = Debug|Any CPU
		{E61B8DBA-48E5-4D27-91FC-0A634B5B355D}.Debug|iPhone.Build.0 = Debug|Any CPU
		{E61B8DBA-48E5-4D27-91FC-0A634B5B355D}.Debug|iPhone.Deploy.0 = Debug|Any CPU
		{E61B8DBA-48E5-4D27-91FC-0A634B5B355D}.Debug|iPhoneSimulator.ActiveCfg = Debug|Any CPU
		{E61B8DBA-48E5-4D27-91FC-0A634B5B355D}.Debug|iPhoneSimulator.Build.0 = Debug|Any CPU
		{E61B8DBA-48E5-4D27-91FC-0A634B5B355D}.Debug|iPhoneSimulator.Deploy.0 = Debug|Any CPU
		{E61B8DBA-48E5-4D27-91FC-0A634B5B355D}.Debug|x64.ActiveCfg = Debug|Any CPU
		{E61B8DBA-48E5-4D27-91FC-0A634B5B355D}.Debug|x64.Build.0 = Debug|Any CPU
		{E61B8DBA-48E5-4D27-91FC-0A634B5B355D}.Debug|x64.Deploy.0 = Debug|Any CPU
		{E61B8DBA-48E5-4D27-91FC-0A634B5B355D}.Debug|x86.ActiveCfg = Debug|Any CPU
		{E61B8DBA-48E5-4D27-91FC-0A634B5B355D}.Debug|x86.Build.0 = Debug|Any CPU
		{E61B8DBA-48E5-4D27-91FC-0A634B5B355D}.Debug|x86.Deploy.0 = Debug|Any CPU
		{E61B8DBA-48E5-4D27-91FC-0A634B5B355D}.Release|Any CPU.ActiveCfg = Release|Any CPU
		{E61B8DBA-48E5-4D27-91FC-0A634B5B355D}.Release|Any CPU.Build.0 = Release|Any CPU
		{E61B8DBA-48E5-4D27-91FC-0A634B5B355D}.Release|Any CPU.Deploy.0 = Release|Any CPU
		{E61B8DBA-48E5-4D27-91FC-0A634B5B355D}.Release|ARM.ActiveCfg = Release|Any CPU
		{E61B8DBA-48E5-4D27-91FC-0A634B5B355D}.Release|ARM.Build.0 = Release|Any CPU
		{E61B8DBA-48E5-4D27-91FC-0A634B5B355D}.Release|ARM.Deploy.0 = Release|Any CPU
		{E61B8DBA-48E5-4D27-91FC-0A634B5B355D}.Release|iPhone.ActiveCfg = Release|Any CPU
		{E61B8DBA-48E5-4D27-91FC-0A634B5B355D}.Release|iPhone.Build.0 = Release|Any CPU
		{E61B8DBA-48E5-4D27-91FC-0A634B5B355D}.Release|iPhone.Deploy.0 = Release|Any CPU
		{E61B8DBA-48E5-4D27-91FC-0A634B5B355D}.Release|iPhoneSimulator.ActiveCfg = Release|Any CPU
		{E61B8DBA-48E5-4D27-91FC-0A634B5B355D}.Release|iPhoneSimulator.Build.0 = Release|Any CPU
		{E61B8DBA-48E5-4D27-91FC-0A634B5B355D}.Release|iPhoneSimulator.Deploy.0 = Release|Any CPU
		{E61B8DBA-48E5-4D27-91FC-0A634B5B355D}.Release|x64.ActiveCfg = Release|Any CPU
		{E61B8DBA-48E5-4D27-91FC-0A634B5B355D}.Release|x64.Build.0 = Release|Any CPU
		{E61B8DBA-48E5-4D27-91FC-0A634B5B355D}.Release|x64.Deploy.0 = Release|Any CPU
		{E61B8DBA-48E5-4D27-91FC-0A634B5B355D}.Release|x86.ActiveCfg = Release|Any CPU
		{E61B8DBA-48E5-4D27-91FC-0A634B5B355D}.Release|x86.Build.0 = Release|Any CPU
		{E61B8DBA-48E5-4D27-91FC-0A634B5B355D}.Release|x86.Deploy.0 = Release|Any CPU
		{72B56963-5BA1-49B8-B461-A28A688F7381}.Debug|Any CPU.ActiveCfg = Debug|iPhoneSimulator
		{72B56963-5BA1-49B8-B461-A28A688F7381}.Debug|Any CPU.Build.0 = Debug|iPhoneSimulator
		{72B56963-5BA1-49B8-B461-A28A688F7381}.Debug|Any CPU.Deploy.0 = Debug|iPhoneSimulator
		{72B56963-5BA1-49B8-B461-A28A688F7381}.Debug|ARM.ActiveCfg = Debug|iPhone
		{72B56963-5BA1-49B8-B461-A28A688F7381}.Debug|ARM.Build.0 = Debug|iPhone
		{72B56963-5BA1-49B8-B461-A28A688F7381}.Debug|ARM.Deploy.0 = Debug|iPhone
		{72B56963-5BA1-49B8-B461-A28A688F7381}.Debug|iPhone.ActiveCfg = Debug|iPhone
		{72B56963-5BA1-49B8-B461-A28A688F7381}.Debug|iPhone.Build.0 = Debug|iPhone
		{72B56963-5BA1-49B8-B461-A28A688F7381}.Debug|iPhone.Deploy.0 = Debug|iPhone
		{72B56963-5BA1-49B8-B461-A28A688F7381}.Debug|iPhoneSimulator.ActiveCfg = Debug|iPhoneSimulator
		{72B56963-5BA1-49B8-B461-A28A688F7381}.Debug|iPhoneSimulator.Build.0 = Debug|iPhoneSimulator
		{72B56963-5BA1-49B8-B461-A28A688F7381}.Debug|iPhoneSimulator.Deploy.0 = Debug|iPhoneSimulator
		{72B56963-5BA1-49B8-B461-A28A688F7381}.Debug|x64.ActiveCfg = Debug|iPhoneSimulator
		{72B56963-5BA1-49B8-B461-A28A688F7381}.Debug|x64.Build.0 = Debug|iPhoneSimulator
		{72B56963-5BA1-49B8-B461-A28A688F7381}.Debug|x64.Deploy.0 = Debug|iPhoneSimulator
		{72B56963-5BA1-49B8-B461-A28A688F7381}.Debug|x86.ActiveCfg = Debug|iPhoneSimulator
		{72B56963-5BA1-49B8-B461-A28A688F7381}.Debug|x86.Build.0 = Debug|iPhoneSimulator
		{72B56963-5BA1-49B8-B461-A28A688F7381}.Debug|x86.Deploy.0 = Debug|iPhoneSimulator
		{72B56963-5BA1-49B8-B461-A28A688F7381}.Release|Any CPU.ActiveCfg = Release|iPhoneSimulator
		{72B56963-5BA1-49B8-B461-A28A688F7381}.Release|Any CPU.Build.0 = Release|iPhoneSimulator
		{72B56963-5BA1-49B8-B461-A28A688F7381}.Release|Any CPU.Deploy.0 = Release|iPhoneSimulator
		{72B56963-5BA1-49B8-B461-A28A688F7381}.Release|ARM.ActiveCfg = Release|iPhoneSimulator
		{72B56963-5BA1-49B8-B461-A28A688F7381}.Release|ARM.Build.0 = Release|iPhoneSimulator
		{72B56963-5BA1-49B8-B461-A28A688F7381}.Release|ARM.Deploy.0 = Release|iPhoneSimulator
		{72B56963-5BA1-49B8-B461-A28A688F7381}.Release|iPhone.ActiveCfg = Release|iPhone
		{72B56963-5BA1-49B8-B461-A28A688F7381}.Release|iPhone.Build.0 = Release|iPhone
		{72B56963-5BA1-49B8-B461-A28A688F7381}.Release|iPhone.Deploy.0 = Release|iPhone
		{72B56963-5BA1-49B8-B461-A28A688F7381}.Release|iPhoneSimulator.ActiveCfg = Release|iPhoneSimulator
		{72B56963-5BA1-49B8-B461-A28A688F7381}.Release|iPhoneSimulator.Build.0 = Release|iPhoneSimulator
		{72B56963-5BA1-49B8-B461-A28A688F7381}.Release|iPhoneSimulator.Deploy.0 = Release|iPhoneSimulator
		{72B56963-5BA1-49B8-B461-A28A688F7381}.Release|x64.ActiveCfg = Release|iPhoneSimulator
		{72B56963-5BA1-49B8-B461-A28A688F7381}.Release|x64.Build.0 = Release|iPhoneSimulator
		{72B56963-5BA1-49B8-B461-A28A688F7381}.Release|x64.Deploy.0 = Release|iPhoneSimulator
		{72B56963-5BA1-49B8-B461-A28A688F7381}.Release|x86.ActiveCfg = Release|iPhoneSimulator
		{72B56963-5BA1-49B8-B461-A28A688F7381}.Release|x86.Build.0 = Release|iPhoneSimulator
		{72B56963-5BA1-49B8-B461-A28A688F7381}.Release|x86.Deploy.0 = Release|iPhoneSimulator
		{3F7B9373-7856-4C20-91F6-D96C88FE5336}.Debug|Any CPU.ActiveCfg = Debug|Any CPU
		{3F7B9373-7856-4C20-91F6-D96C88FE5336}.Debug|Any CPU.Build.0 = Debug|Any CPU
		{3F7B9373-7856-4C20-91F6-D96C88FE5336}.Debug|Any CPU.Deploy.0 = Debug|Any CPU
		{3F7B9373-7856-4C20-91F6-D96C88FE5336}.Debug|ARM.ActiveCfg = Debug|Any CPU
		{3F7B9373-7856-4C20-91F6-D96C88FE5336}.Debug|ARM.Build.0 = Debug|Any CPU
		{3F7B9373-7856-4C20-91F6-D96C88FE5336}.Debug|ARM.Deploy.0 = Debug|Any CPU
		{3F7B9373-7856-4C20-91F6-D96C88FE5336}.Debug|iPhone.ActiveCfg = Debug|Any CPU
		{3F7B9373-7856-4C20-91F6-D96C88FE5336}.Debug|iPhone.Build.0 = Debug|Any CPU
		{3F7B9373-7856-4C20-91F6-D96C88FE5336}.Debug|iPhone.Deploy.0 = Debug|Any CPU
		{3F7B9373-7856-4C20-91F6-D96C88FE5336}.Debug|iPhoneSimulator.ActiveCfg = Debug|Any CPU
		{3F7B9373-7856-4C20-91F6-D96C88FE5336}.Debug|iPhoneSimulator.Build.0 = Debug|Any CPU
		{3F7B9373-7856-4C20-91F6-D96C88FE5336}.Debug|iPhoneSimulator.Deploy.0 = Debug|Any CPU
		{3F7B9373-7856-4C20-91F6-D96C88FE5336}.Debug|x64.ActiveCfg = Debug|Any CPU
		{3F7B9373-7856-4C20-91F6-D96C88FE5336}.Debug|x64.Build.0 = Debug|Any CPU
		{3F7B9373-7856-4C20-91F6-D96C88FE5336}.Debug|x64.Deploy.0 = Debug|Any CPU
		{3F7B9373-7856-4C20-91F6-D96C88FE5336}.Debug|x86.ActiveCfg = Debug|Any CPU
		{3F7B9373-7856-4C20-91F6-D96C88FE5336}.Debug|x86.Build.0 = Debug|Any CPU
		{3F7B9373-7856-4C20-91F6-D96C88FE5336}.Debug|x86.Deploy.0 = Debug|Any CPU
		{3F7B9373-7856-4C20-91F6-D96C88FE5336}.Release|Any CPU.ActiveCfg = Release|Any CPU
		{3F7B9373-7856-4C20-91F6-D96C88FE5336}.Release|Any CPU.Build.0 = Release|Any CPU
		{3F7B9373-7856-4C20-91F6-D96C88FE5336}.Release|Any CPU.Deploy.0 = Release|Any CPU
		{3F7B9373-7856-4C20-91F6-D96C88FE5336}.Release|ARM.ActiveCfg = Release|Any CPU
		{3F7B9373-7856-4C20-91F6-D96C88FE5336}.Release|ARM.Build.0 = Release|Any CPU
		{3F7B9373-7856-4C20-91F6-D96C88FE5336}.Release|ARM.Deploy.0 = Release|Any CPU
		{3F7B9373-7856-4C20-91F6-D96C88FE5336}.Release|iPhone.ActiveCfg = Release|Any CPU
		{3F7B9373-7856-4C20-91F6-D96C88FE5336}.Release|iPhone.Build.0 = Release|Any CPU
		{3F7B9373-7856-4C20-91F6-D96C88FE5336}.Release|iPhone.Deploy.0 = Release|Any CPU
		{3F7B9373-7856-4C20-91F6-D96C88FE5336}.Release|iPhoneSimulator.ActiveCfg = Release|Any CPU
		{3F7B9373-7856-4C20-91F6-D96C88FE5336}.Release|iPhoneSimulator.Build.0 = Release|Any CPU
		{3F7B9373-7856-4C20-91F6-D96C88FE5336}.Release|iPhoneSimulator.Deploy.0 = Release|Any CPU
		{3F7B9373-7856-4C20-91F6-D96C88FE5336}.Release|x64.ActiveCfg = Release|Any CPU
		{3F7B9373-7856-4C20-91F6-D96C88FE5336}.Release|x64.Build.0 = Release|Any CPU
		{3F7B9373-7856-4C20-91F6-D96C88FE5336}.Release|x64.Deploy.0 = Release|Any CPU
		{3F7B9373-7856-4C20-91F6-D96C88FE5336}.Release|x86.ActiveCfg = Release|Any CPU
		{3F7B9373-7856-4C20-91F6-D96C88FE5336}.Release|x86.Build.0 = Release|Any CPU
		{3F7B9373-7856-4C20-91F6-D96C88FE5336}.Release|x86.Deploy.0 = Release|Any CPU
	EndGlobalSection
	GlobalSection(SolutionProperties) = preSolution
		HideSolutionNode = FALSE
	EndGlobalSection
	GlobalSection(ExtensibilityGlobals) = postSolution
		SolutionGuid = {807429FB-7D63-48BF-8509-8B7A2D0C4063}
	EndGlobalSection
EndGlobal
