
Microsoft Visual Studio Solution File, Format Version 12.00
# Visual Studio 15
VisualStudioVersion = 15.0.28307.136
MinimumVisualStudioVersion = 10.0.40219.1
Project("{FAE04EC0-301F-11D3-BF4B-00C04F79EFBC}") = "ColumnAutoReverse.Android", "ColumnAutoReverse\ColumnAutoReverse.Android\ColumnAutoReverse.Android.csproj", "{D962B8CD-2A38-4957-A82B-EE8EB86FD3DD}"
EndProject
Project("{FAE04EC0-301F-11D3-BF4B-00C04F79EFBC}") = "ColumnAutoReverse.iOS", "ColumnAutoReverse\ColumnAutoReverse.iOS\ColumnAutoReverse.iOS.csproj", "{61069355-9654-45C2-A7E6-F9FB0B943A36}"
EndProject
Project("{FAE04EC0-301F-11D3-BF4B-00C04F79EFBC}") = "ColumnAutoReverse.UWP", "ColumnAutoReverse\ColumnAutoReverse.UWP\ColumnAutoReverse.UWP.csproj", "{5A63265C-F252-4E88-B5B8-E5E81E2BB77B}"
EndProject
Project("{FAE04EC0-301F-11D3-BF4B-00C04F79EFBC}") = "ColumnAutoReverse", "ColumnAutoReverse\ColumnAutoReverse\ColumnAutoReverse.csproj", "{16DE772A-3774-4D6A-A5F3-2F13376DF6AB}"
EndProject
Global
	GlobalSection(SolutionConfigurationPlatforms) = preSolution
		Ad-Hoc|Any CPU = Ad-Hoc|Any CPU
		Ad-Hoc|ARM = Ad-Hoc|ARM
		Ad-Hoc|iPhone = Ad-Hoc|iPhone
		Ad-Hoc|iPhoneSimulator = Ad-Hoc|iPhoneSimulator
		Ad-Hoc|x64 = Ad-Hoc|x64
		Ad-Hoc|x86 = Ad-Hoc|x86
		AppStore|Any CPU = AppStore|Any CPU
		AppStore|ARM = AppStore|ARM
		AppStore|iPhone = AppStore|iPhone
		AppStore|iPhoneSimulator = AppStore|iPhoneSimulator
		AppStore|x64 = AppStore|x64
		AppStore|x86 = AppStore|x86
		Debug|Any CPU = Debug|Any CPU
		Debug|ARM = Debug|ARM
		Debug|iPhone = Debug|iPhone
		Debug|iPhoneSimulator = Debug|iPhoneSimulator
		Debug|x64 = Debug|x64
		Debug|x86 = Debug|x86
		Release|Any CPU = Release|Any CPU
		Release|ARM = Release|ARM
		Release|iPhone = Release|iPhone
		Release|iPhoneSimulator = Release|iPhoneSimulator
		Release|x64 = Release|x64
		Release|x86 = Release|x86
	EndGlobalSection
	GlobalSection(ProjectConfigurationPlatforms) = postSolution
		{D962B8CD-2A38-4957-A82B-EE8EB86FD3DD}.Ad-Hoc|Any CPU.ActiveCfg = Release|Any CPU
		{D962B8CD-2A38-4957-A82B-EE8EB86FD3DD}.Ad-Hoc|Any CPU.Build.0 = Release|Any CPU
		{D962B8CD-2A38-4957-A82B-EE8EB86FD3DD}.Ad-Hoc|Any CPU.Deploy.0 = Release|Any CPU
		{D962B8CD-2A38-4957-A82B-EE8EB86FD3DD}.Ad-Hoc|ARM.ActiveCfg = Release|Any CPU
		{D962B8CD-2A38-4957-A82B-EE8EB86FD3DD}.Ad-Hoc|ARM.Build.0 = Release|Any CPU
		{D962B8CD-2A38-4957-A82B-EE8EB86FD3DD}.Ad-Hoc|ARM.Deploy.0 = Release|Any CPU
		{D962B8CD-2A38-4957-A82B-EE8EB86FD3DD}.Ad-Hoc|iPhone.ActiveCfg = Release|Any CPU
		{D962B8CD-2A38-4957-A82B-EE8EB86FD3DD}.Ad-Hoc|iPhone.Build.0 = Release|Any CPU
		{D962B8CD-2A38-4957-A82B-EE8EB86FD3DD}.Ad-Hoc|iPhone.Deploy.0 = Release|Any CPU
		{D962B8CD-2A38-4957-A82B-EE8EB86FD3DD}.Ad-Hoc|iPhoneSimulator.ActiveCfg = Release|Any CPU
		{D962B8CD-2A38-4957-A82B-EE8EB86FD3DD}.Ad-Hoc|iPhoneSimulator.Build.0 = Release|Any CPU
		{D962B8CD-2A38-4957-A82B-EE8EB86FD3DD}.Ad-Hoc|iPhoneSimulator.Deploy.0 = Release|Any CPU
		{D962B8CD-2A38-4957-A82B-EE8EB86FD3DD}.Ad-Hoc|x64.ActiveCfg = Release|Any CPU
		{D962B8CD-2A38-4957-A82B-EE8EB86FD3DD}.Ad-Hoc|x64.Build.0 = Release|Any CPU
		{D962B8CD-2A38-4957-A82B-EE8EB86FD3DD}.Ad-Hoc|x64.Deploy.0 = Release|Any CPU
		{D962B8CD-2A38-4957-A82B-EE8EB86FD3DD}.Ad-Hoc|x86.ActiveCfg = Release|Any CPU
		{D962B8CD-2A38-4957-A82B-EE8EB86FD3DD}.Ad-Hoc|x86.Build.0 = Release|Any CPU
		{D962B8CD-2A38-4957-A82B-EE8EB86FD3DD}.Ad-Hoc|x86.Deploy.0 = Release|Any CPU
		{D962B8CD-2A38-4957-A82B-EE8EB86FD3DD}.AppStore|Any CPU.ActiveCfg = Release|Any CPU
		{D962B8CD-2A38-4957-A82B-EE8EB86FD3DD}.AppStore|Any CPU.Build.0 = Release|Any CPU
		{D962B8CD-2A38-4957-A82B-EE8EB86FD3DD}.AppStore|Any CPU.Deploy.0 = Release|Any CPU
		{D962B8CD-2A38-4957-A82B-EE8EB86FD3DD}.AppStore|ARM.ActiveCfg = Release|Any CPU
		{D962B8CD-2A38-4957-A82B-EE8EB86FD3DD}.AppStore|ARM.Build.0 = Release|Any CPU
		{D962B8CD-2A38-4957-A82B-EE8EB86FD3DD}.AppStore|ARM.Deploy.0 = Release|Any CPU
		{D962B8CD-2A38-4957-A82B-EE8EB86FD3DD}.AppStore|iPhone.ActiveCfg = Release|Any CPU
		{D962B8CD-2A38-4957-A82B-EE8EB86FD3DD}.AppStore|iPhone.Build.0 = Release|Any CPU
		{D962B8CD-2A38-4957-A82B-EE8EB86FD3DD}.AppStore|iPhone.Deploy.0 = Release|Any CPU
		{D962B8CD-2A38-4957-A82B-EE8EB86FD3DD}.AppStore|iPhoneSimulator.ActiveCfg = Release|Any CPU
		{D962B8CD-2A38-4957-A82B-EE8EB86FD3DD}.AppStore|iPhoneSimulator.Build.0 = Release|Any CPU
		{D962B8CD-2A38-4957-A82B-EE8EB86FD3DD}.AppStore|iPhoneSimulator.Deploy.0 = Release|Any CPU
		{D962B8CD-2A38-4957-A82B-EE8EB86FD3DD}.AppStore|x64.ActiveCfg = Release|Any CPU
		{D962B8CD-2A38-4957-A82B-EE8EB86FD3DD}.AppStore|x64.Build.0 = Release|Any CPU
		{D962B8CD-2A38-4957-A82B-EE8EB86FD3DD}.AppStore|x64.Deploy.0 = Release|Any CPU
		{D962B8CD-2A38-4957-A82B-EE8EB86FD3DD}.AppStore|x86.ActiveCfg = Release|Any CPU
		{D962B8CD-2A38-4957-A82B-EE8EB86FD3DD}.AppStore|x86.Build.0 = Release|Any CPU
		{D962B8CD-2A38-4957-A82B-EE8EB86FD3DD}.AppStore|x86.Deploy.0 = Release|Any CPU
		{D962B8CD-2A38-4957-A82B-EE8EB86FD3DD}.Debug|Any CPU.ActiveCfg = Debug|Any CPU
		{D962B8CD-2A38-4957-A82B-EE8EB86FD3DD}.Debug|Any CPU.Build.0 = Debug|Any CPU
		{D962B8CD-2A38-4957-A82B-EE8EB86FD3DD}.Debug|Any CPU.Deploy.0 = Debug|Any CPU
		{D962B8CD-2A38-4957-A82B-EE8EB86FD3DD}.Debug|ARM.ActiveCfg = Debug|Any CPU
		{D962B8CD-2A38-4957-A82B-EE8EB86FD3DD}.Debug|ARM.Build.0 = Debug|Any CPU
		{D962B8CD-2A38-4957-A82B-EE8EB86FD3DD}.Debug|ARM.Deploy.0 = Debug|Any CPU
		{D962B8CD-2A38-4957-A82B-EE8EB86FD3DD}.Debug|iPhone.ActiveCfg = Debug|Any CPU
		{D962B8CD-2A38-4957-A82B-EE8EB86FD3DD}.Debug|iPhone.Build.0 = Debug|Any CPU
		{D962B8CD-2A38-4957-A82B-EE8EB86FD3DD}.Debug|iPhone.Deploy.0 = Debug|Any CPU
		{D962B8CD-2A38-4957-A82B-EE8EB86FD3DD}.Debug|iPhoneSimulator.ActiveCfg = Debug|Any CPU
		{D962B8CD-2A38-4957-A82B-EE8EB86FD3DD}.Debug|iPhoneSimulator.Build.0 = Debug|Any CPU
		{D962B8CD-2A38-4957-A82B-EE8EB86FD3DD}.Debug|iPhoneSimulator.Deploy.0 = Debug|Any CPU
		{D962B8CD-2A38-4957-A82B-EE8EB86FD3DD}.Debug|x64.ActiveCfg = Debug|Any CPU
		{D962B8CD-2A38-4957-A82B-EE8EB86FD3DD}.Debug|x64.Build.0 = Debug|Any CPU
		{D962B8CD-2A38-4957-A82B-EE8EB86FD3DD}.Debug|x64.Deploy.0 = Debug|Any CPU
		{D962B8CD-2A38-4957-A82B-EE8EB86FD3DD}.Debug|x86.ActiveCfg = Debug|Any CPU
		{D962B8CD-2A38-4957-A82B-EE8EB86FD3DD}.Debug|x86.Build.0 = Debug|Any CPU
		{D962B8CD-2A38-4957-A82B-EE8EB86FD3DD}.Debug|x86.Deploy.0 = Debug|Any CPU
		{D962B8CD-2A38-4957-A82B-EE8EB86FD3DD}.Release|Any CPU.ActiveCfg = Release|Any CPU
		{D962B8CD-2A38-4957-A82B-EE8EB86FD3DD}.Release|Any CPU.Build.0 = Release|Any CPU
		{D962B8CD-2A38-4957-A82B-EE8EB86FD3DD}.Release|Any CPU.Deploy.0 = Release|Any CPU
		{D962B8CD-2A38-4957-A82B-EE8EB86FD3DD}.Release|ARM.ActiveCfg = Release|Any CPU
		{D962B8CD-2A38-4957-A82B-EE8EB86FD3DD}.Release|ARM.Build.0 = Release|Any CPU
		{D962B8CD-2A38-4957-A82B-EE8EB86FD3DD}.Release|ARM.Deploy.0 = Release|Any CPU
		{D962B8CD-2A38-4957-A82B-EE8EB86FD3DD}.Release|iPhone.ActiveCfg = Release|Any CPU
		{D962B8CD-2A38-4957-A82B-EE8EB86FD3DD}.Release|iPhone.Build.0 = Release|Any CPU
		{D962B8CD-2A38-4957-A82B-EE8EB86FD3DD}.Release|iPhone.Deploy.0 = Release|Any CPU
		{D962B8CD-2A38-4957-A82B-EE8EB86FD3DD}.Release|iPhoneSimulator.ActiveCfg = Release|Any CPU
		{D962B8CD-2A38-4957-A82B-EE8EB86FD3DD}.Release|iPhoneSimulator.Build.0 = Release|Any CPU
		{D962B8CD-2A38-4957-A82B-EE8EB86FD3DD}.Release|iPhoneSimulator.Deploy.0 = Release|Any CPU
		{D962B8CD-2A38-4957-A82B-EE8EB86FD3DD}.Release|x64.ActiveCfg = Release|Any CPU
		{D962B8CD-2A38-4957-A82B-EE8EB86FD3DD}.Release|x64.Build.0 = Release|Any CPU
		{D962B8CD-2A38-4957-A82B-EE8EB86FD3DD}.Release|x64.Deploy.0 = Release|Any CPU
		{D962B8CD-2A38-4957-A82B-EE8EB86FD3DD}.Release|x86.ActiveCfg = Release|Any CPU
		{D962B8CD-2A38-4957-A82B-EE8EB86FD3DD}.Release|x86.Build.0 = Release|Any CPU
		{D962B8CD-2A38-4957-A82B-EE8EB86FD3DD}.Release|x86.Deploy.0 = Release|Any CPU
		{61069355-9654-45C2-A7E6-F9FB0B943A36}.Ad-Hoc|Any CPU.ActiveCfg = Ad-Hoc|iPhone
		{61069355-9654-45C2-A7E6-F9FB0B943A36}.Ad-Hoc|Any CPU.Build.0 = Ad-Hoc|iPhone
		{61069355-9654-45C2-A7E6-F9FB0B943A36}.Ad-Hoc|Any CPU.Deploy.0 = Ad-Hoc|iPhone
		{61069355-9654-45C2-A7E6-F9FB0B943A36}.Ad-Hoc|ARM.ActiveCfg = Ad-Hoc|iPhone
		{61069355-9654-45C2-A7E6-F9FB0B943A36}.Ad-Hoc|ARM.Build.0 = Ad-Hoc|iPhone
		{61069355-9654-45C2-A7E6-F9FB0B943A36}.Ad-Hoc|ARM.Deploy.0 = Ad-Hoc|iPhone
		{61069355-9654-45C2-A7E6-F9FB0B943A36}.Ad-Hoc|iPhone.ActiveCfg = Ad-Hoc|iPhone
		{61069355-9654-45C2-A7E6-F9FB0B943A36}.Ad-Hoc|iPhone.Build.0 = Ad-Hoc|iPhone
		{61069355-9654-45C2-A7E6-F9FB0B943A36}.Ad-Hoc|iPhone.Deploy.0 = Ad-Hoc|iPhone
		{61069355-9654-45C2-A7E6-F9FB0B943A36}.Ad-Hoc|iPhoneSimulator.ActiveCfg = Ad-Hoc|iPhoneSimulator
		{61069355-9654-45C2-A7E6-F9FB0B943A36}.Ad-Hoc|iPhoneSimulator.Build.0 = Ad-Hoc|iPhoneSimulator
		{61069355-9654-45C2-A7E6-F9FB0B943A36}.Ad-Hoc|iPhoneSimulator.Deploy.0 = Ad-Hoc|iPhoneSimulator
		{61069355-9654-45C2-A7E6-F9FB0B943A36}.Ad-Hoc|x64.ActiveCfg = Ad-Hoc|iPhone
		{61069355-9654-45C2-A7E6-F9FB0B943A36}.Ad-Hoc|x64.Build.0 = Ad-Hoc|iPhone
		{61069355-9654-45C2-A7E6-F9FB0B943A36}.Ad-Hoc|x64.Deploy.0 = Ad-Hoc|iPhone
		{61069355-9654-45C2-A7E6-F9FB0B943A36}.Ad-Hoc|x86.ActiveCfg = Ad-Hoc|iPhone
		{61069355-9654-45C2-A7E6-F9FB0B943A36}.Ad-Hoc|x86.Build.0 = Ad-Hoc|iPhone
		{61069355-9654-45C2-A7E6-F9FB0B943A36}.Ad-Hoc|x86.Deploy.0 = Ad-Hoc|iPhone
		{61069355-9654-45C2-A7E6-F9FB0B943A36}.AppStore|Any CPU.ActiveCfg = AppStore|iPhone
		{61069355-9654-45C2-A7E6-F9FB0B943A36}.AppStore|Any CPU.Build.0 = AppStore|iPhone
		{61069355-9654-45C2-A7E6-F9FB0B943A36}.AppStore|Any CPU.Deploy.0 = AppStore|iPhone
		{61069355-9654-45C2-A7E6-F9FB0B943A36}.AppStore|ARM.ActiveCfg = AppStore|iPhone
		{61069355-9654-45C2-A7E6-F9FB0B943A36}.AppStore|ARM.Build.0 = AppStore|iPhone
		{61069355-9654-45C2-A7E6-F9FB0B943A36}.AppStore|ARM.Deploy.0 = AppStore|iPhone
		{61069355-9654-45C2-A7E6-F9FB0B943A36}.AppStore|iPhone.ActiveCfg = AppStore|iPhone
		{61069355-9654-45C2-A7E6-F9FB0B943A36}.AppStore|iPhone.Build.0 = AppStore|iPhone
		{61069355-9654-45C2-A7E6-F9FB0B943A36}.AppStore|iPhone.Deploy.0 = AppStore|iPhone
		{61069355-9654-45C2-A7E6-F9FB0B943A36}.AppStore|iPhoneSimulator.ActiveCfg = AppStore|iPhoneSimulator
		{61069355-9654-45C2-A7E6-F9FB0B943A36}.AppStore|iPhoneSimulator.Build.0 = AppStore|iPhoneSimulator
		{61069355-9654-45C2-A7E6-F9FB0B943A36}.AppStore|iPhoneSimulator.Deploy.0 = AppStore|iPhoneSimulator
		{61069355-9654-45C2-A7E6-F9FB0B943A36}.AppStore|x64.ActiveCfg = AppStore|iPhone
		{61069355-9654-45C2-A7E6-F9FB0B943A36}.AppStore|x64.Build.0 = AppStore|iPhone
		{61069355-9654-45C2-A7E6-F9FB0B943A36}.AppStore|x64.Deploy.0 = AppStore|iPhone
		{61069355-9654-45C2-A7E6-F9FB0B943A36}.AppStore|x86.ActiveCfg = AppStore|iPhone
		{61069355-9654-45C2-A7E6-F9FB0B943A36}.AppStore|x86.Build.0 = AppStore|iPhone
		{61069355-9654-45C2-A7E6-F9FB0B943A36}.AppStore|x86.Deploy.0 = AppStore|iPhone
		{61069355-9654-45C2-A7E6-F9FB0B943A36}.Debug|Any CPU.ActiveCfg = Debug|iPhoneSimulator
		{61069355-9654-45C2-A7E6-F9FB0B943A36}.Debug|Any CPU.Build.0 = Debug|iPhoneSimulator
		{61069355-9654-45C2-A7E6-F9FB0B943A36}.Debug|Any CPU.Deploy.0 = Debug|iPhoneSimulator
		{61069355-9654-45C2-A7E6-F9FB0B943A36}.Debug|ARM.ActiveCfg = Debug|iPhone
		{61069355-9654-45C2-A7E6-F9FB0B943A36}.Debug|ARM.Build.0 = Debug|iPhone
		{61069355-9654-45C2-A7E6-F9FB0B943A36}.Debug|ARM.Deploy.0 = Debug|iPhone
		{61069355-9654-45C2-A7E6-F9FB0B943A36}.Debug|iPhone.ActiveCfg = Debug|iPhone
		{61069355-9654-45C2-A7E6-F9FB0B943A36}.Debug|iPhone.Build.0 = Debug|iPhone
		{61069355-9654-45C2-A7E6-F9FB0B943A36}.Debug|iPhone.Deploy.0 = Debug|iPhone
		{61069355-9654-45C2-A7E6-F9FB0B943A36}.Debug|iPhoneSimulator.ActiveCfg = Debug|iPhoneSimulator
		{61069355-9654-45C2-A7E6-F9FB0B943A36}.Debug|iPhoneSimulator.Build.0 = Debug|iPhoneSimulator
		{61069355-9654-45C2-A7E6-F9FB0B943A36}.Debug|iPhoneSimulator.Deploy.0 = Debug|iPhoneSimulator
		{61069355-9654-45C2-A7E6-F9FB0B943A36}.Debug|x64.ActiveCfg = Debug|iPhone
		{61069355-9654-45C2-A7E6-F9FB0B943A36}.Debug|x64.Build.0 = Debug|iPhone
		{61069355-9654-45C2-A7E6-F9FB0B943A36}.Debug|x64.Deploy.0 = Debug|iPhone
		{61069355-9654-45C2-A7E6-F9FB0B943A36}.Debug|x86.ActiveCfg = Debug|iPhone
		{61069355-9654-45C2-A7E6-F9FB0B943A36}.Debug|x86.Build.0 = Debug|iPhone
		{61069355-9654-45C2-A7E6-F9FB0B943A36}.Debug|x86.Deploy.0 = Debug|iPhone
		{61069355-9654-45C2-A7E6-F9FB0B943A36}.Release|Any CPU.ActiveCfg = Release|iPhone
		{61069355-9654-45C2-A7E6-F9FB0B943A36}.Release|Any CPU.Build.0 = Release|iPhone
		{61069355-9654-45C2-A7E6-F9FB0B943A36}.Release|Any CPU.Deploy.0 = Release|iPhone
		{61069355-9654-45C2-A7E6-F9FB0B943A36}.Release|ARM.ActiveCfg = Release|iPhone
		{61069355-9654-45C2-A7E6-F9FB0B943A36}.Release|ARM.Build.0 = Release|iPhone
		{61069355-9654-45C2-A7E6-F9FB0B943A36}.Release|ARM.Deploy.0 = Release|iPhone
		{61069355-9654-45C2-A7E6-F9FB0B943A36}.Release|iPhone.ActiveCfg = Release|iPhone
		{61069355-9654-45C2-A7E6-F9FB0B943A36}.Release|iPhone.Build.0 = Release|iPhone
		{61069355-9654-45C2-A7E6-F9FB0B943A36}.Release|iPhone.Deploy.0 = Release|iPhone
		{61069355-9654-45C2-A7E6-F9FB0B943A36}.Release|iPhoneSimulator.ActiveCfg = Release|iPhoneSimulator
		{61069355-9654-45C2-A7E6-F9FB0B943A36}.Release|iPhoneSimulator.Build.0 = Release|iPhoneSimulator
		{61069355-9654-45C2-A7E6-F9FB0B943A36}.Release|iPhoneSimulator.Deploy.0 = Release|iPhoneSimulator
		{61069355-9654-45C2-A7E6-F9FB0B943A36}.Release|x64.ActiveCfg = Release|iPhone
		{61069355-9654-45C2-A7E6-F9FB0B943A36}.Release|x64.Build.0 = Release|iPhone
		{61069355-9654-45C2-A7E6-F9FB0B943A36}.Release|x64.Deploy.0 = Release|iPhone
		{61069355-9654-45C2-A7E6-F9FB0B943A36}.Release|x86.ActiveCfg = Release|iPhone
		{61069355-9654-45C2-A7E6-F9FB0B943A36}.Release|x86.Build.0 = Release|iPhone
		{61069355-9654-45C2-A7E6-F9FB0B943A36}.Release|x86.Deploy.0 = Release|iPhone
		{5A63265C-F252-4E88-B5B8-E5E81E2BB77B}.Ad-Hoc|Any CPU.ActiveCfg = Release|x86
		{5A63265C-F252-4E88-B5B8-E5E81E2BB77B}.Ad-Hoc|Any CPU.Build.0 = Release|x86
		{5A63265C-F252-4E88-B5B8-E5E81E2BB77B}.Ad-Hoc|Any CPU.Deploy.0 = Release|x86
		{5A63265C-F252-4E88-B5B8-E5E81E2BB77B}.Ad-Hoc|ARM.ActiveCfg = Release|ARM
		{5A63265C-F252-4E88-B5B8-E5E81E2BB77B}.Ad-Hoc|ARM.Build.0 = Release|ARM
		{5A63265C-F252-4E88-B5B8-E5E81E2BB77B}.Ad-Hoc|ARM.Deploy.0 = Release|ARM
		{5A63265C-F252-4E88-B5B8-E5E81E2BB77B}.Ad-Hoc|iPhone.ActiveCfg = Release|x86
		{5A63265C-F252-4E88-B5B8-E5E81E2BB77B}.Ad-Hoc|iPhone.Build.0 = Release|x86
		{5A63265C-F252-4E88-B5B8-E5E81E2BB77B}.Ad-Hoc|iPhone.Deploy.0 = Release|x86
		{5A63265C-F252-4E88-B5B8-E5E81E2BB77B}.Ad-Hoc|iPhoneSimulator.ActiveCfg = Release|x86
		{5A63265C-F252-4E88-B5B8-E5E81E2BB77B}.Ad-Hoc|iPhoneSimulator.Build.0 = Release|x86
		{5A63265C-F252-4E88-B5B8-E5E81E2BB77B}.Ad-Hoc|iPhoneSimulator.Deploy.0 = Release|x86
		{5A63265C-F252-4E88-B5B8-E5E81E2BB77B}.Ad-Hoc|x64.ActiveCfg = Release|x64
		{5A63265C-F252-4E88-B5B8-E5E81E2BB77B}.Ad-Hoc|x64.Build.0 = Release|x64
		{5A63265C-F252-4E88-B5B8-E5E81E2BB77B}.Ad-Hoc|x64.Deploy.0 = Release|x64
		{5A63265C-F252-4E88-B5B8-E5E81E2BB77B}.Ad-Hoc|x86.ActiveCfg = Release|x86
		{5A63265C-F252-4E88-B5B8-E5E81E2BB77B}.Ad-Hoc|x86.Build.0 = Release|x86
		{5A63265C-F252-4E88-B5B8-E5E81E2BB77B}.Ad-Hoc|x86.Deploy.0 = Release|x86
		{5A63265C-F252-4E88-B5B8-E5E81E2BB77B}.AppStore|Any CPU.ActiveCfg = Release|x86
		{5A63265C-F252-4E88-B5B8-E5E81E2BB77B}.AppStore|Any CPU.Build.0 = Release|x86
		{5A63265C-F252-4E88-B5B8-E5E81E2BB77B}.AppStore|Any CPU.Deploy.0 = Release|x86
		{5A63265C-F252-4E88-B5B8-E5E81E2BB77B}.AppStore|ARM.ActiveCfg = Release|ARM
		{5A63265C-F252-4E88-B5B8-E5E81E2BB77B}.AppStore|ARM.Build.0 = Release|ARM
		{5A63265C-F252-4E88-B5B8-E5E81E2BB77B}.AppStore|ARM.Deploy.0 = Release|ARM
		{5A63265C-F252-4E88-B5B8-E5E81E2BB77B}.AppStore|iPhone.ActiveCfg = Release|x86
		{5A63265C-F252-4E88-B5B8-E5E81E2BB77B}.AppStore|iPhone.Build.0 = Release|x86
		{5A63265C-F252-4E88-B5B8-E5E81E2BB77B}.AppStore|iPhone.Deploy.0 = Release|x86
		{5A63265C-F252-4E88-B5B8-E5E81E2BB77B}.AppStore|iPhoneSimulator.ActiveCfg = Release|x86
		{5A63265C-F252-4E88-B5B8-E5E81E2BB77B}.AppStore|iPhoneSimulator.Build.0 = Release|x86
		{5A63265C-F252-4E88-B5B8-E5E81E2BB77B}.AppStore|iPhoneSimulator.Deploy.0 = Release|x86
		{5A63265C-F252-4E88-B5B8-E5E81E2BB77B}.AppStore|x64.ActiveCfg = Release|x64
		{5A63265C-F252-4E88-B5B8-E5E81E2BB77B}.AppStore|x64.Build.0 = Release|x64
		{5A63265C-F252-4E88-B5B8-E5E81E2BB77B}.AppStore|x64.Deploy.0 = Release|x64
		{5A63265C-F252-4E88-B5B8-E5E81E2BB77B}.AppStore|x86.ActiveCfg = Release|x86
		{5A63265C-F252-4E88-B5B8-E5E81E2BB77B}.AppStore|x86.Build.0 = Release|x86
		{5A63265C-F252-4E88-B5B8-E5E81E2BB77B}.AppStore|x86.Deploy.0 = Release|x86
		{5A63265C-F252-4E88-B5B8-E5E81E2BB77B}.Debug|Any CPU.ActiveCfg = Debug|x86
		{5A63265C-F252-4E88-B5B8-E5E81E2BB77B}.Debug|Any CPU.Build.0 = Debug|x86
		{5A63265C-F252-4E88-B5B8-E5E81E2BB77B}.Debug|Any CPU.Deploy.0 = Debug|x86
		{5A63265C-F252-4E88-B5B8-E5E81E2BB77B}.Debug|ARM.ActiveCfg = Debug|ARM
		{5A63265C-F252-4E88-B5B8-E5E81E2BB77B}.Debug|ARM.Build.0 = Debug|ARM
		{5A63265C-F252-4E88-B5B8-E5E81E2BB77B}.Debug|ARM.Deploy.0 = Debug|ARM
		{5A63265C-F252-4E88-B5B8-E5E81E2BB77B}.Debug|iPhone.ActiveCfg = Debug|x86
		{5A63265C-F252-4E88-B5B8-E5E81E2BB77B}.Debug|iPhone.Build.0 = Debug|x86
		{5A63265C-F252-4E88-B5B8-E5E81E2BB77B}.Debug|iPhone.Deploy.0 = Debug|x86
		{5A63265C-F252-4E88-B5B8-E5E81E2BB77B}.Debug|iPhoneSimulator.ActiveCfg = Debug|x86
		{5A63265C-F252-4E88-B5B8-E5E81E2BB77B}.Debug|iPhoneSimulator.Build.0 = Debug|x86
		{5A63265C-F252-4E88-B5B8-E5E81E2BB77B}.Debug|iPhoneSimulator.Deploy.0 = Debug|x86
		{5A63265C-F252-4E88-B5B8-E5E81E2BB77B}.Debug|x64.ActiveCfg = Debug|x64
		{5A63265C-F252-4E88-B5B8-E5E81E2BB77B}.Debug|x64.Build.0 = Debug|x64
		{5A63265C-F252-4E88-B5B8-E5E81E2BB77B}.Debug|x64.Deploy.0 = Debug|x64
		{5A63265C-F252-4E88-B5B8-E5E81E2BB77B}.Debug|x86.ActiveCfg = Debug|x86
		{5A63265C-F252-4E88-B5B8-E5E81E2BB77B}.Debug|x86.Build.0 = Debug|x86
		{5A63265C-F252-4E88-B5B8-E5E81E2BB77B}.Debug|x86.Deploy.0 = Debug|x86
		{5A63265C-F252-4E88-B5B8-E5E81E2BB77B}.Release|Any CPU.ActiveCfg = Release|x86
		{5A63265C-F252-4E88-B5B8-E5E81E2BB77B}.Release|Any CPU.Build.0 = Release|x86
		{5A63265C-F252-4E88-B5B8-E5E81E2BB77B}.Release|Any CPU.Deploy.0 = Release|x86
		{5A63265C-F252-4E88-B5B8-E5E81E2BB77B}.Release|ARM.ActiveCfg = Release|ARM
		{5A63265C-F252-4E88-B5B8-E5E81E2BB77B}.Release|ARM.Build.0 = Release|ARM
		{5A63265C-F252-4E88-B5B8-E5E81E2BB77B}.Release|ARM.Deploy.0 = Release|ARM
		{5A63265C-F252-4E88-B5B8-E5E81E2BB77B}.Release|iPhone.ActiveCfg = Release|x86
		{5A63265C-F252-4E88-B5B8-E5E81E2BB77B}.Release|iPhone.Build.0 = Release|x86
		{5A63265C-F252-4E88-B5B8-E5E81E2BB77B}.Release|iPhone.Deploy.0 = Release|x86
		{5A63265C-F252-4E88-B5B8-E5E81E2BB77B}.Release|iPhoneSimulator.ActiveCfg = Release|x86
		{5A63265C-F252-4E88-B5B8-E5E81E2BB77B}.Release|iPhoneSimulator.Build.0 = Release|x86
		{5A63265C-F252-4E88-B5B8-E5E81E2BB77B}.Release|iPhoneSimulator.Deploy.0 = Release|x86
		{5A63265C-F252-4E88-B5B8-E5E81E2BB77B}.Release|x64.ActiveCfg = Release|x64
		{5A63265C-F252-4E88-B5B8-E5E81E2BB77B}.Release|x64.Build.0 = Release|x64
		{5A63265C-F252-4E88-B5B8-E5E81E2BB77B}.Release|x64.Deploy.0 = Release|x64
		{5A63265C-F252-4E88-B5B8-E5E81E2BB77B}.Release|x86.ActiveCfg = Release|x86
		{5A63265C-F252-4E88-B5B8-E5E81E2BB77B}.Release|x86.Build.0 = Release|x86
		{5A63265C-F252-4E88-B5B8-E5E81E2BB77B}.Release|x86.Deploy.0 = Release|x86
		{16DE772A-3774-4D6A-A5F3-2F13376DF6AB}.Ad-Hoc|Any CPU.ActiveCfg = Debug|Any CPU
		{16DE772A-3774-4D6A-A5F3-2F13376DF6AB}.Ad-Hoc|Any CPU.Build.0 = Debug|Any CPU
		{16DE772A-3774-4D6A-A5F3-2F13376DF6AB}.Ad-Hoc|Any CPU.Deploy.0 = Debug|Any CPU
		{16DE772A-3774-4D6A-A5F3-2F13376DF6AB}.Ad-Hoc|ARM.ActiveCfg = Debug|Any CPU
		{16DE772A-3774-4D6A-A5F3-2F13376DF6AB}.Ad-Hoc|ARM.Build.0 = Debug|Any CPU
		{16DE772A-3774-4D6A-A5F3-2F13376DF6AB}.Ad-Hoc|ARM.Deploy.0 = Debug|Any CPU
		{16DE772A-3774-4D6A-A5F3-2F13376DF6AB}.Ad-Hoc|iPhone.ActiveCfg = Debug|Any CPU
		{16DE772A-3774-4D6A-A5F3-2F13376DF6AB}.Ad-Hoc|iPhone.Build.0 = Debug|Any CPU
		{16DE772A-3774-4D6A-A5F3-2F13376DF6AB}.Ad-Hoc|iPhone.Deploy.0 = Debug|Any CPU
		{16DE772A-3774-4D6A-A5F3-2F13376DF6AB}.Ad-Hoc|iPhoneSimulator.ActiveCfg = Debug|Any CPU
		{16DE772A-3774-4D6A-A5F3-2F13376DF6AB}.Ad-Hoc|iPhoneSimulator.Build.0 = Debug|Any CPU
		{16DE772A-3774-4D6A-A5F3-2F13376DF6AB}.Ad-Hoc|iPhoneSimulator.Deploy.0 = Debug|Any CPU
		{16DE772A-3774-4D6A-A5F3-2F13376DF6AB}.Ad-Hoc|x64.ActiveCfg = Debug|Any CPU
		{16DE772A-3774-4D6A-A5F3-2F13376DF6AB}.Ad-Hoc|x64.Build.0 = Debug|Any CPU
		{16DE772A-3774-4D6A-A5F3-2F13376DF6AB}.Ad-Hoc|x64.Deploy.0 = Debug|Any CPU
		{16DE772A-3774-4D6A-A5F3-2F13376DF6AB}.Ad-Hoc|x86.ActiveCfg = Debug|Any CPU
		{16DE772A-3774-4D6A-A5F3-2F13376DF6AB}.Ad-Hoc|x86.Build.0 = Debug|Any CPU
		{16DE772A-3774-4D6A-A5F3-2F13376DF6AB}.Ad-Hoc|x86.Deploy.0 = Debug|Any CPU
		{16DE772A-3774-4D6A-A5F3-2F13376DF6AB}.AppStore|Any CPU.ActiveCfg = Debug|Any CPU
		{16DE772A-3774-4D6A-A5F3-2F13376DF6AB}.AppStore|Any CPU.Build.0 = Debug|Any CPU
		{16DE772A-3774-4D6A-A5F3-2F13376DF6AB}.AppStore|Any CPU.Deploy.0 = Debug|Any CPU
		{16DE772A-3774-4D6A-A5F3-2F13376DF6AB}.AppStore|ARM.ActiveCfg = Debug|Any CPU
		{16DE772A-3774-4D6A-A5F3-2F13376DF6AB}.AppStore|ARM.Build.0 = Debug|Any CPU
		{16DE772A-3774-4D6A-A5F3-2F13376DF6AB}.AppStore|ARM.Deploy.0 = Debug|Any CPU
		{16DE772A-3774-4D6A-A5F3-2F13376DF6AB}.AppStore|iPhone.ActiveCfg = Debug|Any CPU
		{16DE772A-3774-4D6A-A5F3-2F13376DF6AB}.AppStore|iPhone.Build.0 = Debug|Any CPU
		{16DE772A-3774-4D6A-A5F3-2F13376DF6AB}.AppStore|iPhone.Deploy.0 = Debug|Any CPU
		{16DE772A-3774-4D6A-A5F3-2F13376DF6AB}.AppStore|iPhoneSimulator.ActiveCfg = Debug|Any CPU
		{16DE772A-3774-4D6A-A5F3-2F13376DF6AB}.AppStore|iPhoneSimulator.Build.0 = Debug|Any CPU
		{16DE772A-3774-4D6A-A5F3-2F13376DF6AB}.AppStore|iPhoneSimulator.Deploy.0 = Debug|Any CPU
		{16DE772A-3774-4D6A-A5F3-2F13376DF6AB}.AppStore|x64.ActiveCfg = Debug|Any CPU
		{16DE772A-3774-4D6A-A5F3-2F13376DF6AB}.AppStore|x64.Build.0 = Debug|Any CPU
		{16DE772A-3774-4D6A-A5F3-2F13376DF6AB}.AppStore|x64.Deploy.0 = Debug|Any CPU
		{16DE772A-3774-4D6A-A5F3-2F13376DF6AB}.AppStore|x86.ActiveCfg = Debug|Any CPU
		{16DE772A-3774-4D6A-A5F3-2F13376DF6AB}.AppStore|x86.Build.0 = Debug|Any CPU
		{16DE772A-3774-4D6A-A5F3-2F13376DF6AB}.AppStore|x86.Deploy.0 = Debug|Any CPU
		{16DE772A-3774-4D6A-A5F3-2F13376DF6AB}.Debug|Any CPU.ActiveCfg = Debug|Any CPU
		{16DE772A-3774-4D6A-A5F3-2F13376DF6AB}.Debug|Any CPU.Build.0 = Debug|Any CPU
		{16DE772A-3774-4D6A-A5F3-2F13376DF6AB}.Debug|Any CPU.Deploy.0 = Debug|Any CPU
		{16DE772A-3774-4D6A-A5F3-2F13376DF6AB}.Debug|ARM.ActiveCfg = Debug|Any CPU
		{16DE772A-3774-4D6A-A5F3-2F13376DF6AB}.Debug|ARM.Build.0 = Debug|Any CPU
		{16DE772A-3774-4D6A-A5F3-2F13376DF6AB}.Debug|ARM.Deploy.0 = Debug|Any CPU
		{16DE772A-3774-4D6A-A5F3-2F13376DF6AB}.Debug|iPhone.ActiveCfg = Debug|Any CPU
		{16DE772A-3774-4D6A-A5F3-2F13376DF6AB}.Debug|iPhone.Build.0 = Debug|Any CPU
		{16DE772A-3774-4D6A-A5F3-2F13376DF6AB}.Debug|iPhone.Deploy.0 = Debug|Any CPU
		{16DE772A-3774-4D6A-A5F3-2F13376DF6AB}.Debug|iPhoneSimulator.ActiveCfg = Debug|Any CPU
		{16DE772A-3774-4D6A-A5F3-2F13376DF6AB}.Debug|iPhoneSimulator.Build.0 = Debug|Any CPU
		{16DE772A-3774-4D6A-A5F3-2F13376DF6AB}.Debug|iPhoneSimulator.Deploy.0 = Debug|Any CPU
		{16DE772A-3774-4D6A-A5F3-2F13376DF6AB}.Debug|x64.ActiveCfg = Debug|Any CPU
		{16DE772A-3774-4D6A-A5F3-2F13376DF6AB}.Debug|x64.Build.0 = Debug|Any CPU
		{16DE772A-3774-4D6A-A5F3-2F13376DF6AB}.Debug|x64.Deploy.0 = Debug|Any CPU
		{16DE772A-3774-4D6A-A5F3-2F13376DF6AB}.Debug|x86.ActiveCfg = Debug|Any CPU
		{16DE772A-3774-4D6A-A5F3-2F13376DF6AB}.Debug|x86.Build.0 = Debug|Any CPU
		{16DE772A-3774-4D6A-A5F3-2F13376DF6AB}.Debug|x86.Deploy.0 = Debug|Any CPU
		{16DE772A-3774-4D6A-A5F3-2F13376DF6AB}.Release|Any CPU.ActiveCfg = Release|Any CPU
		{16DE772A-3774-4D6A-A5F3-2F13376DF6AB}.Release|Any CPU.Build.0 = Release|Any CPU
		{16DE772A-3774-4D6A-A5F3-2F13376DF6AB}.Release|Any CPU.Deploy.0 = Release|Any CPU
		{16DE772A-3774-4D6A-A5F3-2F13376DF6AB}.Release|ARM.ActiveCfg = Release|Any CPU
		{16DE772A-3774-4D6A-A5F3-2F13376DF6AB}.Release|ARM.Build.0 = Release|Any CPU
		{16DE772A-3774-4D6A-A5F3-2F13376DF6AB}.Release|ARM.Deploy.0 = Release|Any CPU
		{16DE772A-3774-4D6A-A5F3-2F13376DF6AB}.Release|iPhone.ActiveCfg = Release|Any CPU
		{16DE772A-3774-4D6A-A5F3-2F13376DF6AB}.Release|iPhone.Build.0 = Release|Any CPU
		{16DE772A-3774-4D6A-A5F3-2F13376DF6AB}.Release|iPhone.Deploy.0 = Release|Any CPU
		{16DE772A-3774-4D6A-A5F3-2F13376DF6AB}.Release|iPhoneSimulator.ActiveCfg = Release|Any CPU
		{16DE772A-3774-4D6A-A5F3-2F13376DF6AB}.Release|iPhoneSimulator.Build.0 = Release|Any CPU
		{16DE772A-3774-4D6A-A5F3-2F13376DF6AB}.Release|iPhoneSimulator.Deploy.0 = Release|Any CPU
		{16DE772A-3774-4D6A-A5F3-2F13376DF6AB}.Release|x64.ActiveCfg = Release|Any CPU
		{16DE772A-3774-4D6A-A5F3-2F13376DF6AB}.Release|x64.Build.0 = Release|Any CPU
		{16DE772A-3774-4D6A-A5F3-2F13376DF6AB}.Release|x64.Deploy.0 = Release|Any CPU
		{16DE772A-3774-4D6A-A5F3-2F13376DF6AB}.Release|x86.ActiveCfg = Release|Any CPU
		{16DE772A-3774-4D6A-A5F3-2F13376DF6AB}.Release|x86.Build.0 = Release|Any CPU
		{16DE772A-3774-4D6A-A5F3-2F13376DF6AB}.Release|x86.Deploy.0 = Release|Any CPU
	EndGlobalSection
	GlobalSection(SolutionProperties) = preSolution
		HideSolutionNode = FALSE
	EndGlobalSection
	GlobalSection(ExtensibilityGlobals) = postSolution
		SolutionGuid = {25D8A1B1-21CD-4218-A142-FF276702F5D8}
	EndGlobalSection
EndGlobal
