
Microsoft Visual Studio Solution File, Format Version 12.00
# Visual Studio 15
VisualStudioVersion = 15.0.28307.136
MinimumVisualStudioVersion = 10.0.40219.1
Project("{FAE04EC0-301F-11D3-BF4B-00C04F79EFBC}") = "Looping.Android", "Looping\Looping.Android\Looping.Android.csproj", "{0C345192-FE64-43DA-973C-4B6B83449A49}"
EndProject
Project("{FAE04EC0-301F-11D3-BF4B-00C04F79EFBC}") = "Looping.iOS", "Looping\Looping.iOS\Looping.iOS.csproj", "{06FE536C-C8F0-4CC6-8EEB-B524C8BF48F0}"
EndProject
Project("{FAE04EC0-301F-11D3-BF4B-00C04F79EFBC}") = "Looping.UWP", "Looping\Looping.UWP\Looping.UWP.csproj", "{5DEF2466-8210-4FD1-99A3-996FA7164511}"
EndProject
Project("{FAE04EC0-301F-11D3-BF4B-00C04F79EFBC}") = "Looping", "Looping\Looping\Looping.csproj", "{95D5EA37-D1D4-467F-ACDE-120FC6D03EA1}"
EndProject
Global
	GlobalSection(SolutionConfigurationPlatforms) = preSolution
		Ad-Hoc|Any CPU = Ad-Hoc|Any CPU
		Ad-Hoc|ARM = Ad-Hoc|ARM
		Ad-Hoc|iPhone = Ad-Hoc|iPhone
		Ad-Hoc|iPhoneSimulator = Ad-Hoc|iPhoneSimulator
		Ad-Hoc|x64 = Ad-Hoc|x64
		Ad-Hoc|x86 = Ad-Hoc|x86
		AppStore|Any CPU = AppStore|Any CPU
		AppStore|ARM = AppStore|ARM
		AppStore|iPhone = AppStore|iPhone
		AppStore|iPhoneSimulator = AppStore|iPhoneSimulator
		AppStore|x64 = AppStore|x64
		AppStore|x86 = AppStore|x86
		Debug|Any CPU = Debug|Any CPU
		Debug|ARM = Debug|ARM
		Debug|iPhone = Debug|iPhone
		Debug|iPhoneSimulator = Debug|iPhoneSimulator
		Debug|x64 = Debug|x64
		Debug|x86 = Debug|x86
		Release|Any CPU = Release|Any CPU
		Release|ARM = Release|ARM
		Release|iPhone = Release|iPhone
		Release|iPhoneSimulator = Release|iPhoneSimulator
		Release|x64 = Release|x64
		Release|x86 = Release|x86
	EndGlobalSection
	GlobalSection(ProjectConfigurationPlatforms) = postSolution
		{0C345192-FE64-43DA-973C-4B6B83449A49}.Ad-Hoc|Any CPU.ActiveCfg = Release|Any CPU
		{0C345192-FE64-43DA-973C-4B6B83449A49}.Ad-Hoc|Any CPU.Build.0 = Release|Any CPU
		{0C345192-FE64-43DA-973C-4B6B83449A49}.Ad-Hoc|Any CPU.Deploy.0 = Release|Any CPU
		{0C345192-FE64-43DA-973C-4B6B83449A49}.Ad-Hoc|ARM.ActiveCfg = Release|Any CPU
		{0C345192-FE64-43DA-973C-4B6B83449A49}.Ad-Hoc|ARM.Build.0 = Release|Any CPU
		{0C345192-FE64-43DA-973C-4B6B83449A49}.Ad-Hoc|ARM.Deploy.0 = Release|Any CPU
		{0C345192-FE64-43DA-973C-4B6B83449A49}.Ad-Hoc|iPhone.ActiveCfg = Release|Any CPU
		{0C345192-FE64-43DA-973C-4B6B83449A49}.Ad-Hoc|iPhone.Build.0 = Release|Any CPU
		{0C345192-FE64-43DA-973C-4B6B83449A49}.Ad-Hoc|iPhone.Deploy.0 = Release|Any CPU
		{0C345192-FE64-43DA-973C-4B6B83449A49}.Ad-Hoc|iPhoneSimulator.ActiveCfg = Release|Any CPU
		{0C345192-FE64-43DA-973C-4B6B83449A49}.Ad-Hoc|iPhoneSimulator.Build.0 = Release|Any CPU
		{0C345192-FE64-43DA-973C-4B6B83449A49}.Ad-Hoc|iPhoneSimulator.Deploy.0 = Release|Any CPU
		{0C345192-FE64-43DA-973C-4B6B83449A49}.Ad-Hoc|x64.ActiveCfg = Release|Any CPU
		{0C345192-FE64-43DA-973C-4B6B83449A49}.Ad-Hoc|x64.Build.0 = Release|Any CPU
		{0C345192-FE64-43DA-973C-4B6B83449A49}.Ad-Hoc|x64.Deploy.0 = Release|Any CPU
		{0C345192-FE64-43DA-973C-4B6B83449A49}.Ad-Hoc|x86.ActiveCfg = Release|Any CPU
		{0C345192-FE64-43DA-973C-4B6B83449A49}.Ad-Hoc|x86.Build.0 = Release|Any CPU
		{0C345192-FE64-43DA-973C-4B6B83449A49}.Ad-Hoc|x86.Deploy.0 = Release|Any CPU
		{0C345192-FE64-43DA-973C-4B6B83449A49}.AppStore|Any CPU.ActiveCfg = Release|Any CPU
		{0C345192-FE64-43DA-973C-4B6B83449A49}.AppStore|Any CPU.Build.0 = Release|Any CPU
		{0C345192-FE64-43DA-973C-4B6B83449A49}.AppStore|Any CPU.Deploy.0 = Release|Any CPU
		{0C345192-FE64-43DA-973C-4B6B83449A49}.AppStore|ARM.ActiveCfg = Release|Any CPU
		{0C345192-FE64-43DA-973C-4B6B83449A49}.AppStore|ARM.Build.0 = Release|Any CPU
		{0C345192-FE64-43DA-973C-4B6B83449A49}.AppStore|ARM.Deploy.0 = Release|Any CPU
		{0C345192-FE64-43DA-973C-4B6B83449A49}.AppStore|iPhone.ActiveCfg = Release|Any CPU
		{0C345192-FE64-43DA-973C-4B6B83449A49}.AppStore|iPhone.Build.0 = Release|Any CPU
		{0C345192-FE64-43DA-973C-4B6B83449A49}.AppStore|iPhone.Deploy.0 = Release|Any CPU
		{0C345192-FE64-43DA-973C-4B6B83449A49}.AppStore|iPhoneSimulator.ActiveCfg = Release|Any CPU
		{0C345192-FE64-43DA-973C-4B6B83449A49}.AppStore|iPhoneSimulator.Build.0 = Release|Any CPU
		{0C345192-FE64-43DA-973C-4B6B83449A49}.AppStore|iPhoneSimulator.Deploy.0 = Release|Any CPU
		{0C345192-FE64-43DA-973C-4B6B83449A49}.AppStore|x64.ActiveCfg = Release|Any CPU
		{0C345192-FE64-43DA-973C-4B6B83449A49}.AppStore|x64.Build.0 = Release|Any CPU
		{0C345192-FE64-43DA-973C-4B6B83449A49}.AppStore|x64.Deploy.0 = Release|Any CPU
		{0C345192-FE64-43DA-973C-4B6B83449A49}.AppStore|x86.ActiveCfg = Release|Any CPU
		{0C345192-FE64-43DA-973C-4B6B83449A49}.AppStore|x86.Build.0 = Release|Any CPU
		{0C345192-FE64-43DA-973C-4B6B83449A49}.AppStore|x86.Deploy.0 = Release|Any CPU
		{0C345192-FE64-43DA-973C-4B6B83449A49}.Debug|Any CPU.ActiveCfg = Debug|Any CPU
		{0C345192-FE64-43DA-973C-4B6B83449A49}.Debug|Any CPU.Build.0 = Debug|Any CPU
		{0C345192-FE64-43DA-973C-4B6B83449A49}.Debug|Any CPU.Deploy.0 = Debug|Any CPU
		{0C345192-FE64-43DA-973C-4B6B83449A49}.Debug|ARM.ActiveCfg = Debug|Any CPU
		{0C345192-FE64-43DA-973C-4B6B83449A49}.Debug|ARM.Build.0 = Debug|Any CPU
		{0C345192-FE64-43DA-973C-4B6B83449A49}.Debug|ARM.Deploy.0 = Debug|Any CPU
		{0C345192-FE64-43DA-973C-4B6B83449A49}.Debug|iPhone.ActiveCfg = Debug|Any CPU
		{0C345192-FE64-43DA-973C-4B6B83449A49}.Debug|iPhone.Build.0 = Debug|Any CPU
		{0C345192-FE64-43DA-973C-4B6B83449A49}.Debug|iPhone.Deploy.0 = Debug|Any CPU
		{0C345192-FE64-43DA-973C-4B6B83449A49}.Debug|iPhoneSimulator.ActiveCfg = Debug|Any CPU
		{0C345192-FE64-43DA-973C-4B6B83449A49}.Debug|iPhoneSimulator.Build.0 = Debug|Any CPU
		{0C345192-FE64-43DA-973C-4B6B83449A49}.Debug|iPhoneSimulator.Deploy.0 = Debug|Any CPU
		{0C345192-FE64-43DA-973C-4B6B83449A49}.Debug|x64.ActiveCfg = Debug|Any CPU
		{0C345192-FE64-43DA-973C-4B6B83449A49}.Debug|x64.Build.0 = Debug|Any CPU
		{0C345192-FE64-43DA-973C-4B6B83449A49}.Debug|x64.Deploy.0 = Debug|Any CPU
		{0C345192-FE64-43DA-973C-4B6B83449A49}.Debug|x86.ActiveCfg = Debug|Any CPU
		{0C345192-FE64-43DA-973C-4B6B83449A49}.Debug|x86.Build.0 = Debug|Any CPU
		{0C345192-FE64-43DA-973C-4B6B83449A49}.Debug|x86.Deploy.0 = Debug|Any CPU
		{0C345192-FE64-43DA-973C-4B6B83449A49}.Release|Any CPU.ActiveCfg = Release|Any CPU
		{0C345192-FE64-43DA-973C-4B6B83449A49}.Release|Any CPU.Build.0 = Release|Any CPU
		{0C345192-FE64-43DA-973C-4B6B83449A49}.Release|Any CPU.Deploy.0 = Release|Any CPU
		{0C345192-FE64-43DA-973C-4B6B83449A49}.Release|ARM.ActiveCfg = Release|Any CPU
		{0C345192-FE64-43DA-973C-4B6B83449A49}.Release|ARM.Build.0 = Release|Any CPU
		{0C345192-FE64-43DA-973C-4B6B83449A49}.Release|ARM.Deploy.0 = Release|Any CPU
		{0C345192-FE64-43DA-973C-4B6B83449A49}.Release|iPhone.ActiveCfg = Release|Any CPU
		{0C345192-FE64-43DA-973C-4B6B83449A49}.Release|iPhone.Build.0 = Release|Any CPU
		{0C345192-FE64-43DA-973C-4B6B83449A49}.Release|iPhone.Deploy.0 = Release|Any CPU
		{0C345192-FE64-43DA-973C-4B6B83449A49}.Release|iPhoneSimulator.ActiveCfg = Release|Any CPU
		{0C345192-FE64-43DA-973C-4B6B83449A49}.Release|iPhoneSimulator.Build.0 = Release|Any CPU
		{0C345192-FE64-43DA-973C-4B6B83449A49}.Release|iPhoneSimulator.Deploy.0 = Release|Any CPU
		{0C345192-FE64-43DA-973C-4B6B83449A49}.Release|x64.ActiveCfg = Release|Any CPU
		{0C345192-FE64-43DA-973C-4B6B83449A49}.Release|x64.Build.0 = Release|Any CPU
		{0C345192-FE64-43DA-973C-4B6B83449A49}.Release|x64.Deploy.0 = Release|Any CPU
		{0C345192-FE64-43DA-973C-4B6B83449A49}.Release|x86.ActiveCfg = Release|Any CPU
		{0C345192-FE64-43DA-973C-4B6B83449A49}.Release|x86.Build.0 = Release|Any CPU
		{0C345192-FE64-43DA-973C-4B6B83449A49}.Release|x86.Deploy.0 = Release|Any CPU
		{06FE536C-C8F0-4CC6-8EEB-B524C8BF48F0}.Ad-Hoc|Any CPU.ActiveCfg = Ad-Hoc|iPhone
		{06FE536C-C8F0-4CC6-8EEB-B524C8BF48F0}.Ad-Hoc|Any CPU.Build.0 = Ad-Hoc|iPhone
		{06FE536C-C8F0-4CC6-8EEB-B524C8BF48F0}.Ad-Hoc|Any CPU.Deploy.0 = Ad-Hoc|iPhone
		{06FE536C-C8F0-4CC6-8EEB-B524C8BF48F0}.Ad-Hoc|ARM.ActiveCfg = Ad-Hoc|iPhone
		{06FE536C-C8F0-4CC6-8EEB-B524C8BF48F0}.Ad-Hoc|ARM.Build.0 = Ad-Hoc|iPhone
		{06FE536C-C8F0-4CC6-8EEB-B524C8BF48F0}.Ad-Hoc|ARM.Deploy.0 = Ad-Hoc|iPhone
		{06FE536C-C8F0-4CC6-8EEB-B524C8BF48F0}.Ad-Hoc|iPhone.ActiveCfg = Ad-Hoc|iPhone
		{06FE536C-C8F0-4CC6-8EEB-B524C8BF48F0}.Ad-Hoc|iPhone.Build.0 = Ad-Hoc|iPhone
		{06FE536C-C8F0-4CC6-8EEB-B524C8BF48F0}.Ad-Hoc|iPhone.Deploy.0 = Ad-Hoc|iPhone
		{06FE536C-C8F0-4CC6-8EEB-B524C8BF48F0}.Ad-Hoc|iPhoneSimulator.ActiveCfg = Ad-Hoc|iPhoneSimulator
		{06FE536C-C8F0-4CC6-8EEB-B524C8BF48F0}.Ad-Hoc|iPhoneSimulator.Build.0 = Ad-Hoc|iPhoneSimulator
		{06FE536C-C8F0-4CC6-8EEB-B524C8BF48F0}.Ad-Hoc|iPhoneSimulator.Deploy.0 = Ad-Hoc|iPhoneSimulator
		{06FE536C-C8F0-4CC6-8EEB-B524C8BF48F0}.Ad-Hoc|x64.ActiveCfg = Ad-Hoc|iPhone
		{06FE536C-C8F0-4CC6-8EEB-B524C8BF48F0}.Ad-Hoc|x64.Build.0 = Ad-Hoc|iPhone
		{06FE536C-C8F0-4CC6-8EEB-B524C8BF48F0}.Ad-Hoc|x64.Deploy.0 = Ad-Hoc|iPhone
		{06FE536C-C8F0-4CC6-8EEB-B524C8BF48F0}.Ad-Hoc|x86.ActiveCfg = Ad-Hoc|iPhone
		{06FE536C-C8F0-4CC6-8EEB-B524C8BF48F0}.Ad-Hoc|x86.Build.0 = Ad-Hoc|iPhone
		{06FE536C-C8F0-4CC6-8EEB-B524C8BF48F0}.Ad-Hoc|x86.Deploy.0 = Ad-Hoc|iPhone
		{06FE536C-C8F0-4CC6-8EEB-B524C8BF48F0}.AppStore|Any CPU.ActiveCfg = AppStore|iPhone
		{06FE536C-C8F0-4CC6-8EEB-B524C8BF48F0}.AppStore|Any CPU.Build.0 = AppStore|iPhone
		{06FE536C-C8F0-4CC6-8EEB-B524C8BF48F0}.AppStore|Any CPU.Deploy.0 = AppStore|iPhone
		{06FE536C-C8F0-4CC6-8EEB-B524C8BF48F0}.AppStore|ARM.ActiveCfg = AppStore|iPhone
		{06FE536C-C8F0-4CC6-8EEB-B524C8BF48F0}.AppStore|ARM.Build.0 = AppStore|iPhone
		{06FE536C-C8F0-4CC6-8EEB-B524C8BF48F0}.AppStore|ARM.Deploy.0 = AppStore|iPhone
		{06FE536C-C8F0-4CC6-8EEB-B524C8BF48F0}.AppStore|iPhone.ActiveCfg = AppStore|iPhone
		{06FE536C-C8F0-4CC6-8EEB-B524C8BF48F0}.AppStore|iPhone.Build.0 = AppStore|iPhone
		{06FE536C-C8F0-4CC6-8EEB-B524C8BF48F0}.AppStore|iPhone.Deploy.0 = AppStore|iPhone
		{06FE536C-C8F0-4CC6-8EEB-B524C8BF48F0}.AppStore|iPhoneSimulator.ActiveCfg = AppStore|iPhoneSimulator
		{06FE536C-C8F0-4CC6-8EEB-B524C8BF48F0}.AppStore|iPhoneSimulator.Build.0 = AppStore|iPhoneSimulator
		{06FE536C-C8F0-4CC6-8EEB-B524C8BF48F0}.AppStore|iPhoneSimulator.Deploy.0 = AppStore|iPhoneSimulator
		{06FE536C-C8F0-4CC6-8EEB-B524C8BF48F0}.AppStore|x64.ActiveCfg = AppStore|iPhone
		{06FE536C-C8F0-4CC6-8EEB-B524C8BF48F0}.AppStore|x64.Build.0 = AppStore|iPhone
		{06FE536C-C8F0-4CC6-8EEB-B524C8BF48F0}.AppStore|x64.Deploy.0 = AppStore|iPhone
		{06FE536C-C8F0-4CC6-8EEB-B524C8BF48F0}.AppStore|x86.ActiveCfg = AppStore|iPhone
		{06FE536C-C8F0-4CC6-8EEB-B524C8BF48F0}.AppStore|x86.Build.0 = AppStore|iPhone
		{06FE536C-C8F0-4CC6-8EEB-B524C8BF48F0}.AppStore|x86.Deploy.0 = AppStore|iPhone
		{06FE536C-C8F0-4CC6-8EEB-B524C8BF48F0}.Debug|Any CPU.ActiveCfg = Debug|iPhoneSimulator
		{06FE536C-C8F0-4CC6-8EEB-B524C8BF48F0}.Debug|Any CPU.Build.0 = Debug|iPhoneSimulator
		{06FE536C-C8F0-4CC6-8EEB-B524C8BF48F0}.Debug|Any CPU.Deploy.0 = Debug|iPhoneSimulator
		{06FE536C-C8F0-4CC6-8EEB-B524C8BF48F0}.Debug|ARM.ActiveCfg = Debug|iPhone
		{06FE536C-C8F0-4CC6-8EEB-B524C8BF48F0}.Debug|ARM.Build.0 = Debug|iPhone
		{06FE536C-C8F0-4CC6-8EEB-B524C8BF48F0}.Debug|ARM.Deploy.0 = Debug|iPhone
		{06FE536C-C8F0-4CC6-8EEB-B524C8BF48F0}.Debug|iPhone.ActiveCfg = Debug|iPhone
		{06FE536C-C8F0-4CC6-8EEB-B524C8BF48F0}.Debug|iPhone.Build.0 = Debug|iPhone
		{06FE536C-C8F0-4CC6-8EEB-B524C8BF48F0}.Debug|iPhone.Deploy.0 = Debug|iPhone
		{06FE536C-C8F0-4CC6-8EEB-B524C8BF48F0}.Debug|iPhoneSimulator.ActiveCfg = Debug|iPhoneSimulator
		{06FE536C-C8F0-4CC6-8EEB-B524C8BF48F0}.Debug|iPhoneSimulator.Build.0 = Debug|iPhoneSimulator
		{06FE536C-C8F0-4CC6-8EEB-B524C8BF48F0}.Debug|iPhoneSimulator.Deploy.0 = Debug|iPhoneSimulator
		{06FE536C-C8F0-4CC6-8EEB-B524C8BF48F0}.Debug|x64.ActiveCfg = Debug|iPhone
		{06FE536C-C8F0-4CC6-8EEB-B524C8BF48F0}.Debug|x64.Build.0 = Debug|iPhone
		{06FE536C-C8F0-4CC6-8EEB-B524C8BF48F0}.Debug|x64.Deploy.0 = Debug|iPhone
		{06FE536C-C8F0-4CC6-8EEB-B524C8BF48F0}.Debug|x86.ActiveCfg = Debug|iPhone
		{06FE536C-C8F0-4CC6-8EEB-B524C8BF48F0}.Debug|x86.Build.0 = Debug|iPhone
		{06FE536C-C8F0-4CC6-8EEB-B524C8BF48F0}.Debug|x86.Deploy.0 = Debug|iPhone
		{06FE536C-C8F0-4CC6-8EEB-B524C8BF48F0}.Release|Any CPU.ActiveCfg = Release|iPhone
		{06FE536C-C8F0-4CC6-8EEB-B524C8BF48F0}.Release|Any CPU.Build.0 = Release|iPhone
		{06FE536C-C8F0-4CC6-8EEB-B524C8BF48F0}.Release|Any CPU.Deploy.0 = Release|iPhone
		{06FE536C-C8F0-4CC6-8EEB-B524C8BF48F0}.Release|ARM.ActiveCfg = Release|iPhone
		{06FE536C-C8F0-4CC6-8EEB-B524C8BF48F0}.Release|ARM.Build.0 = Release|iPhone
		{06FE536C-C8F0-4CC6-8EEB-B524C8BF48F0}.Release|ARM.Deploy.0 = Release|iPhone
		{06FE536C-C8F0-4CC6-8EEB-B524C8BF48F0}.Release|iPhone.ActiveCfg = Release|iPhone
		{06FE536C-C8F0-4CC6-8EEB-B524C8BF48F0}.Release|iPhone.Build.0 = Release|iPhone
		{06FE536C-C8F0-4CC6-8EEB-B524C8BF48F0}.Release|iPhone.Deploy.0 = Release|iPhone
		{06FE536C-C8F0-4CC6-8EEB-B524C8BF48F0}.Release|iPhoneSimulator.ActiveCfg = Release|iPhoneSimulator
		{06FE536C-C8F0-4CC6-8EEB-B524C8BF48F0}.Release|iPhoneSimulator.Build.0 = Release|iPhoneSimulator
		{06FE536C-C8F0-4CC6-8EEB-B524C8BF48F0}.Release|iPhoneSimulator.Deploy.0 = Release|iPhoneSimulator
		{06FE536C-C8F0-4CC6-8EEB-B524C8BF48F0}.Release|x64.ActiveCfg = Release|iPhone
		{06FE536C-C8F0-4CC6-8EEB-B524C8BF48F0}.Release|x64.Build.0 = Release|iPhone
		{06FE536C-C8F0-4CC6-8EEB-B524C8BF48F0}.Release|x64.Deploy.0 = Release|iPhone
		{06FE536C-C8F0-4CC6-8EEB-B524C8BF48F0}.Release|x86.ActiveCfg = Release|iPhone
		{06FE536C-C8F0-4CC6-8EEB-B524C8BF48F0}.Release|x86.Build.0 = Release|iPhone
		{06FE536C-C8F0-4CC6-8EEB-B524C8BF48F0}.Release|x86.Deploy.0 = Release|iPhone
		{5DEF2466-8210-4FD1-99A3-996FA7164511}.Ad-Hoc|Any CPU.ActiveCfg = Release|x86
		{5DEF2466-8210-4FD1-99A3-996FA7164511}.Ad-Hoc|Any CPU.Build.0 = Release|x86
		{5DEF2466-8210-4FD1-99A3-996FA7164511}.Ad-Hoc|Any CPU.Deploy.0 = Release|x86
		{5DEF2466-8210-4FD1-99A3-996FA7164511}.Ad-Hoc|ARM.ActiveCfg = Release|ARM
		{5DEF2466-8210-4FD1-99A3-996FA7164511}.Ad-Hoc|ARM.Build.0 = Release|ARM
		{5DEF2466-8210-4FD1-99A3-996FA7164511}.Ad-Hoc|ARM.Deploy.0 = Release|ARM
		{5DEF2466-8210-4FD1-99A3-996FA7164511}.Ad-Hoc|iPhone.ActiveCfg = Release|x86
		{5DEF2466-8210-4FD1-99A3-996FA7164511}.Ad-Hoc|iPhone.Build.0 = Release|x86
		{5DEF2466-8210-4FD1-99A3-996FA7164511}.Ad-Hoc|iPhone.Deploy.0 = Release|x86
		{5DEF2466-8210-4FD1-99A3-996FA7164511}.Ad-Hoc|iPhoneSimulator.ActiveCfg = Release|x86
		{5DEF2466-8210-4FD1-99A3-996FA7164511}.Ad-Hoc|iPhoneSimulator.Build.0 = Release|x86
		{5DEF2466-8210-4FD1-99A3-996FA7164511}.Ad-Hoc|iPhoneSimulator.Deploy.0 = Release|x86
		{5DEF2466-8210-4FD1-99A3-996FA7164511}.Ad-Hoc|x64.ActiveCfg = Release|x64
		{5DEF2466-8210-4FD1-99A3-996FA7164511}.Ad-Hoc|x64.Build.0 = Release|x64
		{5DEF2466-8210-4FD1-99A3-996FA7164511}.Ad-Hoc|x64.Deploy.0 = Release|x64
		{5DEF2466-8210-4FD1-99A3-996FA7164511}.Ad-Hoc|x86.ActiveCfg = Release|x86
		{5DEF2466-8210-4FD1-99A3-996FA7164511}.Ad-Hoc|x86.Build.0 = Release|x86
		{5DEF2466-8210-4FD1-99A3-996FA7164511}.Ad-Hoc|x86.Deploy.0 = Release|x86
		{5DEF2466-8210-4FD1-99A3-996FA7164511}.AppStore|Any CPU.ActiveCfg = Release|x86
		{5DEF2466-8210-4FD1-99A3-996FA7164511}.AppStore|Any CPU.Build.0 = Release|x86
		{5DEF2466-8210-4FD1-99A3-996FA7164511}.AppStore|Any CPU.Deploy.0 = Release|x86
		{5DEF2466-8210-4FD1-99A3-996FA7164511}.AppStore|ARM.ActiveCfg = Release|ARM
		{5DEF2466-8210-4FD1-99A3-996FA7164511}.AppStore|ARM.Build.0 = Release|ARM
		{5DEF2466-8210-4FD1-99A3-996FA7164511}.AppStore|ARM.Deploy.0 = Release|ARM
		{5DEF2466-8210-4FD1-99A3-996FA7164511}.AppStore|iPhone.ActiveCfg = Release|x86
		{5DEF2466-8210-4FD1-99A3-996FA7164511}.AppStore|iPhone.Build.0 = Release|x86
		{5DEF2466-8210-4FD1-99A3-996FA7164511}.AppStore|iPhone.Deploy.0 = Release|x86
		{5DEF2466-8210-4FD1-99A3-996FA7164511}.AppStore|iPhoneSimulator.ActiveCfg = Release|x86
		{5DEF2466-8210-4FD1-99A3-996FA7164511}.AppStore|iPhoneSimulator.Build.0 = Release|x86
		{5DEF2466-8210-4FD1-99A3-996FA7164511}.AppStore|iPhoneSimulator.Deploy.0 = Release|x86
		{5DEF2466-8210-4FD1-99A3-996FA7164511}.AppStore|x64.ActiveCfg = Release|x64
		{5DEF2466-8210-4FD1-99A3-996FA7164511}.AppStore|x64.Build.0 = Release|x64
		{5DEF2466-8210-4FD1-99A3-996FA7164511}.AppStore|x64.Deploy.0 = Release|x64
		{5DEF2466-8210-4FD1-99A3-996FA7164511}.AppStore|x86.ActiveCfg = Release|x86
		{5DEF2466-8210-4FD1-99A3-996FA7164511}.AppStore|x86.Build.0 = Release|x86
		{5DEF2466-8210-4FD1-99A3-996FA7164511}.AppStore|x86.Deploy.0 = Release|x86
		{5DEF2466-8210-4FD1-99A3-996FA7164511}.Debug|Any CPU.ActiveCfg = Debug|x86
		{5DEF2466-8210-4FD1-99A3-996FA7164511}.Debug|Any CPU.Build.0 = Debug|x86
		{5DEF2466-8210-4FD1-99A3-996FA7164511}.Debug|Any CPU.Deploy.0 = Debug|x86
		{5DEF2466-8210-4FD1-99A3-996FA7164511}.Debug|ARM.ActiveCfg = Debug|ARM
		{5DEF2466-8210-4FD1-99A3-996FA7164511}.Debug|ARM.Build.0 = Debug|ARM
		{5DEF2466-8210-4FD1-99A3-996FA7164511}.Debug|ARM.Deploy.0 = Debug|ARM
		{5DEF2466-8210-4FD1-99A3-996FA7164511}.Debug|iPhone.ActiveCfg = Debug|x86
		{5DEF2466-8210-4FD1-99A3-996FA7164511}.Debug|iPhone.Build.0 = Debug|x86
		{5DEF2466-8210-4FD1-99A3-996FA7164511}.Debug|iPhone.Deploy.0 = Debug|x86
		{5DEF2466-8210-4FD1-99A3-996FA7164511}.Debug|iPhoneSimulator.ActiveCfg = Debug|x86
		{5DEF2466-8210-4FD1-99A3-996FA7164511}.Debug|iPhoneSimulator.Build.0 = Debug|x86
		{5DEF2466-8210-4FD1-99A3-996FA7164511}.Debug|iPhoneSimulator.Deploy.0 = Debug|x86
		{5DEF2466-8210-4FD1-99A3-996FA7164511}.Debug|x64.ActiveCfg = Debug|x64
		{5DEF2466-8210-4FD1-99A3-996FA7164511}.Debug|x64.Build.0 = Debug|x64
		{5DEF2466-8210-4FD1-99A3-996FA7164511}.Debug|x64.Deploy.0 = Debug|x64
		{5DEF2466-8210-4FD1-99A3-996FA7164511}.Debug|x86.ActiveCfg = Debug|x86
		{5DEF2466-8210-4FD1-99A3-996FA7164511}.Debug|x86.Build.0 = Debug|x86
		{5DEF2466-8210-4FD1-99A3-996FA7164511}.Debug|x86.Deploy.0 = Debug|x86
		{5DEF2466-8210-4FD1-99A3-996FA7164511}.Release|Any CPU.ActiveCfg = Release|x86
		{5DEF2466-8210-4FD1-99A3-996FA7164511}.Release|Any CPU.Build.0 = Release|x86
		{5DEF2466-8210-4FD1-99A3-996FA7164511}.Release|Any CPU.Deploy.0 = Release|x86
		{5DEF2466-8210-4FD1-99A3-996FA7164511}.Release|ARM.ActiveCfg = Release|ARM
		{5DEF2466-8210-4FD1-99A3-996FA7164511}.Release|ARM.Build.0 = Release|ARM
		{5DEF2466-8210-4FD1-99A3-996FA7164511}.Release|ARM.Deploy.0 = Release|ARM
		{5DEF2466-8210-4FD1-99A3-996FA7164511}.Release|iPhone.ActiveCfg = Release|x86
		{5DEF2466-8210-4FD1-99A3-996FA7164511}.Release|iPhone.Build.0 = Release|x86
		{5DEF2466-8210-4FD1-99A3-996FA7164511}.Release|iPhone.Deploy.0 = Release|x86
		{5DEF2466-8210-4FD1-99A3-996FA7164511}.Release|iPhoneSimulator.ActiveCfg = Release|x86
		{5DEF2466-8210-4FD1-99A3-996FA7164511}.Release|iPhoneSimulator.Build.0 = Release|x86
		{5DEF2466-8210-4FD1-99A3-996FA7164511}.Release|iPhoneSimulator.Deploy.0 = Release|x86
		{5DEF2466-8210-4FD1-99A3-996FA7164511}.Release|x64.ActiveCfg = Release|x64
		{5DEF2466-8210-4FD1-99A3-996FA7164511}.Release|x64.Build.0 = Release|x64
		{5DEF2466-8210-4FD1-99A3-996FA7164511}.Release|x64.Deploy.0 = Release|x64
		{5DEF2466-8210-4FD1-99A3-996FA7164511}.Release|x86.ActiveCfg = Release|x86
		{5DEF2466-8210-4FD1-99A3-996FA7164511}.Release|x86.Build.0 = Release|x86
		{5DEF2466-8210-4FD1-99A3-996FA7164511}.Release|x86.Deploy.0 = Release|x86
		{95D5EA37-D1D4-467F-ACDE-120FC6D03EA1}.Ad-Hoc|Any CPU.ActiveCfg = Debug|Any CPU
		{95D5EA37-D1D4-467F-ACDE-120FC6D03EA1}.Ad-Hoc|Any CPU.Build.0 = Debug|Any CPU
		{95D5EA37-D1D4-467F-ACDE-120FC6D03EA1}.Ad-Hoc|Any CPU.Deploy.0 = Debug|Any CPU
		{95D5EA37-D1D4-467F-ACDE-120FC6D03EA1}.Ad-Hoc|ARM.ActiveCfg = Debug|Any CPU
		{95D5EA37-D1D4-467F-ACDE-120FC6D03EA1}.Ad-Hoc|ARM.Build.0 = Debug|Any CPU
		{95D5EA37-D1D4-467F-ACDE-120FC6D03EA1}.Ad-Hoc|ARM.Deploy.0 = Debug|Any CPU
		{95D5EA37-D1D4-467F-ACDE-120FC6D03EA1}.Ad-Hoc|iPhone.ActiveCfg = Debug|Any CPU
		{95D5EA37-D1D4-467F-ACDE-120FC6D03EA1}.Ad-Hoc|iPhone.Build.0 = Debug|Any CPU
		{95D5EA37-D1D4-467F-ACDE-120FC6D03EA1}.Ad-Hoc|iPhone.Deploy.0 = Debug|Any CPU
		{95D5EA37-D1D4-467F-ACDE-120FC6D03EA1}.Ad-Hoc|iPhoneSimulator.ActiveCfg = Debug|Any CPU
		{95D5EA37-D1D4-467F-ACDE-120FC6D03EA1}.Ad-Hoc|iPhoneSimulator.Build.0 = Debug|Any CPU
		{95D5EA37-D1D4-467F-ACDE-120FC6D03EA1}.Ad-Hoc|iPhoneSimulator.Deploy.0 = Debug|Any CPU
		{95D5EA37-D1D4-467F-ACDE-120FC6D03EA1}.Ad-Hoc|x64.ActiveCfg = Debug|Any CPU
		{95D5EA37-D1D4-467F-ACDE-120FC6D03EA1}.Ad-Hoc|x64.Build.0 = Debug|Any CPU
		{95D5EA37-D1D4-467F-ACDE-120FC6D03EA1}.Ad-Hoc|x64.Deploy.0 = Debug|Any CPU
		{95D5EA37-D1D4-467F-ACDE-120FC6D03EA1}.Ad-Hoc|x86.ActiveCfg = Debug|Any CPU
		{95D5EA37-D1D4-467F-ACDE-120FC6D03EA1}.Ad-Hoc|x86.Build.0 = Debug|Any CPU
		{95D5EA37-D1D4-467F-ACDE-120FC6D03EA1}.Ad-Hoc|x86.Deploy.0 = Debug|Any CPU
		{95D5EA37-D1D4-467F-ACDE-120FC6D03EA1}.AppStore|Any CPU.ActiveCfg = Debug|Any CPU
		{95D5EA37-D1D4-467F-ACDE-120FC6D03EA1}.AppStore|Any CPU.Build.0 = Debug|Any CPU
		{95D5EA37-D1D4-467F-ACDE-120FC6D03EA1}.AppStore|Any CPU.Deploy.0 = Debug|Any CPU
		{95D5EA37-D1D4-467F-ACDE-120FC6D03EA1}.AppStore|ARM.ActiveCfg = Debug|Any CPU
		{95D5EA37-D1D4-467F-ACDE-120FC6D03EA1}.AppStore|ARM.Build.0 = Debug|Any CPU
		{95D5EA37-D1D4-467F-ACDE-120FC6D03EA1}.AppStore|ARM.Deploy.0 = Debug|Any CPU
		{95D5EA37-D1D4-467F-ACDE-120FC6D03EA1}.AppStore|iPhone.ActiveCfg = Debug|Any CPU
		{95D5EA37-D1D4-467F-ACDE-120FC6D03EA1}.AppStore|iPhone.Build.0 = Debug|Any CPU
		{95D5EA37-D1D4-467F-ACDE-120FC6D03EA1}.AppStore|iPhone.Deploy.0 = Debug|Any CPU
		{95D5EA37-D1D4-467F-ACDE-120FC6D03EA1}.AppStore|iPhoneSimulator.ActiveCfg = Debug|Any CPU
		{95D5EA37-D1D4-467F-ACDE-120FC6D03EA1}.AppStore|iPhoneSimulator.Build.0 = Debug|Any CPU
		{95D5EA37-D1D4-467F-ACDE-120FC6D03EA1}.AppStore|iPhoneSimulator.Deploy.0 = Debug|Any CPU
		{95D5EA37-D1D4-467F-ACDE-120FC6D03EA1}.AppStore|x64.ActiveCfg = Debug|Any CPU
		{95D5EA37-D1D4-467F-ACDE-120FC6D03EA1}.AppStore|x64.Build.0 = Debug|Any CPU
		{95D5EA37-D1D4-467F-ACDE-120FC6D03EA1}.AppStore|x64.Deploy.0 = Debug|Any CPU
		{95D5EA37-D1D4-467F-ACDE-120FC6D03EA1}.AppStore|x86.ActiveCfg = Debug|Any CPU
		{95D5EA37-D1D4-467F-ACDE-120FC6D03EA1}.AppStore|x86.Build.0 = Debug|Any CPU
		{95D5EA37-D1D4-467F-ACDE-120FC6D03EA1}.AppStore|x86.Deploy.0 = Debug|Any CPU
		{95D5EA37-D1D4-467F-ACDE-120FC6D03EA1}.Debug|Any CPU.ActiveCfg = Debug|Any CPU
		{95D5EA37-D1D4-467F-ACDE-120FC6D03EA1}.Debug|Any CPU.Build.0 = Debug|Any CPU
		{95D5EA37-D1D4-467F-ACDE-120FC6D03EA1}.Debug|Any CPU.Deploy.0 = Debug|Any CPU
		{95D5EA37-D1D4-467F-ACDE-120FC6D03EA1}.Debug|ARM.ActiveCfg = Debug|Any CPU
		{95D5EA37-D1D4-467F-ACDE-120FC6D03EA1}.Debug|ARM.Build.0 = Debug|Any CPU
		{95D5EA37-D1D4-467F-ACDE-120FC6D03EA1}.Debug|ARM.Deploy.0 = Debug|Any CPU
		{95D5EA37-D1D4-467F-ACDE-120FC6D03EA1}.Debug|iPhone.ActiveCfg = Debug|Any CPU
		{95D5EA37-D1D4-467F-ACDE-120FC6D03EA1}.Debug|iPhone.Build.0 = Debug|Any CPU
		{95D5EA37-D1D4-467F-ACDE-120FC6D03EA1}.Debug|iPhone.Deploy.0 = Debug|Any CPU
		{95D5EA37-D1D4-467F-ACDE-120FC6D03EA1}.Debug|iPhoneSimulator.ActiveCfg = Debug|Any CPU
		{95D5EA37-D1D4-467F-ACDE-120FC6D03EA1}.Debug|iPhoneSimulator.Build.0 = Debug|Any CPU
		{95D5EA37-D1D4-467F-ACDE-120FC6D03EA1}.Debug|iPhoneSimulator.Deploy.0 = Debug|Any CPU
		{95D5EA37-D1D4-467F-ACDE-120FC6D03EA1}.Debug|x64.ActiveCfg = Debug|Any CPU
		{95D5EA37-D1D4-467F-ACDE-120FC6D03EA1}.Debug|x64.Build.0 = Debug|Any CPU
		{95D5EA37-D1D4-467F-ACDE-120FC6D03EA1}.Debug|x64.Deploy.0 = Debug|Any CPU
		{95D5EA37-D1D4-467F-ACDE-120FC6D03EA1}.Debug|x86.ActiveCfg = Debug|Any CPU
		{95D5EA37-D1D4-467F-ACDE-120FC6D03EA1}.Debug|x86.Build.0 = Debug|Any CPU
		{95D5EA37-D1D4-467F-ACDE-120FC6D03EA1}.Debug|x86.Deploy.0 = Debug|Any CPU
		{95D5EA37-D1D4-467F-ACDE-120FC6D03EA1}.Release|Any CPU.ActiveCfg = Release|Any CPU
		{95D5EA37-D1D4-467F-ACDE-120FC6D03EA1}.Release|Any CPU.Build.0 = Release|Any CPU
		{95D5EA37-D1D4-467F-ACDE-120FC6D03EA1}.Release|Any CPU.Deploy.0 = Release|Any CPU
		{95D5EA37-D1D4-467F-ACDE-120FC6D03EA1}.Release|ARM.ActiveCfg = Release|Any CPU
		{95D5EA37-D1D4-467F-ACDE-120FC6D03EA1}.Release|ARM.Build.0 = Release|Any CPU
		{95D5EA37-D1D4-467F-ACDE-120FC6D03EA1}.Release|ARM.Deploy.0 = Release|Any CPU
		{95D5EA37-D1D4-467F-ACDE-120FC6D03EA1}.Release|iPhone.ActiveCfg = Release|Any CPU
		{95D5EA37-D1D4-467F-ACDE-120FC6D03EA1}.Release|iPhone.Build.0 = Release|Any CPU
		{95D5EA37-D1D4-467F-ACDE-120FC6D03EA1}.Release|iPhone.Deploy.0 = Release|Any CPU
		{95D5EA37-D1D4-467F-ACDE-120FC6D03EA1}.Release|iPhoneSimulator.ActiveCfg = Release|Any CPU
		{95D5EA37-D1D4-467F-ACDE-120FC6D03EA1}.Release|iPhoneSimulator.Build.0 = Release|Any CPU
		{95D5EA37-D1D4-467F-ACDE-120FC6D03EA1}.Release|iPhoneSimulator.Deploy.0 = Release|Any CPU
		{95D5EA37-D1D4-467F-ACDE-120FC6D03EA1}.Release|x64.ActiveCfg = Release|Any CPU
		{95D5EA37-D1D4-467F-ACDE-120FC6D03EA1}.Release|x64.Build.0 = Release|Any CPU
		{95D5EA37-D1D4-467F-ACDE-120FC6D03EA1}.Release|x64.Deploy.0 = Release|Any CPU
		{95D5EA37-D1D4-467F-ACDE-120FC6D03EA1}.Release|x86.ActiveCfg = Release|Any CPU
		{95D5EA37-D1D4-467F-ACDE-120FC6D03EA1}.Release|x86.Build.0 = Release|Any CPU
		{95D5EA37-D1D4-467F-ACDE-120FC6D03EA1}.Release|x86.Deploy.0 = Release|Any CPU
	EndGlobalSection
	GlobalSection(SolutionProperties) = preSolution
		HideSolutionNode = FALSE
	EndGlobalSection
	GlobalSection(ExtensibilityGlobals) = postSolution
		SolutionGuid = {66A32B8B-3731-40AA-B1E3-F6D185052306}
	EndGlobalSection
EndGlobal
