
Microsoft Visual Studio Solution File, Format Version 12.00
# Visual Studio 15
VisualStudioVersion = 15.0.28307.168
MinimumVisualStudioVersion = 10.0.40219.1
Project("{FAE04EC0-301F-11D3-BF4B-00C04F79EFBC}") = "DataTemplateSelectorSample.Android", "DataTemplateSelectorSample\DataTemplateSelectorSample.Android\DataTemplateSelectorSample.Android.csproj", "{BB9F4AC7-7BFB-446F-91BF-C86312939F15}"
EndProject
Project("{FAE04EC0-301F-11D3-BF4B-00C04F79EFBC}") = "DataTemplateSelectorSample.iOS", "DataTemplateSelectorSample\DataTemplateSelectorSample.iOS\DataTemplateSelectorSample.iOS.csproj", "{AD958FB3-ADD6-45DD-A019-B03FB104DE55}"
EndProject
Project("{FAE04EC0-301F-11D3-BF4B-00C04F79EFBC}") = "DataTemplateSelectorSample.UWP", "DataTemplateSelectorSample\DataTemplateSelectorSample.UWP\DataTemplateSelectorSample.UWP.csproj", "{A468355E-47B2-4DB9-8AC3-019F31380C72}"
EndProject
Project("{9A19103F-16F7-4668-BE54-9A1E7A4F7556}") = "DataTemplateSelectorSample", "DataTemplateSelectorSample\DataTemplateSelectorSample\DataTemplateSelectorSample.csproj", "{A7DEEBDC-5BB4-4D1C-9D42-8AFB413F6EC2}"
EndProject
Global
	GlobalSection(SolutionConfigurationPlatforms) = preSolution
		Ad-Hoc|Any CPU = Ad-Hoc|Any CPU
		Ad-Hoc|ARM = Ad-Hoc|ARM
		Ad-Hoc|iPhone = Ad-Hoc|iPhone
		Ad-Hoc|iPhoneSimulator = Ad-Hoc|iPhoneSimulator
		Ad-Hoc|x64 = Ad-Hoc|x64
		Ad-Hoc|x86 = Ad-Hoc|x86
		AppStore|Any CPU = AppStore|Any CPU
		AppStore|ARM = AppStore|ARM
		AppStore|iPhone = AppStore|iPhone
		AppStore|iPhoneSimulator = AppStore|iPhoneSimulator
		AppStore|x64 = AppStore|x64
		AppStore|x86 = AppStore|x86
		Debug|Any CPU = Debug|Any CPU
		Debug|ARM = Debug|ARM
		Debug|iPhone = Debug|iPhone
		Debug|iPhoneSimulator = Debug|iPhoneSimulator
		Debug|x64 = Debug|x64
		Debug|x86 = Debug|x86
		Release|Any CPU = Release|Any CPU
		Release|ARM = Release|ARM
		Release|iPhone = Release|iPhone
		Release|iPhoneSimulator = Release|iPhoneSimulator
		Release|x64 = Release|x64
		Release|x86 = Release|x86
		Release-xml|Any CPU = Release-xml|Any CPU
		Release-xml|ARM = Release-xml|ARM
		Release-xml|iPhone = Release-xml|iPhone
		Release-xml|iPhoneSimulator = Release-xml|iPhoneSimulator
		Release-xml|x64 = Release-xml|x64
		Release-xml|x86 = Release-xml|x86
	EndGlobalSection
	GlobalSection(ProjectConfigurationPlatforms) = postSolution
		{BB9F4AC7-7BFB-446F-91BF-C86312939F15}.Ad-Hoc|Any CPU.ActiveCfg = Release|Any CPU
		{BB9F4AC7-7BFB-446F-91BF-C86312939F15}.Ad-Hoc|Any CPU.Build.0 = Release|Any CPU
		{BB9F4AC7-7BFB-446F-91BF-C86312939F15}.Ad-Hoc|Any CPU.Deploy.0 = Release|Any CPU
		{BB9F4AC7-7BFB-446F-91BF-C86312939F15}.Ad-Hoc|ARM.ActiveCfg = Release|Any CPU
		{BB9F4AC7-7BFB-446F-91BF-C86312939F15}.Ad-Hoc|ARM.Build.0 = Release|Any CPU
		{BB9F4AC7-7BFB-446F-91BF-C86312939F15}.Ad-Hoc|ARM.Deploy.0 = Release|Any CPU
		{BB9F4AC7-7BFB-446F-91BF-C86312939F15}.Ad-Hoc|iPhone.ActiveCfg = Release|Any CPU
		{BB9F4AC7-7BFB-446F-91BF-C86312939F15}.Ad-Hoc|iPhone.Build.0 = Release|Any CPU
		{BB9F4AC7-7BFB-446F-91BF-C86312939F15}.Ad-Hoc|iPhone.Deploy.0 = Release|Any CPU
		{BB9F4AC7-7BFB-446F-91BF-C86312939F15}.Ad-Hoc|iPhoneSimulator.ActiveCfg = Release|Any CPU
		{BB9F4AC7-7BFB-446F-91BF-C86312939F15}.Ad-Hoc|iPhoneSimulator.Build.0 = Release|Any CPU
		{BB9F4AC7-7BFB-446F-91BF-C86312939F15}.Ad-Hoc|iPhoneSimulator.Deploy.0 = Release|Any CPU
		{BB9F4AC7-7BFB-446F-91BF-C86312939F15}.Ad-Hoc|x64.ActiveCfg = Release|Any CPU
		{BB9F4AC7-7BFB-446F-91BF-C86312939F15}.Ad-Hoc|x64.Build.0 = Release|Any CPU
		{BB9F4AC7-7BFB-446F-91BF-C86312939F15}.Ad-Hoc|x64.Deploy.0 = Release|Any CPU
		{BB9F4AC7-7BFB-446F-91BF-C86312939F15}.Ad-Hoc|x86.ActiveCfg = Release|Any CPU
		{BB9F4AC7-7BFB-446F-91BF-C86312939F15}.Ad-Hoc|x86.Build.0 = Release|Any CPU
		{BB9F4AC7-7BFB-446F-91BF-C86312939F15}.Ad-Hoc|x86.Deploy.0 = Release|Any CPU
		{BB9F4AC7-7BFB-446F-91BF-C86312939F15}.AppStore|Any CPU.ActiveCfg = Release|Any CPU
		{BB9F4AC7-7BFB-446F-91BF-C86312939F15}.AppStore|Any CPU.Build.0 = Release|Any CPU
		{BB9F4AC7-7BFB-446F-91BF-C86312939F15}.AppStore|Any CPU.Deploy.0 = Release|Any CPU
		{BB9F4AC7-7BFB-446F-91BF-C86312939F15}.AppStore|ARM.ActiveCfg = Release|Any CPU
		{BB9F4AC7-7BFB-446F-91BF-C86312939F15}.AppStore|ARM.Build.0 = Release|Any CPU
		{BB9F4AC7-7BFB-446F-91BF-C86312939F15}.AppStore|ARM.Deploy.0 = Release|Any CPU
		{BB9F4AC7-7BFB-446F-91BF-C86312939F15}.AppStore|iPhone.ActiveCfg = Release|Any CPU
		{BB9F4AC7-7BFB-446F-91BF-C86312939F15}.AppStore|iPhone.Build.0 = Release|Any CPU
		{BB9F4AC7-7BFB-446F-91BF-C86312939F15}.AppStore|iPhone.Deploy.0 = Release|Any CPU
		{BB9F4AC7-7BFB-446F-91BF-C86312939F15}.AppStore|iPhoneSimulator.ActiveCfg = Release|Any CPU
		{BB9F4AC7-7BFB-446F-91BF-C86312939F15}.AppStore|iPhoneSimulator.Build.0 = Release|Any CPU
		{BB9F4AC7-7BFB-446F-91BF-C86312939F15}.AppStore|iPhoneSimulator.Deploy.0 = Release|Any CPU
		{BB9F4AC7-7BFB-446F-91BF-C86312939F15}.AppStore|x64.ActiveCfg = Release|Any CPU
		{BB9F4AC7-7BFB-446F-91BF-C86312939F15}.AppStore|x64.Build.0 = Release|Any CPU
		{BB9F4AC7-7BFB-446F-91BF-C86312939F15}.AppStore|x64.Deploy.0 = Release|Any CPU
		{BB9F4AC7-7BFB-446F-91BF-C86312939F15}.AppStore|x86.ActiveCfg = Release|Any CPU
		{BB9F4AC7-7BFB-446F-91BF-C86312939F15}.AppStore|x86.Build.0 = Release|Any CPU
		{BB9F4AC7-7BFB-446F-91BF-C86312939F15}.AppStore|x86.Deploy.0 = Release|Any CPU
		{BB9F4AC7-7BFB-446F-91BF-C86312939F15}.Debug|Any CPU.ActiveCfg = Debug|Any CPU
		{BB9F4AC7-7BFB-446F-91BF-C86312939F15}.Debug|Any CPU.Build.0 = Debug|Any CPU
		{BB9F4AC7-7BFB-446F-91BF-C86312939F15}.Debug|Any CPU.Deploy.0 = Debug|Any CPU
		{BB9F4AC7-7BFB-446F-91BF-C86312939F15}.Debug|ARM.ActiveCfg = Debug|Any CPU
		{BB9F4AC7-7BFB-446F-91BF-C86312939F15}.Debug|ARM.Build.0 = Debug|Any CPU
		{BB9F4AC7-7BFB-446F-91BF-C86312939F15}.Debug|ARM.Deploy.0 = Debug|Any CPU
		{BB9F4AC7-7BFB-446F-91BF-C86312939F15}.Debug|iPhone.ActiveCfg = Debug|Any CPU
		{BB9F4AC7-7BFB-446F-91BF-C86312939F15}.Debug|iPhone.Build.0 = Debug|Any CPU
		{BB9F4AC7-7BFB-446F-91BF-C86312939F15}.Debug|iPhone.Deploy.0 = Debug|Any CPU
		{BB9F4AC7-7BFB-446F-91BF-C86312939F15}.Debug|iPhoneSimulator.ActiveCfg = Debug|Any CPU
		{BB9F4AC7-7BFB-446F-91BF-C86312939F15}.Debug|iPhoneSimulator.Build.0 = Debug|Any CPU
		{BB9F4AC7-7BFB-446F-91BF-C86312939F15}.Debug|iPhoneSimulator.Deploy.0 = Debug|Any CPU
		{BB9F4AC7-7BFB-446F-91BF-C86312939F15}.Debug|x64.ActiveCfg = Debug|Any CPU
		{BB9F4AC7-7BFB-446F-91BF-C86312939F15}.Debug|x64.Build.0 = Debug|Any CPU
		{BB9F4AC7-7BFB-446F-91BF-C86312939F15}.Debug|x64.Deploy.0 = Debug|Any CPU
		{BB9F4AC7-7BFB-446F-91BF-C86312939F15}.Debug|x86.ActiveCfg = Debug|Any CPU
		{BB9F4AC7-7BFB-446F-91BF-C86312939F15}.Release|Any CPU.ActiveCfg = Release|Any CPU
		{BB9F4AC7-7BFB-446F-91BF-C86312939F15}.Release|Any CPU.Build.0 = Release|Any CPU
		{BB9F4AC7-7BFB-446F-91BF-C86312939F15}.Release|Any CPU.Deploy.0 = Release|Any CPU
		{BB9F4AC7-7BFB-446F-91BF-C86312939F15}.Release|ARM.ActiveCfg = Release|Any CPU
		{BB9F4AC7-7BFB-446F-91BF-C86312939F15}.Release|ARM.Build.0 = Release|Any CPU
		{BB9F4AC7-7BFB-446F-91BF-C86312939F15}.Release|ARM.Deploy.0 = Release|Any CPU
		{BB9F4AC7-7BFB-446F-91BF-C86312939F15}.Release|iPhone.ActiveCfg = Release|Any CPU
		{BB9F4AC7-7BFB-446F-91BF-C86312939F15}.Release|iPhone.Build.0 = Release|Any CPU
		{BB9F4AC7-7BFB-446F-91BF-C86312939F15}.Release|iPhone.Deploy.0 = Release|Any CPU
		{BB9F4AC7-7BFB-446F-91BF-C86312939F15}.Release|iPhoneSimulator.ActiveCfg = Release|Any CPU
		{BB9F4AC7-7BFB-446F-91BF-C86312939F15}.Release|iPhoneSimulator.Build.0 = Release|Any CPU
		{BB9F4AC7-7BFB-446F-91BF-C86312939F15}.Release|iPhoneSimulator.Deploy.0 = Release|Any CPU
		{BB9F4AC7-7BFB-446F-91BF-C86312939F15}.Release|x64.ActiveCfg = Release|Any CPU
		{BB9F4AC7-7BFB-446F-91BF-C86312939F15}.Release|x64.Build.0 = Release|Any CPU
		{BB9F4AC7-7BFB-446F-91BF-C86312939F15}.Release|x64.Deploy.0 = Release|Any CPU
		{BB9F4AC7-7BFB-446F-91BF-C86312939F15}.Release|x86.ActiveCfg = Release|Any CPU
		{BB9F4AC7-7BFB-446F-91BF-C86312939F15}.Release|x86.Build.0 = Release|Any CPU
		{BB9F4AC7-7BFB-446F-91BF-C86312939F15}.Release|x86.Deploy.0 = Release|Any CPU
		{BB9F4AC7-7BFB-446F-91BF-C86312939F15}.Release-xml|Any CPU.ActiveCfg = Release|Any CPU
		{BB9F4AC7-7BFB-446F-91BF-C86312939F15}.Release-xml|Any CPU.Build.0 = Release|Any CPU
		{BB9F4AC7-7BFB-446F-91BF-C86312939F15}.Release-xml|Any CPU.Deploy.0 = Release|Any CPU
		{BB9F4AC7-7BFB-446F-91BF-C86312939F15}.Release-xml|ARM.ActiveCfg = Release|Any CPU
		{BB9F4AC7-7BFB-446F-91BF-C86312939F15}.Release-xml|ARM.Build.0 = Release|Any CPU
		{BB9F4AC7-7BFB-446F-91BF-C86312939F15}.Release-xml|ARM.Deploy.0 = Release|Any CPU
		{BB9F4AC7-7BFB-446F-91BF-C86312939F15}.Release-xml|iPhone.ActiveCfg = Release|Any CPU
		{BB9F4AC7-7BFB-446F-91BF-C86312939F15}.Release-xml|iPhone.Build.0 = Release|Any CPU
		{BB9F4AC7-7BFB-446F-91BF-C86312939F15}.Release-xml|iPhone.Deploy.0 = Release|Any CPU
		{BB9F4AC7-7BFB-446F-91BF-C86312939F15}.Release-xml|iPhoneSimulator.ActiveCfg = Release|Any CPU
		{BB9F4AC7-7BFB-446F-91BF-C86312939F15}.Release-xml|iPhoneSimulator.Build.0 = Release|Any CPU
		{BB9F4AC7-7BFB-446F-91BF-C86312939F15}.Release-xml|iPhoneSimulator.Deploy.0 = Release|Any CPU
		{BB9F4AC7-7BFB-446F-91BF-C86312939F15}.Release-xml|x64.ActiveCfg = Release|Any CPU
		{BB9F4AC7-7BFB-446F-91BF-C86312939F15}.Release-xml|x64.Build.0 = Release|Any CPU
		{BB9F4AC7-7BFB-446F-91BF-C86312939F15}.Release-xml|x64.Deploy.0 = Release|Any CPU
		{BB9F4AC7-7BFB-446F-91BF-C86312939F15}.Release-xml|x86.ActiveCfg = Release|Any CPU
		{BB9F4AC7-7BFB-446F-91BF-C86312939F15}.Release-xml|x86.Build.0 = Release|Any CPU
		{BB9F4AC7-7BFB-446F-91BF-C86312939F15}.Release-xml|x86.Deploy.0 = Release|Any CPU
		{AD958FB3-ADD6-45DD-A019-B03FB104DE55}.Ad-Hoc|Any CPU.ActiveCfg = Ad-Hoc|iPhone
		{AD958FB3-ADD6-45DD-A019-B03FB104DE55}.Ad-Hoc|Any CPU.Build.0 = Ad-Hoc|iPhone
		{AD958FB3-ADD6-45DD-A019-B03FB104DE55}.Ad-Hoc|Any CPU.Deploy.0 = Ad-Hoc|iPhone
		{AD958FB3-ADD6-45DD-A019-B03FB104DE55}.Ad-Hoc|ARM.ActiveCfg = Ad-Hoc|iPhone
		{AD958FB3-ADD6-45DD-A019-B03FB104DE55}.Ad-Hoc|ARM.Build.0 = Ad-Hoc|iPhone
		{AD958FB3-ADD6-45DD-A019-B03FB104DE55}.Ad-Hoc|ARM.Deploy.0 = Ad-Hoc|iPhone
		{AD958FB3-ADD6-45DD-A019-B03FB104DE55}.Ad-Hoc|iPhone.ActiveCfg = Ad-Hoc|iPhone
		{AD958FB3-ADD6-45DD-A019-B03FB104DE55}.Ad-Hoc|iPhone.Build.0 = Ad-Hoc|iPhone
		{AD958FB3-ADD6-45DD-A019-B03FB104DE55}.Ad-Hoc|iPhone.Deploy.0 = Ad-Hoc|iPhone
		{AD958FB3-ADD6-45DD-A019-B03FB104DE55}.Ad-Hoc|iPhoneSimulator.ActiveCfg = Ad-Hoc|iPhoneSimulator
		{AD958FB3-ADD6-45DD-A019-B03FB104DE55}.Ad-Hoc|iPhoneSimulator.Build.0 = Ad-Hoc|iPhoneSimulator
		{AD958FB3-ADD6-45DD-A019-B03FB104DE55}.Ad-Hoc|iPhoneSimulator.Deploy.0 = Ad-Hoc|iPhoneSimulator
		{AD958FB3-ADD6-45DD-A019-B03FB104DE55}.Ad-Hoc|x64.ActiveCfg = Ad-Hoc|iPhone
		{AD958FB3-ADD6-45DD-A019-B03FB104DE55}.Ad-Hoc|x64.Build.0 = Ad-Hoc|iPhone
		{AD958FB3-ADD6-45DD-A019-B03FB104DE55}.Ad-Hoc|x64.Deploy.0 = Ad-Hoc|iPhone
		{AD958FB3-ADD6-45DD-A019-B03FB104DE55}.Ad-Hoc|x86.ActiveCfg = Ad-Hoc|iPhone
		{AD958FB3-ADD6-45DD-A019-B03FB104DE55}.Ad-Hoc|x86.Build.0 = Ad-Hoc|iPhone
		{AD958FB3-ADD6-45DD-A019-B03FB104DE55}.Ad-Hoc|x86.Deploy.0 = Ad-Hoc|iPhone
		{AD958FB3-ADD6-45DD-A019-B03FB104DE55}.AppStore|Any CPU.ActiveCfg = AppStore|iPhone
		{AD958FB3-ADD6-45DD-A019-B03FB104DE55}.AppStore|Any CPU.Build.0 = AppStore|iPhone
		{AD958FB3-ADD6-45DD-A019-B03FB104DE55}.AppStore|Any CPU.Deploy.0 = AppStore|iPhone
		{AD958FB3-ADD6-45DD-A019-B03FB104DE55}.AppStore|ARM.ActiveCfg = AppStore|iPhone
		{AD958FB3-ADD6-45DD-A019-B03FB104DE55}.AppStore|ARM.Build.0 = AppStore|iPhone
		{AD958FB3-ADD6-45DD-A019-B03FB104DE55}.AppStore|ARM.Deploy.0 = AppStore|iPhone
		{AD958FB3-ADD6-45DD-A019-B03FB104DE55}.AppStore|iPhone.ActiveCfg = AppStore|iPhone
		{AD958FB3-ADD6-45DD-A019-B03FB104DE55}.AppStore|iPhone.Build.0 = AppStore|iPhone
		{AD958FB3-ADD6-45DD-A019-B03FB104DE55}.AppStore|iPhone.Deploy.0 = AppStore|iPhone
		{AD958FB3-ADD6-45DD-A019-B03FB104DE55}.AppStore|iPhoneSimulator.ActiveCfg = AppStore|iPhoneSimulator
		{AD958FB3-ADD6-45DD-A019-B03FB104DE55}.AppStore|iPhoneSimulator.Build.0 = AppStore|iPhoneSimulator
		{AD958FB3-ADD6-45DD-A019-B03FB104DE55}.AppStore|iPhoneSimulator.Deploy.0 = AppStore|iPhoneSimulator
		{AD958FB3-ADD6-45DD-A019-B03FB104DE55}.AppStore|x64.ActiveCfg = AppStore|iPhone
		{AD958FB3-ADD6-45DD-A019-B03FB104DE55}.AppStore|x64.Build.0 = AppStore|iPhone
		{AD958FB3-ADD6-45DD-A019-B03FB104DE55}.AppStore|x64.Deploy.0 = AppStore|iPhone
		{AD958FB3-ADD6-45DD-A019-B03FB104DE55}.AppStore|x86.ActiveCfg = AppStore|iPhone
		{AD958FB3-ADD6-45DD-A019-B03FB104DE55}.AppStore|x86.Build.0 = AppStore|iPhone
		{AD958FB3-ADD6-45DD-A019-B03FB104DE55}.AppStore|x86.Deploy.0 = AppStore|iPhone
		{AD958FB3-ADD6-45DD-A019-B03FB104DE55}.Debug|Any CPU.ActiveCfg = Debug|iPhoneSimulator
		{AD958FB3-ADD6-45DD-A019-B03FB104DE55}.Debug|Any CPU.Deploy.0 = Debug|iPhoneSimulator
		{AD958FB3-ADD6-45DD-A019-B03FB104DE55}.Debug|ARM.ActiveCfg = Debug|iPhone
		{AD958FB3-ADD6-45DD-A019-B03FB104DE55}.Debug|ARM.Build.0 = Debug|iPhone
		{AD958FB3-ADD6-45DD-A019-B03FB104DE55}.Debug|ARM.Deploy.0 = Debug|iPhone
		{AD958FB3-ADD6-45DD-A019-B03FB104DE55}.Debug|iPhone.ActiveCfg = Debug|iPhone
		{AD958FB3-ADD6-45DD-A019-B03FB104DE55}.Debug|iPhone.Build.0 = Debug|iPhone
		{AD958FB3-ADD6-45DD-A019-B03FB104DE55}.Debug|iPhone.Deploy.0 = Debug|iPhone
		{AD958FB3-ADD6-45DD-A019-B03FB104DE55}.Debug|iPhoneSimulator.ActiveCfg = Debug|iPhoneSimulator
		{AD958FB3-ADD6-45DD-A019-B03FB104DE55}.Debug|iPhoneSimulator.Build.0 = Debug|iPhoneSimulator
		{AD958FB3-ADD6-45DD-A019-B03FB104DE55}.Debug|iPhoneSimulator.Deploy.0 = Debug|iPhoneSimulator
		{AD958FB3-ADD6-45DD-A019-B03FB104DE55}.Debug|x64.ActiveCfg = Debug|iPhone
		{AD958FB3-ADD6-45DD-A019-B03FB104DE55}.Debug|x64.Build.0 = Debug|iPhone
		{AD958FB3-ADD6-45DD-A019-B03FB104DE55}.Debug|x64.Deploy.0 = Debug|iPhone
		{AD958FB3-ADD6-45DD-A019-B03FB104DE55}.Debug|x86.ActiveCfg = Debug|iPhone
		{AD958FB3-ADD6-45DD-A019-B03FB104DE55}.Debug|x86.Deploy.0 = Debug|iPhone
		{AD958FB3-ADD6-45DD-A019-B03FB104DE55}.Release|Any CPU.ActiveCfg = Release|iPhone
		{AD958FB3-ADD6-45DD-A019-B03FB104DE55}.Release|Any CPU.Build.0 = Release|iPhone
		{AD958FB3-ADD6-45DD-A019-B03FB104DE55}.Release|Any CPU.Deploy.0 = Release|iPhone
		{AD958FB3-ADD6-45DD-A019-B03FB104DE55}.Release|ARM.ActiveCfg = Release|iPhone
		{AD958FB3-ADD6-45DD-A019-B03FB104DE55}.Release|ARM.Build.0 = Release|iPhone
		{AD958FB3-ADD6-45DD-A019-B03FB104DE55}.Release|ARM.Deploy.0 = Release|iPhone
		{AD958FB3-ADD6-45DD-A019-B03FB104DE55}.Release|iPhone.ActiveCfg = Release|iPhone
		{AD958FB3-ADD6-45DD-A019-B03FB104DE55}.Release|iPhone.Build.0 = Release|iPhone
		{AD958FB3-ADD6-45DD-A019-B03FB104DE55}.Release|iPhone.Deploy.0 = Release|iPhone
		{AD958FB3-ADD6-45DD-A019-B03FB104DE55}.Release|iPhoneSimulator.ActiveCfg = Release|iPhoneSimulator
		{AD958FB3-ADD6-45DD-A019-B03FB104DE55}.Release|iPhoneSimulator.Build.0 = Release|iPhoneSimulator
		{AD958FB3-ADD6-45DD-A019-B03FB104DE55}.Release|iPhoneSimulator.Deploy.0 = Release|iPhoneSimulator
		{AD958FB3-ADD6-45DD-A019-B03FB104DE55}.Release|x64.ActiveCfg = Release|iPhone
		{AD958FB3-ADD6-45DD-A019-B03FB104DE55}.Release|x64.Build.0 = Release|iPhone
		{AD958FB3-ADD6-45DD-A019-B03FB104DE55}.Release|x64.Deploy.0 = Release|iPhone
		{AD958FB3-ADD6-45DD-A019-B03FB104DE55}.Release|x86.ActiveCfg = Release|iPhone
		{AD958FB3-ADD6-45DD-A019-B03FB104DE55}.Release|x86.Build.0 = Release|iPhone
		{AD958FB3-ADD6-45DD-A019-B03FB104DE55}.Release|x86.Deploy.0 = Release|iPhone
		{AD958FB3-ADD6-45DD-A019-B03FB104DE55}.Release-xml|Any CPU.ActiveCfg = AppStore|iPhone
		{AD958FB3-ADD6-45DD-A019-B03FB104DE55}.Release-xml|Any CPU.Build.0 = AppStore|iPhone
		{AD958FB3-ADD6-45DD-A019-B03FB104DE55}.Release-xml|ARM.ActiveCfg = AppStore|iPhone
		{AD958FB3-ADD6-45DD-A019-B03FB104DE55}.Release-xml|ARM.Build.0 = AppStore|iPhone
		{AD958FB3-ADD6-45DD-A019-B03FB104DE55}.Release-xml|iPhone.ActiveCfg = Release|iPhone
		{AD958FB3-ADD6-45DD-A019-B03FB104DE55}.Release-xml|iPhone.Build.0 = Release|iPhone
		{AD958FB3-ADD6-45DD-A019-B03FB104DE55}.Release-xml|iPhoneSimulator.ActiveCfg = Release|iPhoneSimulator
		{AD958FB3-ADD6-45DD-A019-B03FB104DE55}.Release-xml|iPhoneSimulator.Build.0 = Release|iPhoneSimulator
		{AD958FB3-ADD6-45DD-A019-B03FB104DE55}.Release-xml|x64.ActiveCfg = AppStore|iPhone
		{AD958FB3-ADD6-45DD-A019-B03FB104DE55}.Release-xml|x64.Build.0 = AppStore|iPhone
		{AD958FB3-ADD6-45DD-A019-B03FB104DE55}.Release-xml|x86.ActiveCfg = AppStore|iPhone
		{AD958FB3-ADD6-45DD-A019-B03FB104DE55}.Release-xml|x86.Build.0 = AppStore|iPhone
		{A468355E-47B2-4DB9-8AC3-019F31380C72}.Ad-Hoc|Any CPU.ActiveCfg = Release|x86
		{A468355E-47B2-4DB9-8AC3-019F31380C72}.Ad-Hoc|Any CPU.Build.0 = Release|x86
		{A468355E-47B2-4DB9-8AC3-019F31380C72}.Ad-Hoc|Any CPU.Deploy.0 = Release|x86
		{A468355E-47B2-4DB9-8AC3-019F31380C72}.Ad-Hoc|ARM.ActiveCfg = Release|ARM
		{A468355E-47B2-4DB9-8AC3-019F31380C72}.Ad-Hoc|ARM.Build.0 = Release|ARM
		{A468355E-47B2-4DB9-8AC3-019F31380C72}.Ad-Hoc|ARM.Deploy.0 = Release|ARM
		{A468355E-47B2-4DB9-8AC3-019F31380C72}.Ad-Hoc|iPhone.ActiveCfg = Release|x86
		{A468355E-47B2-4DB9-8AC3-019F31380C72}.Ad-Hoc|iPhone.Build.0 = Release|x86
		{A468355E-47B2-4DB9-8AC3-019F31380C72}.Ad-Hoc|iPhone.Deploy.0 = Release|x86
		{A468355E-47B2-4DB9-8AC3-019F31380C72}.Ad-Hoc|iPhoneSimulator.ActiveCfg = Release|x86
		{A468355E-47B2-4DB9-8AC3-019F31380C72}.Ad-Hoc|iPhoneSimulator.Build.0 = Release|x86
		{A468355E-47B2-4DB9-8AC3-019F31380C72}.Ad-Hoc|iPhoneSimulator.Deploy.0 = Release|x86
		{A468355E-47B2-4DB9-8AC3-019F31380C72}.Ad-Hoc|x64.ActiveCfg = Release|x64
		{A468355E-47B2-4DB9-8AC3-019F31380C72}.Ad-Hoc|x64.Build.0 = Release|x64
		{A468355E-47B2-4DB9-8AC3-019F31380C72}.Ad-Hoc|x64.Deploy.0 = Release|x64
		{A468355E-47B2-4DB9-8AC3-019F31380C72}.Ad-Hoc|x86.ActiveCfg = Release|x86
		{A468355E-47B2-4DB9-8AC3-019F31380C72}.Ad-Hoc|x86.Build.0 = Release|x86
		{A468355E-47B2-4DB9-8AC3-019F31380C72}.Ad-Hoc|x86.Deploy.0 = Release|x86
		{A468355E-47B2-4DB9-8AC3-019F31380C72}.AppStore|Any CPU.ActiveCfg = Release|x86
		{A468355E-47B2-4DB9-8AC3-019F31380C72}.AppStore|Any CPU.Build.0 = Release|x86
		{A468355E-47B2-4DB9-8AC3-019F31380C72}.AppStore|Any CPU.Deploy.0 = Release|x86
		{A468355E-47B2-4DB9-8AC3-019F31380C72}.AppStore|ARM.ActiveCfg = Release|ARM
		{A468355E-47B2-4DB9-8AC3-019F31380C72}.AppStore|ARM.Build.0 = Release|ARM
		{A468355E-47B2-4DB9-8AC3-019F31380C72}.AppStore|ARM.Deploy.0 = Release|ARM
		{A468355E-47B2-4DB9-8AC3-019F31380C72}.AppStore|iPhone.ActiveCfg = Release|x86
		{A468355E-47B2-4DB9-8AC3-019F31380C72}.AppStore|iPhone.Build.0 = Release|x86
		{A468355E-47B2-4DB9-8AC3-019F31380C72}.AppStore|iPhone.Deploy.0 = Release|x86
		{A468355E-47B2-4DB9-8AC3-019F31380C72}.AppStore|iPhoneSimulator.ActiveCfg = Release|x86
		{A468355E-47B2-4DB9-8AC3-019F31380C72}.AppStore|iPhoneSimulator.Build.0 = Release|x86
		{A468355E-47B2-4DB9-8AC3-019F31380C72}.AppStore|iPhoneSimulator.Deploy.0 = Release|x86
		{A468355E-47B2-4DB9-8AC3-019F31380C72}.AppStore|x64.ActiveCfg = Release|x64
		{A468355E-47B2-4DB9-8AC3-019F31380C72}.AppStore|x64.Build.0 = Release|x64
		{A468355E-47B2-4DB9-8AC3-019F31380C72}.AppStore|x64.Deploy.0 = Release|x64
		{A468355E-47B2-4DB9-8AC3-019F31380C72}.AppStore|x86.ActiveCfg = Release|x86
		{A468355E-47B2-4DB9-8AC3-019F31380C72}.AppStore|x86.Build.0 = Release|x86
		{A468355E-47B2-4DB9-8AC3-019F31380C72}.AppStore|x86.Deploy.0 = Release|x86
		{A468355E-47B2-4DB9-8AC3-019F31380C72}.Debug|Any CPU.ActiveCfg = Debug|x86
		{A468355E-47B2-4DB9-8AC3-019F31380C72}.Debug|Any CPU.Build.0 = Debug|x86
		{A468355E-47B2-4DB9-8AC3-019F31380C72}.Debug|Any CPU.Deploy.0 = Debug|x86
		{A468355E-47B2-4DB9-8AC3-019F31380C72}.Debug|ARM.ActiveCfg = Debug|ARM
		{A468355E-47B2-4DB9-8AC3-019F31380C72}.Debug|ARM.Build.0 = Debug|ARM
		{A468355E-47B2-4DB9-8AC3-019F31380C72}.Debug|ARM.Deploy.0 = Debug|ARM
		{A468355E-47B2-4DB9-8AC3-019F31380C72}.Debug|iPhone.ActiveCfg = Debug|x86
		{A468355E-47B2-4DB9-8AC3-019F31380C72}.Debug|iPhone.Build.0 = Debug|x86
		{A468355E-47B2-4DB9-8AC3-019F31380C72}.Debug|iPhone.Deploy.0 = Debug|x86
		{A468355E-47B2-4DB9-8AC3-019F31380C72}.Debug|iPhoneSimulator.ActiveCfg = Debug|x86
		{A468355E-47B2-4DB9-8AC3-019F31380C72}.Debug|iPhoneSimulator.Build.0 = Debug|x86
		{A468355E-47B2-4DB9-8AC3-019F31380C72}.Debug|iPhoneSimulator.Deploy.0 = Debug|x86
		{A468355E-47B2-4DB9-8AC3-019F31380C72}.Debug|x64.ActiveCfg = Debug|x64
		{A468355E-47B2-4DB9-8AC3-019F31380C72}.Debug|x64.Build.0 = Debug|x64
		{A468355E-47B2-4DB9-8AC3-019F31380C72}.Debug|x64.Deploy.0 = Debug|x64
		{A468355E-47B2-4DB9-8AC3-019F31380C72}.Debug|x86.ActiveCfg = Debug|x86
		{A468355E-47B2-4DB9-8AC3-019F31380C72}.Debug|x86.Build.0 = Debug|x86
		{A468355E-47B2-4DB9-8AC3-019F31380C72}.Debug|x86.Deploy.0 = Debug|x86
		{A468355E-47B2-4DB9-8AC3-019F31380C72}.Release|Any CPU.ActiveCfg = Release|x86
		{A468355E-47B2-4DB9-8AC3-019F31380C72}.Release|Any CPU.Build.0 = Release|x86
		{A468355E-47B2-4DB9-8AC3-019F31380C72}.Release|Any CPU.Deploy.0 = Release|x86
		{A468355E-47B2-4DB9-8AC3-019F31380C72}.Release|ARM.ActiveCfg = Release|ARM
		{A468355E-47B2-4DB9-8AC3-019F31380C72}.Release|ARM.Build.0 = Release|ARM
		{A468355E-47B2-4DB9-8AC3-019F31380C72}.Release|ARM.Deploy.0 = Release|ARM
		{A468355E-47B2-4DB9-8AC3-019F31380C72}.Release|iPhone.ActiveCfg = Release|x86
		{A468355E-47B2-4DB9-8AC3-019F31380C72}.Release|iPhone.Build.0 = Release|x86
		{A468355E-47B2-4DB9-8AC3-019F31380C72}.Release|iPhone.Deploy.0 = Release|x86
		{A468355E-47B2-4DB9-8AC3-019F31380C72}.Release|iPhoneSimulator.ActiveCfg = Release|x86
		{A468355E-47B2-4DB9-8AC3-019F31380C72}.Release|iPhoneSimulator.Build.0 = Release|x86
		{A468355E-47B2-4DB9-8AC3-019F31380C72}.Release|iPhoneSimulator.Deploy.0 = Release|x86
		{A468355E-47B2-4DB9-8AC3-019F31380C72}.Release|x64.ActiveCfg = Release|x64
		{A468355E-47B2-4DB9-8AC3-019F31380C72}.Release|x64.Build.0 = Release|x64
		{A468355E-47B2-4DB9-8AC3-019F31380C72}.Release|x64.Deploy.0 = Release|x64
		{A468355E-47B2-4DB9-8AC3-019F31380C72}.Release|x86.ActiveCfg = Release|x86
		{A468355E-47B2-4DB9-8AC3-019F31380C72}.Release|x86.Build.0 = Release|x86
		{A468355E-47B2-4DB9-8AC3-019F31380C72}.Release|x86.Deploy.0 = Release|x86
		{A468355E-47B2-4DB9-8AC3-019F31380C72}.Release-xml|Any CPU.ActiveCfg = Release|x86
		{A468355E-47B2-4DB9-8AC3-019F31380C72}.Release-xml|Any CPU.Build.0 = Release|x86
		{A468355E-47B2-4DB9-8AC3-019F31380C72}.Release-xml|Any CPU.Deploy.0 = Release|x86
		{A468355E-47B2-4DB9-8AC3-019F31380C72}.Release-xml|ARM.ActiveCfg = Release|ARM
		{A468355E-47B2-4DB9-8AC3-019F31380C72}.Release-xml|ARM.Build.0 = Release|ARM
		{A468355E-47B2-4DB9-8AC3-019F31380C72}.Release-xml|ARM.Deploy.0 = Release|ARM
		{A468355E-47B2-4DB9-8AC3-019F31380C72}.Release-xml|iPhone.ActiveCfg = Release|x86
		{A468355E-47B2-4DB9-8AC3-019F31380C72}.Release-xml|iPhone.Build.0 = Release|x86
		{A468355E-47B2-4DB9-8AC3-019F31380C72}.Release-xml|iPhone.Deploy.0 = Release|x86
		{A468355E-47B2-4DB9-8AC3-019F31380C72}.Release-xml|iPhoneSimulator.ActiveCfg = Release|x86
		{A468355E-47B2-4DB9-8AC3-019F31380C72}.Release-xml|iPhoneSimulator.Build.0 = Release|x86
		{A468355E-47B2-4DB9-8AC3-019F31380C72}.Release-xml|iPhoneSimulator.Deploy.0 = Release|x86
		{A468355E-47B2-4DB9-8AC3-019F31380C72}.Release-xml|x64.ActiveCfg = Release|x64
		{A468355E-47B2-4DB9-8AC3-019F31380C72}.Release-xml|x64.Build.0 = Release|x64
		{A468355E-47B2-4DB9-8AC3-019F31380C72}.Release-xml|x64.Deploy.0 = Release|x64
		{A468355E-47B2-4DB9-8AC3-019F31380C72}.Release-xml|x86.ActiveCfg = Release|x86
		{A468355E-47B2-4DB9-8AC3-019F31380C72}.Release-xml|x86.Build.0 = Release|x86
		{A468355E-47B2-4DB9-8AC3-019F31380C72}.Release-xml|x86.Deploy.0 = Release|x86
		{A7DEEBDC-5BB4-4D1C-9D42-8AFB413F6EC2}.Ad-Hoc|Any CPU.ActiveCfg = Debug|Any CPU
		{A7DEEBDC-5BB4-4D1C-9D42-8AFB413F6EC2}.Ad-Hoc|Any CPU.Build.0 = Debug|Any CPU
		{A7DEEBDC-5BB4-4D1C-9D42-8AFB413F6EC2}.Ad-Hoc|Any CPU.Deploy.0 = Debug|Any CPU
		{A7DEEBDC-5BB4-4D1C-9D42-8AFB413F6EC2}.Ad-Hoc|ARM.ActiveCfg = Debug|Any CPU
		{A7DEEBDC-5BB4-4D1C-9D42-8AFB413F6EC2}.Ad-Hoc|ARM.Build.0 = Debug|Any CPU
		{A7DEEBDC-5BB4-4D1C-9D42-8AFB413F6EC2}.Ad-Hoc|ARM.Deploy.0 = Debug|Any CPU
		{A7DEEBDC-5BB4-4D1C-9D42-8AFB413F6EC2}.Ad-Hoc|iPhone.ActiveCfg = Debug|Any CPU
		{A7DEEBDC-5BB4-4D1C-9D42-8AFB413F6EC2}.Ad-Hoc|iPhone.Build.0 = Debug|Any CPU
		{A7DEEBDC-5BB4-4D1C-9D42-8AFB413F6EC2}.Ad-Hoc|iPhone.Deploy.0 = Debug|Any CPU
		{A7DEEBDC-5BB4-4D1C-9D42-8AFB413F6EC2}.Ad-Hoc|iPhoneSimulator.ActiveCfg = Debug|Any CPU
		{A7DEEBDC-5BB4-4D1C-9D42-8AFB413F6EC2}.Ad-Hoc|iPhoneSimulator.Build.0 = Debug|Any CPU
		{A7DEEBDC-5BB4-4D1C-9D42-8AFB413F6EC2}.Ad-Hoc|iPhoneSimulator.Deploy.0 = Debug|Any CPU
		{A7DEEBDC-5BB4-4D1C-9D42-8AFB413F6EC2}.Ad-Hoc|x64.ActiveCfg = Debug|Any CPU
		{A7DEEBDC-5BB4-4D1C-9D42-8AFB413F6EC2}.Ad-Hoc|x64.Build.0 = Debug|Any CPU
		{A7DEEBDC-5BB4-4D1C-9D42-8AFB413F6EC2}.Ad-Hoc|x64.Deploy.0 = Debug|Any CPU
		{A7DEEBDC-5BB4-4D1C-9D42-8AFB413F6EC2}.Ad-Hoc|x86.ActiveCfg = Debug|Any CPU
		{A7DEEBDC-5BB4-4D1C-9D42-8AFB413F6EC2}.Ad-Hoc|x86.Build.0 = Debug|Any CPU
		{A7DEEBDC-5BB4-4D1C-9D42-8AFB413F6EC2}.Ad-Hoc|x86.Deploy.0 = Debug|Any CPU
		{A7DEEBDC-5BB4-4D1C-9D42-8AFB413F6EC2}.AppStore|Any CPU.ActiveCfg = Debug|Any CPU
		{A7DEEBDC-5BB4-4D1C-9D42-8AFB413F6EC2}.AppStore|Any CPU.Build.0 = Debug|Any CPU
		{A7DEEBDC-5BB4-4D1C-9D42-8AFB413F6EC2}.AppStore|Any CPU.Deploy.0 = Debug|Any CPU
		{A7DEEBDC-5BB4-4D1C-9D42-8AFB413F6EC2}.AppStore|ARM.ActiveCfg = Debug|Any CPU
		{A7DEEBDC-5BB4-4D1C-9D42-8AFB413F6EC2}.AppStore|ARM.Build.0 = Debug|Any CPU
		{A7DEEBDC-5BB4-4D1C-9D42-8AFB413F6EC2}.AppStore|ARM.Deploy.0 = Debug|Any CPU
		{A7DEEBDC-5BB4-4D1C-9D42-8AFB413F6EC2}.AppStore|iPhone.ActiveCfg = Debug|Any CPU
		{A7DEEBDC-5BB4-4D1C-9D42-8AFB413F6EC2}.AppStore|iPhone.Build.0 = Debug|Any CPU
		{A7DEEBDC-5BB4-4D1C-9D42-8AFB413F6EC2}.AppStore|iPhone.Deploy.0 = Debug|Any CPU
		{A7DEEBDC-5BB4-4D1C-9D42-8AFB413F6EC2}.AppStore|iPhoneSimulator.ActiveCfg = Debug|Any CPU
		{A7DEEBDC-5BB4-4D1C-9D42-8AFB413F6EC2}.AppStore|iPhoneSimulator.Build.0 = Debug|Any CPU
		{A7DEEBDC-5BB4-4D1C-9D42-8AFB413F6EC2}.AppStore|iPhoneSimulator.Deploy.0 = Debug|Any CPU
		{A7DEEBDC-5BB4-4D1C-9D42-8AFB413F6EC2}.AppStore|x64.ActiveCfg = Debug|Any CPU
		{A7DEEBDC-5BB4-4D1C-9D42-8AFB413F6EC2}.AppStore|x64.Build.0 = Debug|Any CPU
		{A7DEEBDC-5BB4-4D1C-9D42-8AFB413F6EC2}.AppStore|x64.Deploy.0 = Debug|Any CPU
		{A7DEEBDC-5BB4-4D1C-9D42-8AFB413F6EC2}.AppStore|x86.ActiveCfg = Debug|Any CPU
		{A7DEEBDC-5BB4-4D1C-9D42-8AFB413F6EC2}.AppStore|x86.Build.0 = Debug|Any CPU
		{A7DEEBDC-5BB4-4D1C-9D42-8AFB413F6EC2}.AppStore|x86.Deploy.0 = Debug|Any CPU
		{A7DEEBDC-5BB4-4D1C-9D42-8AFB413F6EC2}.Debug|Any CPU.ActiveCfg = Debug|Any CPU
		{A7DEEBDC-5BB4-4D1C-9D42-8AFB413F6EC2}.Debug|Any CPU.Build.0 = Debug|Any CPU
		{A7DEEBDC-5BB4-4D1C-9D42-8AFB413F6EC2}.Debug|Any CPU.Deploy.0 = Debug|Any CPU
		{A7DEEBDC-5BB4-4D1C-9D42-8AFB413F6EC2}.Debug|ARM.ActiveCfg = Debug|Any CPU
		{A7DEEBDC-5BB4-4D1C-9D42-8AFB413F6EC2}.Debug|ARM.Build.0 = Debug|Any CPU
		{A7DEEBDC-5BB4-4D1C-9D42-8AFB413F6EC2}.Debug|ARM.Deploy.0 = Debug|Any CPU
		{A7DEEBDC-5BB4-4D1C-9D42-8AFB413F6EC2}.Debug|iPhone.ActiveCfg = Debug|Any CPU
		{A7DEEBDC-5BB4-4D1C-9D42-8AFB413F6EC2}.Debug|iPhone.Build.0 = Debug|Any CPU
		{A7DEEBDC-5BB4-4D1C-9D42-8AFB413F6EC2}.Debug|iPhone.Deploy.0 = Debug|Any CPU
		{A7DEEBDC-5BB4-4D1C-9D42-8AFB413F6EC2}.Debug|iPhoneSimulator.ActiveCfg = Debug|Any CPU
		{A7DEEBDC-5BB4-4D1C-9D42-8AFB413F6EC2}.Debug|iPhoneSimulator.Build.0 = Debug|Any CPU
		{A7DEEBDC-5BB4-4D1C-9D42-8AFB413F6EC2}.Debug|iPhoneSimulator.Deploy.0 = Debug|Any CPU
		{A7DEEBDC-5BB4-4D1C-9D42-8AFB413F6EC2}.Debug|x64.ActiveCfg = Debug|Any CPU
		{A7DEEBDC-5BB4-4D1C-9D42-8AFB413F6EC2}.Debug|x64.Build.0 = Debug|Any CPU
		{A7DEEBDC-5BB4-4D1C-9D42-8AFB413F6EC2}.Debug|x64.Deploy.0 = Debug|Any CPU
		{A7DEEBDC-5BB4-4D1C-9D42-8AFB413F6EC2}.Debug|x86.ActiveCfg = Debug|Any CPU
		{A7DEEBDC-5BB4-4D1C-9D42-8AFB413F6EC2}.Debug|x86.Build.0 = Debug|Any CPU
		{A7DEEBDC-5BB4-4D1C-9D42-8AFB413F6EC2}.Debug|x86.Deploy.0 = Debug|Any CPU
		{A7DEEBDC-5BB4-4D1C-9D42-8AFB413F6EC2}.Release|Any CPU.ActiveCfg = Release|Any CPU
		{A7DEEBDC-5BB4-4D1C-9D42-8AFB413F6EC2}.Release|Any CPU.Build.0 = Release|Any CPU
		{A7DEEBDC-5BB4-4D1C-9D42-8AFB413F6EC2}.Release|Any CPU.Deploy.0 = Release|Any CPU
		{A7DEEBDC-5BB4-4D1C-9D42-8AFB413F6EC2}.Release|ARM.ActiveCfg = Release|Any CPU
		{A7DEEBDC-5BB4-4D1C-9D42-8AFB413F6EC2}.Release|ARM.Build.0 = Release|Any CPU
		{A7DEEBDC-5BB4-4D1C-9D42-8AFB413F6EC2}.Release|ARM.Deploy.0 = Release|Any CPU
		{A7DEEBDC-5BB4-4D1C-9D42-8AFB413F6EC2}.Release|iPhone.ActiveCfg = Release|Any CPU
		{A7DEEBDC-5BB4-4D1C-9D42-8AFB413F6EC2}.Release|iPhone.Build.0 = Release|Any CPU
		{A7DEEBDC-5BB4-4D1C-9D42-8AFB413F6EC2}.Release|iPhone.Deploy.0 = Release|Any CPU
		{A7DEEBDC-5BB4-4D1C-9D42-8AFB413F6EC2}.Release|iPhoneSimulator.ActiveCfg = Release|Any CPU
		{A7DEEBDC-5BB4-4D1C-9D42-8AFB413F6EC2}.Release|iPhoneSimulator.Build.0 = Release|Any CPU
		{A7DEEBDC-5BB4-4D1C-9D42-8AFB413F6EC2}.Release|iPhoneSimulator.Deploy.0 = Release|Any CPU
		{A7DEEBDC-5BB4-4D1C-9D42-8AFB413F6EC2}.Release|x64.ActiveCfg = Release|Any CPU
		{A7DEEBDC-5BB4-4D1C-9D42-8AFB413F6EC2}.Release|x64.Build.0 = Release|Any CPU
		{A7DEEBDC-5BB4-4D1C-9D42-8AFB413F6EC2}.Release|x64.Deploy.0 = Release|Any CPU
		{A7DEEBDC-5BB4-4D1C-9D42-8AFB413F6EC2}.Release|x86.ActiveCfg = Release|Any CPU
		{A7DEEBDC-5BB4-4D1C-9D42-8AFB413F6EC2}.Release|x86.Build.0 = Release|Any CPU
		{A7DEEBDC-5BB4-4D1C-9D42-8AFB413F6EC2}.Release|x86.Deploy.0 = Release|Any CPU
		{A7DEEBDC-5BB4-4D1C-9D42-8AFB413F6EC2}.Release-xml|Any CPU.ActiveCfg = Release|Any CPU
		{A7DEEBDC-5BB4-4D1C-9D42-8AFB413F6EC2}.Release-xml|Any CPU.Build.0 = Release|Any CPU
		{A7DEEBDC-5BB4-4D1C-9D42-8AFB413F6EC2}.Release-xml|ARM.ActiveCfg = Release|Any CPU
		{A7DEEBDC-5BB4-4D1C-9D42-8AFB413F6EC2}.Release-xml|ARM.Build.0 = Release|Any CPU
		{A7DEEBDC-5BB4-4D1C-9D42-8AFB413F6EC2}.Release-xml|iPhone.ActiveCfg = Release|Any CPU
		{A7DEEBDC-5BB4-4D1C-9D42-8AFB413F6EC2}.Release-xml|iPhone.Build.0 = Release|Any CPU
		{A7DEEBDC-5BB4-4D1C-9D42-8AFB413F6EC2}.Release-xml|iPhoneSimulator.ActiveCfg = Release|Any CPU
		{A7DEEBDC-5BB4-4D1C-9D42-8AFB413F6EC2}.Release-xml|iPhoneSimulator.Build.0 = Release|Any CPU
		{A7DEEBDC-5BB4-4D1C-9D42-8AFB413F6EC2}.Release-xml|x64.ActiveCfg = Release|Any CPU
		{A7DEEBDC-5BB4-4D1C-9D42-8AFB413F6EC2}.Release-xml|x64.Build.0 = Release|Any CPU
		{A7DEEBDC-5BB4-4D1C-9D42-8AFB413F6EC2}.Release-xml|x86.ActiveCfg = Release|Any CPU
		{A7DEEBDC-5BB4-4D1C-9D42-8AFB413F6EC2}.Release-xml|x86.Build.0 = Release|Any CPU
	EndGlobalSection
	GlobalSection(SolutionProperties) = preSolution
		HideSolutionNode = FALSE
	EndGlobalSection
	GlobalSection(ExtensibilityGlobals) = postSolution
		SolutionGuid = {F16A329E-F986-4F03-ABFE-B20FFF30F223}
	EndGlobalSection
EndGlobal
