
Microsoft Visual Studio Solution File, Format Version 12.00
# Visual Studio 15
VisualStudioVersion = 15.0.28307.136
MinimumVisualStudioVersion = 10.0.40219.1
Project("{FAE04EC0-301F-11D3-BF4B-00C04F79EFBC}") = "DatePicker.Android", "DatePicker\DatePicker.Android\DatePicker.Android.csproj", "{939C4437-51F2-47DD-8A1C-D0257728925E}"
EndProject
Project("{FAE04EC0-301F-11D3-BF4B-00C04F79EFBC}") = "DatePicker.iOS", "DatePicker\DatePicker.iOS\DatePicker.iOS.csproj", "{DA09AC65-2997-465B-8657-F74FAC9D7C66}"
EndProject
Project("{FAE04EC0-301F-11D3-BF4B-00C04F79EFBC}") = "DatePicker.UWP", "DatePicker\DatePicker.UWP\DatePicker.UWP.csproj", "{0C43181E-581A-44C8-80D6-5C195E8F27C8}"
EndProject
Project("{FAE04EC0-301F-11D3-BF4B-00C04F79EFBC}") = "DatePicker", "DatePicker\DatePicker\DatePicker.csproj", "{3B37AE7E-6DEC-427A-A443-E95E9381D166}"
EndProject
Global
	GlobalSection(SolutionConfigurationPlatforms) = preSolution
		Ad-Hoc|Any CPU = Ad-Hoc|Any CPU
		Ad-Hoc|ARM = Ad-Hoc|ARM
		Ad-Hoc|iPhone = Ad-Hoc|iPhone
		Ad-Hoc|iPhoneSimulator = Ad-Hoc|iPhoneSimulator
		Ad-Hoc|x64 = Ad-Hoc|x64
		Ad-Hoc|x86 = Ad-Hoc|x86
		AppStore|Any CPU = AppStore|Any CPU
		AppStore|ARM = AppStore|ARM
		AppStore|iPhone = AppStore|iPhone
		AppStore|iPhoneSimulator = AppStore|iPhoneSimulator
		AppStore|x64 = AppStore|x64
		AppStore|x86 = AppStore|x86
		Debug|Any CPU = Debug|Any CPU
		Debug|ARM = Debug|ARM
		Debug|iPhone = Debug|iPhone
		Debug|iPhoneSimulator = Debug|iPhoneSimulator
		Debug|x64 = Debug|x64
		Debug|x86 = Debug|x86
		Release|Any CPU = Release|Any CPU
		Release|ARM = Release|ARM
		Release|iPhone = Release|iPhone
		Release|iPhoneSimulator = Release|iPhoneSimulator
		Release|x64 = Release|x64
		Release|x86 = Release|x86
	EndGlobalSection
	GlobalSection(ProjectConfigurationPlatforms) = postSolution
		{939C4437-51F2-47DD-8A1C-D0257728925E}.Ad-Hoc|Any CPU.ActiveCfg = Release|Any CPU
		{939C4437-51F2-47DD-8A1C-D0257728925E}.Ad-Hoc|Any CPU.Build.0 = Release|Any CPU
		{939C4437-51F2-47DD-8A1C-D0257728925E}.Ad-Hoc|Any CPU.Deploy.0 = Release|Any CPU
		{939C4437-51F2-47DD-8A1C-D0257728925E}.Ad-Hoc|ARM.ActiveCfg = Release|Any CPU
		{939C4437-51F2-47DD-8A1C-D0257728925E}.Ad-Hoc|ARM.Build.0 = Release|Any CPU
		{939C4437-51F2-47DD-8A1C-D0257728925E}.Ad-Hoc|ARM.Deploy.0 = Release|Any CPU
		{939C4437-51F2-47DD-8A1C-D0257728925E}.Ad-Hoc|iPhone.ActiveCfg = Release|Any CPU
		{939C4437-51F2-47DD-8A1C-D0257728925E}.Ad-Hoc|iPhone.Build.0 = Release|Any CPU
		{939C4437-51F2-47DD-8A1C-D0257728925E}.Ad-Hoc|iPhone.Deploy.0 = Release|Any CPU
		{939C4437-51F2-47DD-8A1C-D0257728925E}.Ad-Hoc|iPhoneSimulator.ActiveCfg = Release|Any CPU
		{939C4437-51F2-47DD-8A1C-D0257728925E}.Ad-Hoc|iPhoneSimulator.Build.0 = Release|Any CPU
		{939C4437-51F2-47DD-8A1C-D0257728925E}.Ad-Hoc|iPhoneSimulator.Deploy.0 = Release|Any CPU
		{939C4437-51F2-47DD-8A1C-D0257728925E}.Ad-Hoc|x64.ActiveCfg = Release|Any CPU
		{939C4437-51F2-47DD-8A1C-D0257728925E}.Ad-Hoc|x64.Build.0 = Release|Any CPU
		{939C4437-51F2-47DD-8A1C-D0257728925E}.Ad-Hoc|x64.Deploy.0 = Release|Any CPU
		{939C4437-51F2-47DD-8A1C-D0257728925E}.Ad-Hoc|x86.ActiveCfg = Release|Any CPU
		{939C4437-51F2-47DD-8A1C-D0257728925E}.Ad-Hoc|x86.Build.0 = Release|Any CPU
		{939C4437-51F2-47DD-8A1C-D0257728925E}.Ad-Hoc|x86.Deploy.0 = Release|Any CPU
		{939C4437-51F2-47DD-8A1C-D0257728925E}.AppStore|Any CPU.ActiveCfg = Release|Any CPU
		{939C4437-51F2-47DD-8A1C-D0257728925E}.AppStore|Any CPU.Build.0 = Release|Any CPU
		{939C4437-51F2-47DD-8A1C-D0257728925E}.AppStore|Any CPU.Deploy.0 = Release|Any CPU
		{939C4437-51F2-47DD-8A1C-D0257728925E}.AppStore|ARM.ActiveCfg = Release|Any CPU
		{939C4437-51F2-47DD-8A1C-D0257728925E}.AppStore|ARM.Build.0 = Release|Any CPU
		{939C4437-51F2-47DD-8A1C-D0257728925E}.AppStore|ARM.Deploy.0 = Release|Any CPU
		{939C4437-51F2-47DD-8A1C-D0257728925E}.AppStore|iPhone.ActiveCfg = Release|Any CPU
		{939C4437-51F2-47DD-8A1C-D0257728925E}.AppStore|iPhone.Build.0 = Release|Any CPU
		{939C4437-51F2-47DD-8A1C-D0257728925E}.AppStore|iPhone.Deploy.0 = Release|Any CPU
		{939C4437-51F2-47DD-8A1C-D0257728925E}.AppStore|iPhoneSimulator.ActiveCfg = Release|Any CPU
		{939C4437-51F2-47DD-8A1C-D0257728925E}.AppStore|iPhoneSimulator.Build.0 = Release|Any CPU
		{939C4437-51F2-47DD-8A1C-D0257728925E}.AppStore|iPhoneSimulator.Deploy.0 = Release|Any CPU
		{939C4437-51F2-47DD-8A1C-D0257728925E}.AppStore|x64.ActiveCfg = Release|Any CPU
		{939C4437-51F2-47DD-8A1C-D0257728925E}.AppStore|x64.Build.0 = Release|Any CPU
		{939C4437-51F2-47DD-8A1C-D0257728925E}.AppStore|x64.Deploy.0 = Release|Any CPU
		{939C4437-51F2-47DD-8A1C-D0257728925E}.AppStore|x86.ActiveCfg = Release|Any CPU
		{939C4437-51F2-47DD-8A1C-D0257728925E}.AppStore|x86.Build.0 = Release|Any CPU
		{939C4437-51F2-47DD-8A1C-D0257728925E}.AppStore|x86.Deploy.0 = Release|Any CPU
		{939C4437-51F2-47DD-8A1C-D0257728925E}.Debug|Any CPU.ActiveCfg = Debug|Any CPU
		{939C4437-51F2-47DD-8A1C-D0257728925E}.Debug|Any CPU.Build.0 = Debug|Any CPU
		{939C4437-51F2-47DD-8A1C-D0257728925E}.Debug|Any CPU.Deploy.0 = Debug|Any CPU
		{939C4437-51F2-47DD-8A1C-D0257728925E}.Debug|ARM.ActiveCfg = Debug|Any CPU
		{939C4437-51F2-47DD-8A1C-D0257728925E}.Debug|ARM.Build.0 = Debug|Any CPU
		{939C4437-51F2-47DD-8A1C-D0257728925E}.Debug|ARM.Deploy.0 = Debug|Any CPU
		{939C4437-51F2-47DD-8A1C-D0257728925E}.Debug|iPhone.ActiveCfg = Debug|Any CPU
		{939C4437-51F2-47DD-8A1C-D0257728925E}.Debug|iPhone.Build.0 = Debug|Any CPU
		{939C4437-51F2-47DD-8A1C-D0257728925E}.Debug|iPhone.Deploy.0 = Debug|Any CPU
		{939C4437-51F2-47DD-8A1C-D0257728925E}.Debug|iPhoneSimulator.ActiveCfg = Debug|Any CPU
		{939C4437-51F2-47DD-8A1C-D0257728925E}.Debug|iPhoneSimulator.Build.0 = Debug|Any CPU
		{939C4437-51F2-47DD-8A1C-D0257728925E}.Debug|iPhoneSimulator.Deploy.0 = Debug|Any CPU
		{939C4437-51F2-47DD-8A1C-D0257728925E}.Debug|x64.ActiveCfg = Debug|Any CPU
		{939C4437-51F2-47DD-8A1C-D0257728925E}.Debug|x64.Build.0 = Debug|Any CPU
		{939C4437-51F2-47DD-8A1C-D0257728925E}.Debug|x64.Deploy.0 = Debug|Any CPU
		{939C4437-51F2-47DD-8A1C-D0257728925E}.Debug|x86.ActiveCfg = Debug|Any CPU
		{939C4437-51F2-47DD-8A1C-D0257728925E}.Debug|x86.Build.0 = Debug|Any CPU
		{939C4437-51F2-47DD-8A1C-D0257728925E}.Debug|x86.Deploy.0 = Debug|Any CPU
		{939C4437-51F2-47DD-8A1C-D0257728925E}.Release|Any CPU.ActiveCfg = Release|Any CPU
		{939C4437-51F2-47DD-8A1C-D0257728925E}.Release|Any CPU.Build.0 = Release|Any CPU
		{939C4437-51F2-47DD-8A1C-D0257728925E}.Release|Any CPU.Deploy.0 = Release|Any CPU
		{939C4437-51F2-47DD-8A1C-D0257728925E}.Release|ARM.ActiveCfg = Release|Any CPU
		{939C4437-51F2-47DD-8A1C-D0257728925E}.Release|ARM.Build.0 = Release|Any CPU
		{939C4437-51F2-47DD-8A1C-D0257728925E}.Release|ARM.Deploy.0 = Release|Any CPU
		{939C4437-51F2-47DD-8A1C-D0257728925E}.Release|iPhone.ActiveCfg = Release|Any CPU
		{939C4437-51F2-47DD-8A1C-D0257728925E}.Release|iPhone.Build.0 = Release|Any CPU
		{939C4437-51F2-47DD-8A1C-D0257728925E}.Release|iPhone.Deploy.0 = Release|Any CPU
		{939C4437-51F2-47DD-8A1C-D0257728925E}.Release|iPhoneSimulator.ActiveCfg = Release|Any CPU
		{939C4437-51F2-47DD-8A1C-D0257728925E}.Release|iPhoneSimulator.Build.0 = Release|Any CPU
		{939C4437-51F2-47DD-8A1C-D0257728925E}.Release|iPhoneSimulator.Deploy.0 = Release|Any CPU
		{939C4437-51F2-47DD-8A1C-D0257728925E}.Release|x64.ActiveCfg = Release|Any CPU
		{939C4437-51F2-47DD-8A1C-D0257728925E}.Release|x64.Build.0 = Release|Any CPU
		{939C4437-51F2-47DD-8A1C-D0257728925E}.Release|x64.Deploy.0 = Release|Any CPU
		{939C4437-51F2-47DD-8A1C-D0257728925E}.Release|x86.ActiveCfg = Release|Any CPU
		{939C4437-51F2-47DD-8A1C-D0257728925E}.Release|x86.Build.0 = Release|Any CPU
		{939C4437-51F2-47DD-8A1C-D0257728925E}.Release|x86.Deploy.0 = Release|Any CPU
		{DA09AC65-2997-465B-8657-F74FAC9D7C66}.Ad-Hoc|Any CPU.ActiveCfg = Ad-Hoc|iPhone
		{DA09AC65-2997-465B-8657-F74FAC9D7C66}.Ad-Hoc|Any CPU.Build.0 = Ad-Hoc|iPhone
		{DA09AC65-2997-465B-8657-F74FAC9D7C66}.Ad-Hoc|Any CPU.Deploy.0 = Ad-Hoc|iPhone
		{DA09AC65-2997-465B-8657-F74FAC9D7C66}.Ad-Hoc|ARM.ActiveCfg = Ad-Hoc|iPhone
		{DA09AC65-2997-465B-8657-F74FAC9D7C66}.Ad-Hoc|ARM.Build.0 = Ad-Hoc|iPhone
		{DA09AC65-2997-465B-8657-F74FAC9D7C66}.Ad-Hoc|ARM.Deploy.0 = Ad-Hoc|iPhone
		{DA09AC65-2997-465B-8657-F74FAC9D7C66}.Ad-Hoc|iPhone.ActiveCfg = Ad-Hoc|iPhone
		{DA09AC65-2997-465B-8657-F74FAC9D7C66}.Ad-Hoc|iPhone.Build.0 = Ad-Hoc|iPhone
		{DA09AC65-2997-465B-8657-F74FAC9D7C66}.Ad-Hoc|iPhone.Deploy.0 = Ad-Hoc|iPhone
		{DA09AC65-2997-465B-8657-F74FAC9D7C66}.Ad-Hoc|iPhoneSimulator.ActiveCfg = Ad-Hoc|iPhoneSimulator
		{DA09AC65-2997-465B-8657-F74FAC9D7C66}.Ad-Hoc|iPhoneSimulator.Build.0 = Ad-Hoc|iPhoneSimulator
		{DA09AC65-2997-465B-8657-F74FAC9D7C66}.Ad-Hoc|iPhoneSimulator.Deploy.0 = Ad-Hoc|iPhoneSimulator
		{DA09AC65-2997-465B-8657-F74FAC9D7C66}.Ad-Hoc|x64.ActiveCfg = Ad-Hoc|iPhone
		{DA09AC65-2997-465B-8657-F74FAC9D7C66}.Ad-Hoc|x64.Build.0 = Ad-Hoc|iPhone
		{DA09AC65-2997-465B-8657-F74FAC9D7C66}.Ad-Hoc|x64.Deploy.0 = Ad-Hoc|iPhone
		{DA09AC65-2997-465B-8657-F74FAC9D7C66}.Ad-Hoc|x86.ActiveCfg = Ad-Hoc|iPhone
		{DA09AC65-2997-465B-8657-F74FAC9D7C66}.Ad-Hoc|x86.Build.0 = Ad-Hoc|iPhone
		{DA09AC65-2997-465B-8657-F74FAC9D7C66}.Ad-Hoc|x86.Deploy.0 = Ad-Hoc|iPhone
		{DA09AC65-2997-465B-8657-F74FAC9D7C66}.AppStore|Any CPU.ActiveCfg = AppStore|iPhone
		{DA09AC65-2997-465B-8657-F74FAC9D7C66}.AppStore|Any CPU.Build.0 = AppStore|iPhone
		{DA09AC65-2997-465B-8657-F74FAC9D7C66}.AppStore|Any CPU.Deploy.0 = AppStore|iPhone
		{DA09AC65-2997-465B-8657-F74FAC9D7C66}.AppStore|ARM.ActiveCfg = AppStore|iPhone
		{DA09AC65-2997-465B-8657-F74FAC9D7C66}.AppStore|ARM.Build.0 = AppStore|iPhone
		{DA09AC65-2997-465B-8657-F74FAC9D7C66}.AppStore|ARM.Deploy.0 = AppStore|iPhone
		{DA09AC65-2997-465B-8657-F74FAC9D7C66}.AppStore|iPhone.ActiveCfg = AppStore|iPhone
		{DA09AC65-2997-465B-8657-F74FAC9D7C66}.AppStore|iPhone.Build.0 = AppStore|iPhone
		{DA09AC65-2997-465B-8657-F74FAC9D7C66}.AppStore|iPhone.Deploy.0 = AppStore|iPhone
		{DA09AC65-2997-465B-8657-F74FAC9D7C66}.AppStore|iPhoneSimulator.ActiveCfg = AppStore|iPhoneSimulator
		{DA09AC65-2997-465B-8657-F74FAC9D7C66}.AppStore|iPhoneSimulator.Build.0 = AppStore|iPhoneSimulator
		{DA09AC65-2997-465B-8657-F74FAC9D7C66}.AppStore|iPhoneSimulator.Deploy.0 = AppStore|iPhoneSimulator
		{DA09AC65-2997-465B-8657-F74FAC9D7C66}.AppStore|x64.ActiveCfg = AppStore|iPhone
		{DA09AC65-2997-465B-8657-F74FAC9D7C66}.AppStore|x64.Build.0 = AppStore|iPhone
		{DA09AC65-2997-465B-8657-F74FAC9D7C66}.AppStore|x64.Deploy.0 = AppStore|iPhone
		{DA09AC65-2997-465B-8657-F74FAC9D7C66}.AppStore|x86.ActiveCfg = AppStore|iPhone
		{DA09AC65-2997-465B-8657-F74FAC9D7C66}.AppStore|x86.Build.0 = AppStore|iPhone
		{DA09AC65-2997-465B-8657-F74FAC9D7C66}.AppStore|x86.Deploy.0 = AppStore|iPhone
		{DA09AC65-2997-465B-8657-F74FAC9D7C66}.Debug|Any CPU.ActiveCfg = Debug|iPhoneSimulator
		{DA09AC65-2997-465B-8657-F74FAC9D7C66}.Debug|Any CPU.Build.0 = Debug|iPhoneSimulator
		{DA09AC65-2997-465B-8657-F74FAC9D7C66}.Debug|Any CPU.Deploy.0 = Debug|iPhoneSimulator
		{DA09AC65-2997-465B-8657-F74FAC9D7C66}.Debug|ARM.ActiveCfg = Debug|iPhone
		{DA09AC65-2997-465B-8657-F74FAC9D7C66}.Debug|ARM.Build.0 = Debug|iPhone
		{DA09AC65-2997-465B-8657-F74FAC9D7C66}.Debug|ARM.Deploy.0 = Debug|iPhone
		{DA09AC65-2997-465B-8657-F74FAC9D7C66}.Debug|iPhone.ActiveCfg = Debug|iPhone
		{DA09AC65-2997-465B-8657-F74FAC9D7C66}.Debug|iPhone.Build.0 = Debug|iPhone
		{DA09AC65-2997-465B-8657-F74FAC9D7C66}.Debug|iPhone.Deploy.0 = Debug|iPhone
		{DA09AC65-2997-465B-8657-F74FAC9D7C66}.Debug|iPhoneSimulator.ActiveCfg = Debug|iPhoneSimulator
		{DA09AC65-2997-465B-8657-F74FAC9D7C66}.Debug|iPhoneSimulator.Build.0 = Debug|iPhoneSimulator
		{DA09AC65-2997-465B-8657-F74FAC9D7C66}.Debug|iPhoneSimulator.Deploy.0 = Debug|iPhoneSimulator
		{DA09AC65-2997-465B-8657-F74FAC9D7C66}.Debug|x64.ActiveCfg = Debug|iPhone
		{DA09AC65-2997-465B-8657-F74FAC9D7C66}.Debug|x64.Build.0 = Debug|iPhone
		{DA09AC65-2997-465B-8657-F74FAC9D7C66}.Debug|x64.Deploy.0 = Debug|iPhone
		{DA09AC65-2997-465B-8657-F74FAC9D7C66}.Debug|x86.ActiveCfg = Debug|iPhone
		{DA09AC65-2997-465B-8657-F74FAC9D7C66}.Debug|x86.Build.0 = Debug|iPhone
		{DA09AC65-2997-465B-8657-F74FAC9D7C66}.Debug|x86.Deploy.0 = Debug|iPhone
		{DA09AC65-2997-465B-8657-F74FAC9D7C66}.Release|Any CPU.ActiveCfg = Release|iPhone
		{DA09AC65-2997-465B-8657-F74FAC9D7C66}.Release|Any CPU.Build.0 = Release|iPhone
		{DA09AC65-2997-465B-8657-F74FAC9D7C66}.Release|Any CPU.Deploy.0 = Release|iPhone
		{DA09AC65-2997-465B-8657-F74FAC9D7C66}.Release|ARM.ActiveCfg = Release|iPhone
		{DA09AC65-2997-465B-8657-F74FAC9D7C66}.Release|ARM.Build.0 = Release|iPhone
		{DA09AC65-2997-465B-8657-F74FAC9D7C66}.Release|ARM.Deploy.0 = Release|iPhone
		{DA09AC65-2997-465B-8657-F74FAC9D7C66}.Release|iPhone.ActiveCfg = Release|iPhone
		{DA09AC65-2997-465B-8657-F74FAC9D7C66}.Release|iPhone.Build.0 = Release|iPhone
		{DA09AC65-2997-465B-8657-F74FAC9D7C66}.Release|iPhone.Deploy.0 = Release|iPhone
		{DA09AC65-2997-465B-8657-F74FAC9D7C66}.Release|iPhoneSimulator.ActiveCfg = Release|iPhoneSimulator
		{DA09AC65-2997-465B-8657-F74FAC9D7C66}.Release|iPhoneSimulator.Build.0 = Release|iPhoneSimulator
		{DA09AC65-2997-465B-8657-F74FAC9D7C66}.Release|iPhoneSimulator.Deploy.0 = Release|iPhoneSimulator
		{DA09AC65-2997-465B-8657-F74FAC9D7C66}.Release|x64.ActiveCfg = Release|iPhone
		{DA09AC65-2997-465B-8657-F74FAC9D7C66}.Release|x64.Build.0 = Release|iPhone
		{DA09AC65-2997-465B-8657-F74FAC9D7C66}.Release|x64.Deploy.0 = Release|iPhone
		{DA09AC65-2997-465B-8657-F74FAC9D7C66}.Release|x86.ActiveCfg = Release|iPhone
		{DA09AC65-2997-465B-8657-F74FAC9D7C66}.Release|x86.Build.0 = Release|iPhone
		{DA09AC65-2997-465B-8657-F74FAC9D7C66}.Release|x86.Deploy.0 = Release|iPhone
		{0C43181E-581A-44C8-80D6-5C195E8F27C8}.Ad-Hoc|Any CPU.ActiveCfg = Release|x86
		{0C43181E-581A-44C8-80D6-5C195E8F27C8}.Ad-Hoc|Any CPU.Build.0 = Release|x86
		{0C43181E-581A-44C8-80D6-5C195E8F27C8}.Ad-Hoc|Any CPU.Deploy.0 = Release|x86
		{0C43181E-581A-44C8-80D6-5C195E8F27C8}.Ad-Hoc|ARM.ActiveCfg = Release|ARM
		{0C43181E-581A-44C8-80D6-5C195E8F27C8}.Ad-Hoc|ARM.Build.0 = Release|ARM
		{0C43181E-581A-44C8-80D6-5C195E8F27C8}.Ad-Hoc|ARM.Deploy.0 = Release|ARM
		{0C43181E-581A-44C8-80D6-5C195E8F27C8}.Ad-Hoc|iPhone.ActiveCfg = Release|x86
		{0C43181E-581A-44C8-80D6-5C195E8F27C8}.Ad-Hoc|iPhone.Build.0 = Release|x86
		{0C43181E-581A-44C8-80D6-5C195E8F27C8}.Ad-Hoc|iPhone.Deploy.0 = Release|x86
		{0C43181E-581A-44C8-80D6-5C195E8F27C8}.Ad-Hoc|iPhoneSimulator.ActiveCfg = Release|x86
		{0C43181E-581A-44C8-80D6-5C195E8F27C8}.Ad-Hoc|iPhoneSimulator.Build.0 = Release|x86
		{0C43181E-581A-44C8-80D6-5C195E8F27C8}.Ad-Hoc|iPhoneSimulator.Deploy.0 = Release|x86
		{0C43181E-581A-44C8-80D6-5C195E8F27C8}.Ad-Hoc|x64.ActiveCfg = Release|x64
		{0C43181E-581A-44C8-80D6-5C195E8F27C8}.Ad-Hoc|x64.Build.0 = Release|x64
		{0C43181E-581A-44C8-80D6-5C195E8F27C8}.Ad-Hoc|x64.Deploy.0 = Release|x64
		{0C43181E-581A-44C8-80D6-5C195E8F27C8}.Ad-Hoc|x86.ActiveCfg = Release|x86
		{0C43181E-581A-44C8-80D6-5C195E8F27C8}.Ad-Hoc|x86.Build.0 = Release|x86
		{0C43181E-581A-44C8-80D6-5C195E8F27C8}.Ad-Hoc|x86.Deploy.0 = Release|x86
		{0C43181E-581A-44C8-80D6-5C195E8F27C8}.AppStore|Any CPU.ActiveCfg = Release|x86
		{0C43181E-581A-44C8-80D6-5C195E8F27C8}.AppStore|Any CPU.Build.0 = Release|x86
		{0C43181E-581A-44C8-80D6-5C195E8F27C8}.AppStore|Any CPU.Deploy.0 = Release|x86
		{0C43181E-581A-44C8-80D6-5C195E8F27C8}.AppStore|ARM.ActiveCfg = Release|ARM
		{0C43181E-581A-44C8-80D6-5C195E8F27C8}.AppStore|ARM.Build.0 = Release|ARM
		{0C43181E-581A-44C8-80D6-5C195E8F27C8}.AppStore|ARM.Deploy.0 = Release|ARM
		{0C43181E-581A-44C8-80D6-5C195E8F27C8}.AppStore|iPhone.ActiveCfg = Release|x86
		{0C43181E-581A-44C8-80D6-5C195E8F27C8}.AppStore|iPhone.Build.0 = Release|x86
		{0C43181E-581A-44C8-80D6-5C195E8F27C8}.AppStore|iPhone.Deploy.0 = Release|x86
		{0C43181E-581A-44C8-80D6-5C195E8F27C8}.AppStore|iPhoneSimulator.ActiveCfg = Release|x86
		{0C43181E-581A-44C8-80D6-5C195E8F27C8}.AppStore|iPhoneSimulator.Build.0 = Release|x86
		{0C43181E-581A-44C8-80D6-5C195E8F27C8}.AppStore|iPhoneSimulator.Deploy.0 = Release|x86
		{0C43181E-581A-44C8-80D6-5C195E8F27C8}.AppStore|x64.ActiveCfg = Release|x64
		{0C43181E-581A-44C8-80D6-5C195E8F27C8}.AppStore|x64.Build.0 = Release|x64
		{0C43181E-581A-44C8-80D6-5C195E8F27C8}.AppStore|x64.Deploy.0 = Release|x64
		{0C43181E-581A-44C8-80D6-5C195E8F27C8}.AppStore|x86.ActiveCfg = Release|x86
		{0C43181E-581A-44C8-80D6-5C195E8F27C8}.AppStore|x86.Build.0 = Release|x86
		{0C43181E-581A-44C8-80D6-5C195E8F27C8}.AppStore|x86.Deploy.0 = Release|x86
		{0C43181E-581A-44C8-80D6-5C195E8F27C8}.Debug|Any CPU.ActiveCfg = Debug|x86
		{0C43181E-581A-44C8-80D6-5C195E8F27C8}.Debug|Any CPU.Build.0 = Debug|x86
		{0C43181E-581A-44C8-80D6-5C195E8F27C8}.Debug|Any CPU.Deploy.0 = Debug|x86
		{0C43181E-581A-44C8-80D6-5C195E8F27C8}.Debug|ARM.ActiveCfg = Debug|ARM
		{0C43181E-581A-44C8-80D6-5C195E8F27C8}.Debug|ARM.Build.0 = Debug|ARM
		{0C43181E-581A-44C8-80D6-5C195E8F27C8}.Debug|ARM.Deploy.0 = Debug|ARM
		{0C43181E-581A-44C8-80D6-5C195E8F27C8}.Debug|iPhone.ActiveCfg = Debug|x86
		{0C43181E-581A-44C8-80D6-5C195E8F27C8}.Debug|iPhone.Build.0 = Debug|x86
		{0C43181E-581A-44C8-80D6-5C195E8F27C8}.Debug|iPhone.Deploy.0 = Debug|x86
		{0C43181E-581A-44C8-80D6-5C195E8F27C8}.Debug|iPhoneSimulator.ActiveCfg = Debug|x86
		{0C43181E-581A-44C8-80D6-5C195E8F27C8}.Debug|iPhoneSimulator.Build.0 = Debug|x86
		{0C43181E-581A-44C8-80D6-5C195E8F27C8}.Debug|iPhoneSimulator.Deploy.0 = Debug|x86
		{0C43181E-581A-44C8-80D6-5C195E8F27C8}.Debug|x64.ActiveCfg = Debug|x64
		{0C43181E-581A-44C8-80D6-5C195E8F27C8}.Debug|x64.Build.0 = Debug|x64
		{0C43181E-581A-44C8-80D6-5C195E8F27C8}.Debug|x64.Deploy.0 = Debug|x64
		{0C43181E-581A-44C8-80D6-5C195E8F27C8}.Debug|x86.ActiveCfg = Debug|x86
		{0C43181E-581A-44C8-80D6-5C195E8F27C8}.Debug|x86.Build.0 = Debug|x86
		{0C43181E-581A-44C8-80D6-5C195E8F27C8}.Debug|x86.Deploy.0 = Debug|x86
		{0C43181E-581A-44C8-80D6-5C195E8F27C8}.Release|Any CPU.ActiveCfg = Release|x86
		{0C43181E-581A-44C8-80D6-5C195E8F27C8}.Release|Any CPU.Build.0 = Release|x86
		{0C43181E-581A-44C8-80D6-5C195E8F27C8}.Release|Any CPU.Deploy.0 = Release|x86
		{0C43181E-581A-44C8-80D6-5C195E8F27C8}.Release|ARM.ActiveCfg = Release|ARM
		{0C43181E-581A-44C8-80D6-5C195E8F27C8}.Release|ARM.Build.0 = Release|ARM
		{0C43181E-581A-44C8-80D6-5C195E8F27C8}.Release|ARM.Deploy.0 = Release|ARM
		{0C43181E-581A-44C8-80D6-5C195E8F27C8}.Release|iPhone.ActiveCfg = Release|x86
		{0C43181E-581A-44C8-80D6-5C195E8F27C8}.Release|iPhone.Build.0 = Release|x86
		{0C43181E-581A-44C8-80D6-5C195E8F27C8}.Release|iPhone.Deploy.0 = Release|x86
		{0C43181E-581A-44C8-80D6-5C195E8F27C8}.Release|iPhoneSimulator.ActiveCfg = Release|x86
		{0C43181E-581A-44C8-80D6-5C195E8F27C8}.Release|iPhoneSimulator.Build.0 = Release|x86
		{0C43181E-581A-44C8-80D6-5C195E8F27C8}.Release|iPhoneSimulator.Deploy.0 = Release|x86
		{0C43181E-581A-44C8-80D6-5C195E8F27C8}.Release|x64.ActiveCfg = Release|x64
		{0C43181E-581A-44C8-80D6-5C195E8F27C8}.Release|x64.Build.0 = Release|x64
		{0C43181E-581A-44C8-80D6-5C195E8F27C8}.Release|x64.Deploy.0 = Release|x64
		{0C43181E-581A-44C8-80D6-5C195E8F27C8}.Release|x86.ActiveCfg = Release|x86
		{0C43181E-581A-44C8-80D6-5C195E8F27C8}.Release|x86.Build.0 = Release|x86
		{0C43181E-581A-44C8-80D6-5C195E8F27C8}.Release|x86.Deploy.0 = Release|x86
		{3B37AE7E-6DEC-427A-A443-E95E9381D166}.Ad-Hoc|Any CPU.ActiveCfg = Debug|Any CPU
		{3B37AE7E-6DEC-427A-A443-E95E9381D166}.Ad-Hoc|Any CPU.Build.0 = Debug|Any CPU
		{3B37AE7E-6DEC-427A-A443-E95E9381D166}.Ad-Hoc|Any CPU.Deploy.0 = Debug|Any CPU
		{3B37AE7E-6DEC-427A-A443-E95E9381D166}.Ad-Hoc|ARM.ActiveCfg = Debug|Any CPU
		{3B37AE7E-6DEC-427A-A443-E95E9381D166}.Ad-Hoc|ARM.Build.0 = Debug|Any CPU
		{3B37AE7E-6DEC-427A-A443-E95E9381D166}.Ad-Hoc|ARM.Deploy.0 = Debug|Any CPU
		{3B37AE7E-6DEC-427A-A443-E95E9381D166}.Ad-Hoc|iPhone.ActiveCfg = Debug|Any CPU
		{3B37AE7E-6DEC-427A-A443-E95E9381D166}.Ad-Hoc|iPhone.Build.0 = Debug|Any CPU
		{3B37AE7E-6DEC-427A-A443-E95E9381D166}.Ad-Hoc|iPhone.Deploy.0 = Debug|Any CPU
		{3B37AE7E-6DEC-427A-A443-E95E9381D166}.Ad-Hoc|iPhoneSimulator.ActiveCfg = Debug|Any CPU
		{3B37AE7E-6DEC-427A-A443-E95E9381D166}.Ad-Hoc|iPhoneSimulator.Build.0 = Debug|Any CPU
		{3B37AE7E-6DEC-427A-A443-E95E9381D166}.Ad-Hoc|iPhoneSimulator.Deploy.0 = Debug|Any CPU
		{3B37AE7E-6DEC-427A-A443-E95E9381D166}.Ad-Hoc|x64.ActiveCfg = Debug|Any CPU
		{3B37AE7E-6DEC-427A-A443-E95E9381D166}.Ad-Hoc|x64.Build.0 = Debug|Any CPU
		{3B37AE7E-6DEC-427A-A443-E95E9381D166}.Ad-Hoc|x64.Deploy.0 = Debug|Any CPU
		{3B37AE7E-6DEC-427A-A443-E95E9381D166}.Ad-Hoc|x86.ActiveCfg = Debug|Any CPU
		{3B37AE7E-6DEC-427A-A443-E95E9381D166}.Ad-Hoc|x86.Build.0 = Debug|Any CPU
		{3B37AE7E-6DEC-427A-A443-E95E9381D166}.Ad-Hoc|x86.Deploy.0 = Debug|Any CPU
		{3B37AE7E-6DEC-427A-A443-E95E9381D166}.AppStore|Any CPU.ActiveCfg = Debug|Any CPU
		{3B37AE7E-6DEC-427A-A443-E95E9381D166}.AppStore|Any CPU.Build.0 = Debug|Any CPU
		{3B37AE7E-6DEC-427A-A443-E95E9381D166}.AppStore|Any CPU.Deploy.0 = Debug|Any CPU
		{3B37AE7E-6DEC-427A-A443-E95E9381D166}.AppStore|ARM.ActiveCfg = Debug|Any CPU
		{3B37AE7E-6DEC-427A-A443-E95E9381D166}.AppStore|ARM.Build.0 = Debug|Any CPU
		{3B37AE7E-6DEC-427A-A443-E95E9381D166}.AppStore|ARM.Deploy.0 = Debug|Any CPU
		{3B37AE7E-6DEC-427A-A443-E95E9381D166}.AppStore|iPhone.ActiveCfg = Debug|Any CPU
		{3B37AE7E-6DEC-427A-A443-E95E9381D166}.AppStore|iPhone.Build.0 = Debug|Any CPU
		{3B37AE7E-6DEC-427A-A443-E95E9381D166}.AppStore|iPhone.Deploy.0 = Debug|Any CPU
		{3B37AE7E-6DEC-427A-A443-E95E9381D166}.AppStore|iPhoneSimulator.ActiveCfg = Debug|Any CPU
		{3B37AE7E-6DEC-427A-A443-E95E9381D166}.AppStore|iPhoneSimulator.Build.0 = Debug|Any CPU
		{3B37AE7E-6DEC-427A-A443-E95E9381D166}.AppStore|iPhoneSimulator.Deploy.0 = Debug|Any CPU
		{3B37AE7E-6DEC-427A-A443-E95E9381D166}.AppStore|x64.ActiveCfg = Debug|Any CPU
		{3B37AE7E-6DEC-427A-A443-E95E9381D166}.AppStore|x64.Build.0 = Debug|Any CPU
		{3B37AE7E-6DEC-427A-A443-E95E9381D166}.AppStore|x64.Deploy.0 = Debug|Any CPU
		{3B37AE7E-6DEC-427A-A443-E95E9381D166}.AppStore|x86.ActiveCfg = Debug|Any CPU
		{3B37AE7E-6DEC-427A-A443-E95E9381D166}.AppStore|x86.Build.0 = Debug|Any CPU
		{3B37AE7E-6DEC-427A-A443-E95E9381D166}.AppStore|x86.Deploy.0 = Debug|Any CPU
		{3B37AE7E-6DEC-427A-A443-E95E9381D166}.Debug|Any CPU.ActiveCfg = Debug|Any CPU
		{3B37AE7E-6DEC-427A-A443-E95E9381D166}.Debug|Any CPU.Build.0 = Debug|Any CPU
		{3B37AE7E-6DEC-427A-A443-E95E9381D166}.Debug|Any CPU.Deploy.0 = Debug|Any CPU
		{3B37AE7E-6DEC-427A-A443-E95E9381D166}.Debug|ARM.ActiveCfg = Debug|Any CPU
		{3B37AE7E-6DEC-427A-A443-E95E9381D166}.Debug|ARM.Build.0 = Debug|Any CPU
		{3B37AE7E-6DEC-427A-A443-E95E9381D166}.Debug|ARM.Deploy.0 = Debug|Any CPU
		{3B37AE7E-6DEC-427A-A443-E95E9381D166}.Debug|iPhone.ActiveCfg = Debug|Any CPU
		{3B37AE7E-6DEC-427A-A443-E95E9381D166}.Debug|iPhone.Build.0 = Debug|Any CPU
		{3B37AE7E-6DEC-427A-A443-E95E9381D166}.Debug|iPhone.Deploy.0 = Debug|Any CPU
		{3B37AE7E-6DEC-427A-A443-E95E9381D166}.Debug|iPhoneSimulator.ActiveCfg = Debug|Any CPU
		{3B37AE7E-6DEC-427A-A443-E95E9381D166}.Debug|iPhoneSimulator.Build.0 = Debug|Any CPU
		{3B37AE7E-6DEC-427A-A443-E95E9381D166}.Debug|iPhoneSimulator.Deploy.0 = Debug|Any CPU
		{3B37AE7E-6DEC-427A-A443-E95E9381D166}.Debug|x64.ActiveCfg = Debug|Any CPU
		{3B37AE7E-6DEC-427A-A443-E95E9381D166}.Debug|x64.Build.0 = Debug|Any CPU
		{3B37AE7E-6DEC-427A-A443-E95E9381D166}.Debug|x64.Deploy.0 = Debug|Any CPU
		{3B37AE7E-6DEC-427A-A443-E95E9381D166}.Debug|x86.ActiveCfg = Debug|Any CPU
		{3B37AE7E-6DEC-427A-A443-E95E9381D166}.Debug|x86.Build.0 = Debug|Any CPU
		{3B37AE7E-6DEC-427A-A443-E95E9381D166}.Debug|x86.Deploy.0 = Debug|Any CPU
		{3B37AE7E-6DEC-427A-A443-E95E9381D166}.Release|Any CPU.ActiveCfg = Release|Any CPU
		{3B37AE7E-6DEC-427A-A443-E95E9381D166}.Release|Any CPU.Build.0 = Release|Any CPU
		{3B37AE7E-6DEC-427A-A443-E95E9381D166}.Release|Any CPU.Deploy.0 = Release|Any CPU
		{3B37AE7E-6DEC-427A-A443-E95E9381D166}.Release|ARM.ActiveCfg = Release|Any CPU
		{3B37AE7E-6DEC-427A-A443-E95E9381D166}.Release|ARM.Build.0 = Release|Any CPU
		{3B37AE7E-6DEC-427A-A443-E95E9381D166}.Release|ARM.Deploy.0 = Release|Any CPU
		{3B37AE7E-6DEC-427A-A443-E95E9381D166}.Release|iPhone.ActiveCfg = Release|Any CPU
		{3B37AE7E-6DEC-427A-A443-E95E9381D166}.Release|iPhone.Build.0 = Release|Any CPU
		{3B37AE7E-6DEC-427A-A443-E95E9381D166}.Release|iPhone.Deploy.0 = Release|Any CPU
		{3B37AE7E-6DEC-427A-A443-E95E9381D166}.Release|iPhoneSimulator.ActiveCfg = Release|Any CPU
		{3B37AE7E-6DEC-427A-A443-E95E9381D166}.Release|iPhoneSimulator.Build.0 = Release|Any CPU
		{3B37AE7E-6DEC-427A-A443-E95E9381D166}.Release|iPhoneSimulator.Deploy.0 = Release|Any CPU
		{3B37AE7E-6DEC-427A-A443-E95E9381D166}.Release|x64.ActiveCfg = Release|Any CPU
		{3B37AE7E-6DEC-427A-A443-E95E9381D166}.Release|x64.Build.0 = Release|Any CPU
		{3B37AE7E-6DEC-427A-A443-E95E9381D166}.Release|x64.Deploy.0 = Release|Any CPU
		{3B37AE7E-6DEC-427A-A443-E95E9381D166}.Release|x86.ActiveCfg = Release|Any CPU
		{3B37AE7E-6DEC-427A-A443-E95E9381D166}.Release|x86.Build.0 = Release|Any CPU
		{3B37AE7E-6DEC-427A-A443-E95E9381D166}.Release|x86.Deploy.0 = Release|Any CPU
	EndGlobalSection
	GlobalSection(SolutionProperties) = preSolution
		HideSolutionNode = FALSE
	EndGlobalSection
	GlobalSection(ExtensibilityGlobals) = postSolution
		SolutionGuid = {99ED2C10-7D20-47B9-ABEE-CE3F1FE21AB6}
	EndGlobalSection
EndGlobal
